
Microsoft Visual Studio Solution File, Format Version 12.00
# Visual Studio 15
VisualStudioVersion = 15.0.28010.0
MinimumVisualStudioVersion = 10.0.40219.1
Project("{FAE04EC0-301F-11D3-BF4B-00C04F79EFBC}") = "BodyArchitect.DataAccess.NHibernate", "BodyArchitect.DataAccess.NHibernate\BodyArchitect.DataAccess.NHibernate.csproj", "{B9F150D5-EF9F-412E-B7D0-4A23373907D2}"
EndProject
Project("{FAE04EC0-301F-11D3-BF4B-00C04F79EFBC}") = "BodyArchitect.Model", "BodyArchitect.Model\BodyArchitect.Model.csproj", "{DC90B51D-4A42-4C72-B2FA-30A565EB72C1}"
EndProject
Project("{FAE04EC0-301F-11D3-BF4B-00C04F79EFBC}") = "BodyArchitect.Service.Admin", "BodyArchitect.Service.Admin\BodyArchitect.Service.Admin.csproj", "{69EEB34B-837A-4F7D-955C-81171735F85D}"
EndProject
Project("{FAE04EC0-301F-11D3-BF4B-00C04F79EFBC}") = "BodyArchitect.DataAccess.Converter.V4_V5", "BodyArchitect.DataAccess.Converter.V4_V5\BodyArchitect.DataAccess.Converter.V4_V5.csproj", "{40802D9A-C3F4-467A-823F-3F233A4CECC9}"
EndProject
Project("{FAE04EC0-301F-11D3-BF4B-00C04F79EFBC}") = "BodyArchitect.Shared", "BodyArchitect.Shared\BodyArchitect.Shared.csproj", "{2C7EDADC-5D8F-4424-A71F-2B8C3DC53DFF}"
EndProject
Project("{FAE04EC0-301F-11D3-BF4B-00C04F79EFBC}") = "BodyArchitect.Service.V2.Model", "BodyArchitect.Service.V2.Model\BodyArchitect.Service.V2.Model.csproj", "{DCFCC632-2849-421F-BF34-054B8DF0F6E9}"
EndProject
Project("{FAE04EC0-301F-11D3-BF4B-00C04F79EFBC}") = "BodyArchitect.Admin", "BodyArchitect.Admin\BodyArchitect.Admin.csproj", "{B004E30F-5DC9-4E76-8F72-BD2479C71E5D}"
	ProjectSection(ProjectDependencies) = postProject
		{30464014-4718-4BE5-AC86-0D48A379EA43} = {30464014-4718-4BE5-AC86-0D48A379EA43}
	EndProjectSection
EndProject
Project("{E24C65DC-7377-472B-9ABA-BC803B73C61A}") = "BodyArchitectAdmin", "http://localhost/BodyArchitectAdmin", "{30464014-4718-4BE5-AC86-0D48A379EA43}"
	ProjectSection(WebsiteProperties) = preProject
		UseIISExpress = "false"
		TargetFrameworkMoniker = ".NETFramework,Version%3Dv4.0"
		ProjectReferences = "{40802d9a-c3f4-467a-823f-3f233a4cecc9}|BodyArchitect.DataAccess.Converter.V4_V5.dll;{B9F150D5-EF9F-412E-B7D0-4A23373907D2}|BodyArchitect.DataAccess.NHibernate.dll;{FBCBF2F7-38CE-42AC-84BA-8DEC2ED8FF24}|BodyArchitect.Logger.dll;{B0DEFC8A-B85B-4D7E-AAED-985FEF7733A3}|BodyArchitect.Portable.dll;{769DFF6C-B952-40C4-B087-5C004E06D89C}|BodyArchitect.Settings.dll;{DC90B51D-4A42-4C72-B2FA-30A565EB72C1}|BodyArchitect.Model.dll;{2C7EDADC-5D8F-4424-A71F-2B8C3DC53DFF}|BodyArchitect.Shared.dll;{2FD9DBF1-B96B-41E8-A637-FC3FEBD707F3}|BodyArchitect.Service.V2.dll;{DCFCC632-2849-421F-BF34-054B8DF0F6E9}|BodyArchitect.Service.V2.Model.dll;{69eeb34b-837a-4f7d-955c-81171735f85d}|BodyArchitect.Service.Admin.dll;"
		Debug.AspNetCompiler.VirtualPath = "/BodyArchitectAdmin"
		Debug.AspNetCompiler.PhysicalPath = "BodyArchitectAdmin\"
		Debug.AspNetCompiler.TargetPath = "PrecompiledWeb\BodyArchitectAdmin\"
		Debug.AspNetCompiler.Updateable = "true"
		Debug.AspNetCompiler.ForceOverwrite = "true"
		Debug.AspNetCompiler.FixedNames = "false"
		Debug.AspNetCompiler.Debug = "True"
		Release.AspNetCompiler.VirtualPath = "/BodyArchitectAdmin"
		Release.AspNetCompiler.PhysicalPath = "BodyArchitectAdmin\"
		Release.AspNetCompiler.TargetPath = "PrecompiledWeb\BodyArchitectAdmin\"
		Release.AspNetCompiler.Updateable = "true"
		Release.AspNetCompiler.ForceOverwrite = "true"
		Release.AspNetCompiler.FixedNames = "false"
		Release.AspNetCompiler.Debug = "False"
		SlnRelativePath = "BodyArchitectAdmin\"
		DefaultWebSiteLanguage = "Visual C#"
	EndProjectSection
EndProject
Project("{FAE04EC0-301F-11D3-BF4B-00C04F79EFBC}") = "BodyArchitect.UnitTests.DbConverter.V4V5", "BodyArchitect.UnitTests.DbConverter.V4V5\BodyArchitect.UnitTests.DbConverter.V4V5.csproj", "{9403D087-CF1D-4B4D-BD3C-83C2BC0B2B4D}"
EndProject
Project("{FAE04EC0-301F-11D3-BF4B-00C04F79EFBC}") = "BodyArchitect.Logger", "BodyArchitect.Logger\BodyArchitect.Logger.csproj", "{FBCBF2F7-38CE-42AC-84BA-8DEC2ED8FF24}"
EndProject
Project("{FAE04EC0-301F-11D3-BF4B-00C04F79EFBC}") = "BodyArchitect.Service.V2", "BodyArchitect.Service.V2\BodyArchitect.Service.V2.csproj", "{2FD9DBF1-B96B-41E8-A637-FC3FEBD707F3}"
EndProject
Project("{FAE04EC0-301F-11D3-BF4B-00C04F79EFBC}") = "BodyArchitect.Portable", "BodyArchitect.Portable\BodyArchitect.Portable.csproj", "{B0DEFC8A-B85B-4D7E-AAED-985FEF7733A3}"
EndProject
Project("{FAE04EC0-301F-11D3-BF4B-00C04F79EFBC}") = "BodyArchitect.Settings", "BodyArchitect.Settings\BodyArchitect.Settings.csproj", "{769DFF6C-B952-40C4-B087-5C004E06D89C}"
EndProject
Global
	GlobalSection(SolutionConfigurationPlatforms) = preSolution
		client_debug|Any CPU = client_debug|Any CPU
		client_debug|Mixed Platforms = client_debug|Mixed Platforms
		client_debug|x86 = client_debug|x86
		Debug|Any CPU = Debug|Any CPU
		Debug|Mixed Platforms = Debug|Mixed Platforms
		Debug|x86 = Debug|x86
		Release|Any CPU = Release|Any CPU
		Release|Mixed Platforms = Release|Mixed Platforms
		Release|x86 = Release|x86
	EndGlobalSection
	GlobalSection(ProjectConfigurationPlatforms) = postSolution
		{B9F150D5-EF9F-412E-B7D0-4A23373907D2}.client_debug|Any CPU.ActiveCfg = client_debug|Any CPU
		{B9F150D5-EF9F-412E-B7D0-4A23373907D2}.client_debug|Any CPU.Build.0 = client_debug|Any CPU
		{B9F150D5-EF9F-412E-B7D0-4A23373907D2}.client_debug|Mixed Platforms.ActiveCfg = client_debug|x86
		{B9F150D5-EF9F-412E-B7D0-4A23373907D2}.client_debug|Mixed Platforms.Build.0 = client_debug|x86
		{B9F150D5-EF9F-412E-B7D0-4A23373907D2}.client_debug|x86.ActiveCfg = client_debug|x86
		{B9F150D5-EF9F-412E-B7D0-4A23373907D2}.client_debug|x86.Build.0 = client_debug|x86
		{B9F150D5-EF9F-412E-B7D0-4A23373907D2}.Debug|Any CPU.ActiveCfg = Debug|Any CPU
		{B9F150D5-EF9F-412E-B7D0-4A23373907D2}.Debug|Any CPU.Build.0 = Debug|Any CPU
		{B9F150D5-EF9F-412E-B7D0-4A23373907D2}.Debug|Mixed Platforms.ActiveCfg = Debug|Any CPU
		{B9F150D5-EF9F-412E-B7D0-4A23373907D2}.Debug|Mixed Platforms.Build.0 = Debug|Any CPU
		{B9F150D5-EF9F-412E-B7D0-4A23373907D2}.Debug|x86.ActiveCfg = Debug|x86
		{B9F150D5-EF9F-412E-B7D0-4A23373907D2}.Debug|x86.Build.0 = Debug|x86
		{B9F150D5-EF9F-412E-B7D0-4A23373907D2}.Release|Any CPU.ActiveCfg = Release|Any CPU
		{B9F150D5-EF9F-412E-B7D0-4A23373907D2}.Release|Any CPU.Build.0 = Release|Any CPU
		{B9F150D5-EF9F-412E-B7D0-4A23373907D2}.Release|Mixed Platforms.ActiveCfg = Release|x86
		{B9F150D5-EF9F-412E-B7D0-4A23373907D2}.Release|Mixed Platforms.Build.0 = Release|x86
		{B9F150D5-EF9F-412E-B7D0-4A23373907D2}.Release|x86.ActiveCfg = Release|x86
		{B9F150D5-EF9F-412E-B7D0-4A23373907D2}.Release|x86.Build.0 = Release|x86
		{DC90B51D-4A42-4C72-B2FA-30A565EB72C1}.client_debug|Any CPU.ActiveCfg = client_debug|Any CPU
		{DC90B51D-4A42-4C72-B2FA-30A565EB72C1}.client_debug|Any CPU.Build.0 = client_debug|Any CPU
		{DC90B51D-4A42-4C72-B2FA-30A565EB72C1}.client_debug|Mixed Platforms.ActiveCfg = client_debug|x86
		{DC90B51D-4A42-4C72-B2FA-30A565EB72C1}.client_debug|Mixed Platforms.Build.0 = client_debug|x86
		{DC90B51D-4A42-4C72-B2FA-30A565EB72C1}.client_debug|x86.ActiveCfg = client_debug|x86
		{DC90B51D-4A42-4C72-B2FA-30A565EB72C1}.client_debug|x86.Build.0 = client_debug|x86
		{DC90B51D-4A42-4C72-B2FA-30A565EB72C1}.Debug|Any CPU.ActiveCfg = Debug|Any CPU
		{DC90B51D-4A42-4C72-B2FA-30A565EB72C1}.Debug|Any CPU.Build.0 = Debug|Any CPU
		{DC90B51D-4A42-4C72-B2FA-30A565EB72C1}.Debug|Mixed Platforms.ActiveCfg = Debug|Any CPU
		{DC90B51D-4A42-4C72-B2FA-30A565EB72C1}.Debug|Mixed Platforms.Build.0 = Debug|Any CPU
		{DC90B51D-4A42-4C72-B2FA-30A565EB72C1}.Debug|x86.ActiveCfg = Debug|x86
		{DC90B51D-4A42-4C72-B2FA-30A565EB72C1}.Debug|x86.Build.0 = Debug|x86
		{DC90B51D-4A42-4C72-B2FA-30A565EB72C1}.Release|Any CPU.ActiveCfg = Release|Any CPU
		{DC90B51D-4A42-4C72-B2FA-30A565EB72C1}.Release|Any CPU.Build.0 = Release|Any CPU
		{DC90B51D-4A42-4C72-B2FA-30A565EB72C1}.Release|Mixed Platforms.ActiveCfg = Release|x86
		{DC90B51D-4A42-4C72-B2FA-30A565EB72C1}.Release|Mixed Platforms.Build.0 = Release|x86
		{DC90B51D-4A42-4C72-B2FA-30A565EB72C1}.Release|x86.ActiveCfg = Release|x86
		{DC90B51D-4A42-4C72-B2FA-30A565EB72C1}.Release|x86.Build.0 = Release|x86
		{69EEB34B-837A-4F7D-955C-81171735F85D}.client_debug|Any CPU.ActiveCfg = Release|Any CPU
		{69EEB34B-837A-4F7D-955C-81171735F85D}.client_debug|Any CPU.Build.0 = Release|Any CPU
		{69EEB34B-837A-4F7D-955C-81171735F85D}.client_debug|Mixed Platforms.ActiveCfg = Release|Any CPU
		{69EEB34B-837A-4F7D-955C-81171735F85D}.client_debug|Mixed Platforms.Build.0 = Release|Any CPU
		{69EEB34B-837A-4F7D-955C-81171735F85D}.client_debug|x86.ActiveCfg = Release|Any CPU
		{69EEB34B-837A-4F7D-955C-81171735F85D}.Debug|Any CPU.ActiveCfg = Debug|Any CPU
		{69EEB34B-837A-4F7D-955C-81171735F85D}.Debug|Any CPU.Build.0 = Debug|Any CPU
		{69EEB34B-837A-4F7D-955C-81171735F85D}.Debug|Mixed Platforms.ActiveCfg = Debug|Any CPU
		{69EEB34B-837A-4F7D-955C-81171735F85D}.Debug|Mixed Platforms.Build.0 = Debug|Any CPU
		{69EEB34B-837A-4F7D-955C-81171735F85D}.Debug|x86.ActiveCfg = Debug|Any CPU
		{69EEB34B-837A-4F7D-955C-81171735F85D}.Release|Any CPU.ActiveCfg = Release|Any CPU
		{69EEB34B-837A-4F7D-955C-81171735F85D}.Release|Any CPU.Build.0 = Release|Any CPU
		{69EEB34B-837A-4F7D-955C-81171735F85D}.Release|Mixed Platforms.ActiveCfg = Release|Any CPU
		{69EEB34B-837A-4F7D-955C-81171735F85D}.Release|Mixed Platforms.Build.0 = Release|Any CPU
		{69EEB34B-837A-4F7D-955C-81171735F85D}.Release|x86.ActiveCfg = Release|Any CPU
		{40802D9A-C3F4-467A-823F-3F233A4CECC9}.client_debug|Any CPU.ActiveCfg = Release|Any CPU
		{40802D9A-C3F4-467A-823F-3F233A4CECC9}.client_debug|Any CPU.Build.0 = Release|Any CPU
		{40802D9A-C3F4-467A-823F-3F233A4CECC9}.client_debug|Mixed Platforms.ActiveCfg = Release|Any CPU
		{40802D9A-C3F4-467A-823F-3F233A4CECC9}.client_debug|Mixed Platforms.Build.0 = Release|Any CPU
		{40802D9A-C3F4-467A-823F-3F233A4CECC9}.client_debug|x86.ActiveCfg = Release|Any CPU
		{40802D9A-C3F4-467A-823F-3F233A4CECC9}.Debug|Any CPU.ActiveCfg = Debug|Any CPU
		{40802D9A-C3F4-467A-823F-3F233A4CECC9}.Debug|Any CPU.Build.0 = Debug|Any CPU
		{40802D9A-C3F4-467A-823F-3F233A4CECC9}.Debug|Mixed Platforms.ActiveCfg = Debug|Any CPU
		{40802D9A-C3F4-467A-823F-3F233A4CECC9}.Debug|Mixed Platforms.Build.0 = Debug|Any CPU
		{40802D9A-C3F4-467A-823F-3F233A4CECC9}.Debug|x86.ActiveCfg = Debug|Any CPU
		{40802D9A-C3F4-467A-823F-3F233A4CECC9}.Release|Any CPU.ActiveCfg = Release|Any CPU
		{40802D9A-C3F4-467A-823F-3F233A4CECC9}.Release|Any CPU.Build.0 = Release|Any CPU
		{40802D9A-C3F4-467A-823F-3F233A4CECC9}.Release|Mixed Platforms.ActiveCfg = Release|Any CPU
		{40802D9A-C3F4-467A-823F-3F233A4CECC9}.Release|Mixed Platforms.Build.0 = Release|Any CPU
		{40802D9A-C3F4-467A-823F-3F233A4CECC9}.Release|x86.ActiveCfg = Release|Any CPU
		{2C7EDADC-5D8F-4424-A71F-2B8C3DC53DFF}.client_debug|Any CPU.ActiveCfg = client_debug|Any CPU
		{2C7EDADC-5D8F-4424-A71F-2B8C3DC53DFF}.client_debug|Any CPU.Build.0 = client_debug|Any CPU
		{2C7EDADC-5D8F-4424-A71F-2B8C3DC53DFF}.client_debug|Mixed Platforms.ActiveCfg = client_debug|x86
		{2C7EDADC-5D8F-4424-A71F-2B8C3DC53DFF}.client_debug|Mixed Platforms.Build.0 = client_debug|x86
		{2C7EDADC-5D8F-4424-A71F-2B8C3DC53DFF}.client_debug|x86.ActiveCfg = client_debug|x86
		{2C7EDADC-5D8F-4424-A71F-2B8C3DC53DFF}.client_debug|x86.Build.0 = client_debug|x86
		{2C7EDADC-5D8F-4424-A71F-2B8C3DC53DFF}.Debug|Any CPU.ActiveCfg = Debug|Any CPU
		{2C7EDADC-5D8F-4424-A71F-2B8C3DC53DFF}.Debug|Any CPU.Build.0 = Debug|Any CPU
		{2C7EDADC-5D8F-4424-A71F-2B8C3DC53DFF}.Debug|Mixed Platforms.ActiveCfg = Debug|Any CPU
		{2C7EDADC-5D8F-4424-A71F-2B8C3DC53DFF}.Debug|Mixed Platforms.Build.0 = Debug|Any CPU
		{2C7EDADC-5D8F-4424-A71F-2B8C3DC53DFF}.Debug|x86.ActiveCfg = Debug|x86
		{2C7EDADC-5D8F-4424-A71F-2B8C3DC53DFF}.Debug|x86.Build.0 = Debug|x86
		{2C7EDADC-5D8F-4424-A71F-2B8C3DC53DFF}.Release|Any CPU.ActiveCfg = Release|Any CPU
		{2C7EDADC-5D8F-4424-A71F-2B8C3DC53DFF}.Release|Any CPU.Build.0 = Release|Any CPU
		{2C7EDADC-5D8F-4424-A71F-2B8C3DC53DFF}.Release|Mixed Platforms.ActiveCfg = Release|x86
		{2C7EDADC-5D8F-4424-A71F-2B8C3DC53DFF}.Release|Mixed Platforms.Build.0 = Release|x86
		{2C7EDADC-5D8F-4424-A71F-2B8C3DC53DFF}.Release|x86.ActiveCfg = Release|x86
		{2C7EDADC-5D8F-4424-A71F-2B8C3DC53DFF}.Release|x86.Build.0 = Release|x86
		{DCFCC632-2849-421F-BF34-054B8DF0F6E9}.client_debug|Any CPU.ActiveCfg = client_debug|Any CPU
		{DCFCC632-2849-421F-BF34-054B8DF0F6E9}.client_debug|Any CPU.Build.0 = client_debug|Any CPU
		{DCFCC632-2849-421F-BF34-054B8DF0F6E9}.client_debug|Mixed Platforms.ActiveCfg = client_debug|x86
		{DCFCC632-2849-421F-BF34-054B8DF0F6E9}.client_debug|Mixed Platforms.Build.0 = client_debug|x86
		{DCFCC632-2849-421F-BF34-054B8DF0F6E9}.client_debug|x86.ActiveCfg = client_debug|x86
		{DCFCC632-2849-421F-BF34-054B8DF0F6E9}.client_debug|x86.Build.0 = client_debug|x86
		{DCFCC632-2849-421F-BF34-054B8DF0F6E9}.Debug|Any CPU.ActiveCfg = Debug|Any CPU
		{DCFCC632-2849-421F-BF34-054B8DF0F6E9}.Debug|Any CPU.Build.0 = Debug|Any CPU
		{DCFCC632-2849-421F-BF34-054B8DF0F6E9}.Debug|Mixed Platforms.ActiveCfg = Debug|Any CPU
		{DCFCC632-2849-421F-BF34-054B8DF0F6E9}.Debug|Mixed Platforms.Build.0 = Debug|Any CPU
		{DCFCC632-2849-421F-BF34-054B8DF0F6E9}.Debug|x86.ActiveCfg = Debug|x86
		{DCFCC632-2849-421F-BF34-054B8DF0F6E9}.Debug|x86.Build.0 = Debug|x86
		{DCFCC632-2849-421F-BF34-054B8DF0F6E9}.Release|Any CPU.ActiveCfg = Release|Any CPU
		{DCFCC632-2849-421F-BF34-054B8DF0F6E9}.Release|Any CPU.Build.0 = Release|Any CPU
		{DCFCC632-2849-421F-BF34-054B8DF0F6E9}.Release|Mixed Platforms.ActiveCfg = Release|x86
		{DCFCC632-2849-421F-BF34-054B8DF0F6E9}.Release|Mixed Platforms.Build.0 = Release|x86
		{DCFCC632-2849-421F-BF34-054B8DF0F6E9}.Release|x86.ActiveCfg = Release|x86
		{DCFCC632-2849-421F-BF34-054B8DF0F6E9}.Release|x86.Build.0 = Release|x86
		{B004E30F-5DC9-4E76-8F72-BD2479C71E5D}.client_debug|Any CPU.ActiveCfg = Release|x86
		{B004E30F-5DC9-4E76-8F72-BD2479C71E5D}.client_debug|Mixed Platforms.ActiveCfg = Release|x86
		{B004E30F-5DC9-4E76-8F72-BD2479C71E5D}.client_debug|Mixed Platforms.Build.0 = Release|x86
		{B004E30F-5DC9-4E76-8F72-BD2479C71E5D}.client_debug|x86.ActiveCfg = Release|x86
		{B004E30F-5DC9-4E76-8F72-BD2479C71E5D}.client_debug|x86.Build.0 = Release|x86
		{B004E30F-5DC9-4E76-8F72-BD2479C71E5D}.Debug|Any CPU.ActiveCfg = Debug|x86
		{B004E30F-5DC9-4E76-8F72-BD2479C71E5D}.Debug|Mixed Platforms.ActiveCfg = Debug|x86
		{B004E30F-5DC9-4E76-8F72-BD2479C71E5D}.Debug|Mixed Platforms.Build.0 = Debug|x86
		{B004E30F-5DC9-4E76-8F72-BD2479C71E5D}.Debug|x86.ActiveCfg = Debug|x86
		{B004E30F-5DC9-4E76-8F72-BD2479C71E5D}.Debug|x86.Build.0 = Debug|x86
		{B004E30F-5DC9-4E76-8F72-BD2479C71E5D}.Release|Any CPU.ActiveCfg = Release|x86
		{B004E30F-5DC9-4E76-8F72-BD2479C71E5D}.Release|Mixed Platforms.ActiveCfg = Release|x86
		{B004E30F-5DC9-4E76-8F72-BD2479C71E5D}.Release|Mixed Platforms.Build.0 = Release|x86
		{B004E30F-5DC9-4E76-8F72-BD2479C71E5D}.Release|x86.ActiveCfg = Release|x86
		{B004E30F-5DC9-4E76-8F72-BD2479C71E5D}.Release|x86.Build.0 = Release|x86
		{30464014-4718-4BE5-AC86-0D48A379EA43}.client_debug|Any CPU.ActiveCfg = Debug|Any CPU
		{30464014-4718-4BE5-AC86-0D48A379EA43}.client_debug|Any CPU.Build.0 = Debug|Any CPU
		{30464014-4718-4BE5-AC86-0D48A379EA43}.client_debug|Mixed Platforms.ActiveCfg = Debug|Any CPU
		{30464014-4718-4BE5-AC86-0D48A379EA43}.client_debug|Mixed Platforms.Build.0 = Debug|Any CPU
		{30464014-4718-4BE5-AC86-0D48A379EA43}.client_debug|x86.ActiveCfg = Debug|Any CPU
		{30464014-4718-4BE5-AC86-0D48A379EA43}.Debug|Any CPU.ActiveCfg = Debug|Any CPU
		{30464014-4718-4BE5-AC86-0D48A379EA43}.Debug|Any CPU.Build.0 = Debug|Any CPU
		{30464014-4718-4BE5-AC86-0D48A379EA43}.Debug|Mixed Platforms.ActiveCfg = Debug|Any CPU
		{30464014-4718-4BE5-AC86-0D48A379EA43}.Debug|Mixed Platforms.Build.0 = Debug|Any CPU
		{30464014-4718-4BE5-AC86-0D48A379EA43}.Debug|x86.ActiveCfg = Debug|Any CPU
		{30464014-4718-4BE5-AC86-0D48A379EA43}.Release|Any CPU.ActiveCfg = Debug|Any CPU
		{30464014-4718-4BE5-AC86-0D48A379EA43}.Release|Any CPU.Build.0 = Debug|Any CPU
		{30464014-4718-4BE5-AC86-0D48A379EA43}.Release|Mixed Platforms.ActiveCfg = Debug|Any CPU
		{30464014-4718-4BE5-AC86-0D48A379EA43}.Release|Mixed Platforms.Build.0 = Debug|Any CPU
		{30464014-4718-4BE5-AC86-0D48A379EA43}.Release|x86.ActiveCfg = Debug|Any CPU
		{9403D087-CF1D-4B4D-BD3C-83C2BC0B2B4D}.client_debug|Any CPU.ActiveCfg = Release|Any CPU
		{9403D087-CF1D-4B4D-BD3C-83C2BC0B2B4D}.client_debug|Any CPU.Build.0 = Release|Any CPU
		{9403D087-CF1D-4B4D-BD3C-83C2BC0B2B4D}.client_debug|Mixed Platforms.ActiveCfg = Release|Any CPU
		{9403D087-CF1D-4B4D-BD3C-83C2BC0B2B4D}.client_debug|Mixed Platforms.Build.0 = Release|Any CPU
		{9403D087-CF1D-4B4D-BD3C-83C2BC0B2B4D}.client_debug|x86.ActiveCfg = Release|Any CPU
		{9403D087-CF1D-4B4D-BD3C-83C2BC0B2B4D}.Debug|Any CPU.ActiveCfg = Debug|Any CPU
		{9403D087-CF1D-4B4D-BD3C-83C2BC0B2B4D}.Debug|Any CPU.Build.0 = Debug|Any CPU
		{9403D087-CF1D-4B4D-BD3C-83C2BC0B2B4D}.Debug|Mixed Platforms.ActiveCfg = Debug|Any CPU
		{9403D087-CF1D-4B4D-BD3C-83C2BC0B2B4D}.Debug|Mixed Platforms.Build.0 = Debug|Any CPU
		{9403D087-CF1D-4B4D-BD3C-83C2BC0B2B4D}.Debug|x86.ActiveCfg = Debug|Any CPU
		{9403D087-CF1D-4B4D-BD3C-83C2BC0B2B4D}.Release|Any CPU.ActiveCfg = Release|Any CPU
		{9403D087-CF1D-4B4D-BD3C-83C2BC0B2B4D}.Release|Any CPU.Build.0 = Release|Any CPU
		{9403D087-CF1D-4B4D-BD3C-83C2BC0B2B4D}.Release|Mixed Platforms.ActiveCfg = Release|Any CPU
		{9403D087-CF1D-4B4D-BD3C-83C2BC0B2B4D}.Release|Mixed Platforms.Build.0 = Release|Any CPU
		{9403D087-CF1D-4B4D-BD3C-83C2BC0B2B4D}.Release|x86.ActiveCfg = Release|Any CPU
		{FBCBF2F7-38CE-42AC-84BA-8DEC2ED8FF24}.client_debug|Any CPU.ActiveCfg = client_debug|Any CPU
		{FBCBF2F7-38CE-42AC-84BA-8DEC2ED8FF24}.client_debug|Any CPU.Build.0 = client_debug|Any CPU
		{FBCBF2F7-38CE-42AC-84BA-8DEC2ED8FF24}.client_debug|Mixed Platforms.ActiveCfg = client_debug|x86
		{FBCBF2F7-38CE-42AC-84BA-8DEC2ED8FF24}.client_debug|Mixed Platforms.Build.0 = client_debug|x86
		{FBCBF2F7-38CE-42AC-84BA-8DEC2ED8FF24}.client_debug|x86.ActiveCfg = client_debug|x86
		{FBCBF2F7-38CE-42AC-84BA-8DEC2ED8FF24}.client_debug|x86.Build.0 = client_debug|x86
		{FBCBF2F7-38CE-42AC-84BA-8DEC2ED8FF24}.Debug|Any CPU.ActiveCfg = Debug|Any CPU
		{FBCBF2F7-38CE-42AC-84BA-8DEC2ED8FF24}.Debug|Any CPU.Build.0 = Debug|Any CPU
		{FBCBF2F7-38CE-42AC-84BA-8DEC2ED8FF24}.Debug|Mixed Platforms.ActiveCfg = Debug|Any CPU
		{FBCBF2F7-38CE-42AC-84BA-8DEC2ED8FF24}.Debug|Mixed Platforms.Build.0 = Debug|Any CPU
		{FBCBF2F7-38CE-42AC-84BA-8DEC2ED8FF24}.Debug|x86.ActiveCfg = Debug|x86
		{FBCBF2F7-38CE-42AC-84BA-8DEC2ED8FF24}.Debug|x86.Build.0 = Debug|x86
		{FBCBF2F7-38CE-42AC-84BA-8DEC2ED8FF24}.Release|Any CPU.ActiveCfg = Release|Any CPU
		{FBCBF2F7-38CE-42AC-84BA-8DEC2ED8FF24}.Release|Any CPU.Build.0 = Release|Any CPU
		{FBCBF2F7-38CE-42AC-84BA-8DEC2ED8FF24}.Release|Mixed Platforms.ActiveCfg = Release|x86
		{FBCBF2F7-38CE-42AC-84BA-8DEC2ED8FF24}.Release|Mixed Platforms.Build.0 = Release|x86
		{FBCBF2F7-38CE-42AC-84BA-8DEC2ED8FF24}.Release|x86.ActiveCfg = Release|x86
		{FBCBF2F7-38CE-42AC-84BA-8DEC2ED8FF24}.Release|x86.Build.0 = Release|x86
		{2FD9DBF1-B96B-41E8-A637-FC3FEBD707F3}.client_debug|Any CPU.ActiveCfg = client_debug|Any CPU
		{2FD9DBF1-B96B-41E8-A637-FC3FEBD707F3}.client_debug|Any CPU.Build.0 = client_debug|Any CPU
		{2FD9DBF1-B96B-41E8-A637-FC3FEBD707F3}.client_debug|Mixed Platforms.ActiveCfg = client_debug|x86
		{2FD9DBF1-B96B-41E8-A637-FC3FEBD707F3}.client_debug|Mixed Platforms.Build.0 = client_debug|x86
		{2FD9DBF1-B96B-41E8-A637-FC3FEBD707F3}.client_debug|x86.ActiveCfg = client_debug|x86
		{2FD9DBF1-B96B-41E8-A637-FC3FEBD707F3}.client_debug|x86.Build.0 = client_debug|x86
		{2FD9DBF1-B96B-41E8-A637-FC3FEBD707F3}.Debug|Any CPU.ActiveCfg = Debug|Any CPU
		{2FD9DBF1-B96B-41E8-A637-FC3FEBD707F3}.Debug|Any CPU.Build.0 = Debug|Any CPU
		{2FD9DBF1-B96B-41E8-A637-FC3FEBD707F3}.Debug|Mixed Platforms.ActiveCfg = Debug|Any CPU
		{2FD9DBF1-B96B-41E8-A637-FC3FEBD707F3}.Debug|Mixed Platforms.Build.0 = Debug|Any CPU
		{2FD9DBF1-B96B-41E8-A637-FC3FEBD707F3}.Debug|x86.ActiveCfg = Debug|x86
		{2FD9DBF1-B96B-41E8-A637-FC3FEBD707F3}.Debug|x86.Build.0 = Debug|x86
		{2FD9DBF1-B96B-41E8-A637-FC3FEBD707F3}.Release|Any CPU.ActiveCfg = Release|Any CPU
		{2FD9DBF1-B96B-41E8-A637-FC3FEBD707F3}.Release|Any CPU.Build.0 = Release|Any CPU
		{2FD9DBF1-B96B-41E8-A637-FC3FEBD707F3}.Release|Mixed Platforms.ActiveCfg = Release|x86
		{2FD9DBF1-B96B-41E8-A637-FC3FEBD707F3}.Release|Mixed Platforms.Build.0 = Release|x86
		{2FD9DBF1-B96B-41E8-A637-FC3FEBD707F3}.Release|x86.ActiveCfg = Release|x86
		{2FD9DBF1-B96B-41E8-A637-FC3FEBD707F3}.Release|x86.Build.0 = Release|x86
		{B0DEFC8A-B85B-4D7E-AAED-985FEF7733A3}.client_debug|Any CPU.ActiveCfg = Release|Any CPU
		{B0DEFC8A-B85B-4D7E-AAED-985FEF7733A3}.client_debug|Any CPU.Build.0 = Release|Any CPU
		{B0DEFC8A-B85B-4D7E-AAED-985FEF7733A3}.client_debug|Mixed Platforms.ActiveCfg = Release|Any CPU
		{B0DEFC8A-B85B-4D7E-AAED-985FEF7733A3}.client_debug|Mixed Platforms.Build.0 = Release|Any CPU
		{B0DEFC8A-B85B-4D7E-AAED-985FEF7733A3}.client_debug|x86.ActiveCfg = Release|Any CPU
		{B0DEFC8A-B85B-4D7E-AAED-985FEF7733A3}.Debug|Any CPU.ActiveCfg = Debug|Any CPU
		{B0DEFC8A-B85B-4D7E-AAED-985FEF7733A3}.Debug|Any CPU.Build.0 = Debug|Any CPU
		{B0DEFC8A-B85B-4D7E-AAED-985FEF7733A3}.Debug|Mixed Platforms.ActiveCfg = Debug|Any CPU
		{B0DEFC8A-B85B-4D7E-AAED-985FEF7733A3}.Debug|Mixed Platforms.Build.0 = Debug|Any CPU
		{B0DEFC8A-B85B-4D7E-AAED-985FEF7733A3}.Debug|x86.ActiveCfg = Debug|Any CPU
		{B0DEFC8A-B85B-4D7E-AAED-985FEF7733A3}.Release|Any CPU.ActiveCfg = Release|Any CPU
		{B0DEFC8A-B85B-4D7E-AAED-985FEF7733A3}.Release|Any CPU.Build.0 = Release|Any CPU
		{B0DEFC8A-B85B-4D7E-AAED-985FEF7733A3}.Release|Mixed Platforms.ActiveCfg = Release|Any CPU
		{B0DEFC8A-B85B-4D7E-AAED-985FEF7733A3}.Release|Mixed Platforms.Build.0 = Release|Any CPU
		{B0DEFC8A-B85B-4D7E-AAED-985FEF7733A3}.Release|x86.ActiveCfg = Release|Any CPU
		{769DFF6C-B952-40C4-B087-5C004E06D89C}.client_debug|Any CPU.ActiveCfg = client_debug|Any CPU
		{769DFF6C-B952-40C4-B087-5C004E06D89C}.client_debug|Any CPU.Build.0 = client_debug|Any CPU
		{769DFF6C-B952-40C4-B087-5C004E06D89C}.client_debug|Mixed Platforms.ActiveCfg = client_debug|x86
		{769DFF6C-B952-40C4-B087-5C004E06D89C}.client_debug|Mixed Platforms.Build.0 = client_debug|x86
		{769DFF6C-B952-40C4-B087-5C004E06D89C}.client_debug|x86.ActiveCfg = client_debug|x86
		{769DFF6C-B952-40C4-B087-5C004E06D89C}.client_debug|x86.Build.0 = client_debug|x86
		{769DFF6C-B952-40C4-B087-5C004E06D89C}.Debug|Any CPU.ActiveCfg = Debug|Any CPU
		{769DFF6C-B952-40C4-B087-5C004E06D89C}.Debug|Any CPU.Build.0 = Debug|Any CPU
		{769DFF6C-B952-40C4-B087-5C004E06D89C}.Debug|Mixed Platforms.ActiveCfg = Debug|x86
		{769DFF6C-B952-40C4-B087-5C004E06D89C}.Debug|Mixed Platforms.Build.0 = Debug|x86
		{769DFF6C-B952-40C4-B087-5C004E06D89C}.Debug|x86.ActiveCfg = Debug|x86
		{769DFF6C-B952-40C4-B087-5C004E06D89C}.Debug|x86.Build.0 = Debug|x86
		{769DFF6C-B952-40C4-B087-5C004E06D89C}.Release|Any CPU.ActiveCfg = Release|Any CPU
		{769DFF6C-B952-40C4-B087-5C004E06D89C}.Release|Any CPU.Build.0 = Release|Any CPU
		{769DFF6C-B952-40C4-B087-5C004E06D89C}.Release|Mixed Platforms.ActiveCfg = Release|x86
		{769DFF6C-B952-40C4-B087-5C004E06D89C}.Release|Mixed Platforms.Build.0 = Release|x86
		{769DFF6C-B952-40C4-B087-5C004E06D89C}.Release|x86.ActiveCfg = Release|x86
		{769DFF6C-B952-40C4-B087-5C004E06D89C}.Release|x86.Build.0 = Release|x86
	EndGlobalSection
	GlobalSection(SolutionProperties) = preSolution
		HideSolutionNode = FALSE
	EndGlobalSection
	GlobalSection(ExtensibilityGlobals) = postSolution
		SolutionGuid = {DF60057A-05F0-4212-A44C-E0FB1E97B041}
		EnterpriseLibraryConfigurationToolBinariesPath = packages\Unity.2.1.505.2\lib\NET35;packages\Unity.Interception.2.1.505.2\lib\NET35;packages\EnterpriseLibrary.Common.5.0.505.0\lib\NET35;packages\EnterpriseLibrary.Logging.5.0.505.1\lib\NET35
	EndGlobalSection
EndGlobal
