
Microsoft Visual Studio Solution File, Format Version 12.00
# Visual Studio 2012
Project("{FAE04EC0-301F-11D3-BF4B-00C04F79EFBC}") = "BodyArchitectPhone", "BodyArchitectPhone\BodyArchitectPhone.csproj", "{8A5733C5-8790-4223-8516-1D7F33F0347E}"
EndProject
Project("{FAE04EC0-301F-11D3-BF4B-00C04F79EFBC}") = "BodyArchitect.Model", "BodyArchitect.Model\BodyArchitect.Model.csproj", "{DC90B51D-4A42-4C72-B2FA-30A565EB72C1}"
EndProject
Project("{FAE04EC0-301F-11D3-BF4B-00C04F79EFBC}") = "BodyArchitect.DataAccess.NHibernate", "BodyArchitect.DataAccess.NHibernate\BodyArchitect.DataAccess.NHibernate.csproj", "{B9F150D5-EF9F-412E-B7D0-4A23373907D2}"
EndProject
Project("{FAE04EC0-301F-11D3-BF4B-00C04F79EFBC}") = "BodyArchitect.Shared", "BodyArchitect.Shared\BodyArchitect.Shared.csproj", "{2C7EDADC-5D8F-4424-A71F-2B8C3DC53DFF}"
EndProject
Project("{E24C65DC-7377-472B-9ABA-BC803B73C61A}") = "BodyArchitectWebSite", "http://localhost/BodyArchitectWebSite", "{919DBAA0-082C-4625-AB10-D7067D91104D}"
	ProjectSection(WebsiteProperties) = preProject
		SccProjectName = "SAK"
		SccAuxPath = "SAK"
		SccLocalPath = "SAK"
		SccProvider = "SAK"
		UseIISExpress = "false"
		TargetFrameworkMoniker = ".NETFramework,Version%3Dv4.0"
		ProjectReferences = "{DC90B51D-4A42-4C72-B2FA-30A565EB72C1}|BodyArchitect.Model.dll;{2C7EDADC-5D8F-4424-A71F-2B8C3DC53DFF}|BodyArchitect.Shared.dll;{2FD9DBF1-B96B-41E8-A637-FC3FEBD707F3}|BodyArchitect.Service.V2.dll;{DCFCC632-2849-421F-BF34-054B8DF0F6E9}|BodyArchitect.Service.V2.Model.dll;{769DFF6C-B952-40C4-B087-5C004E06D89C}|BodyArchitect.Settings.dll;{B9F150D5-EF9F-412E-B7D0-4A23373907D2}|BodyArchitect.DataAccess.NHibernate.dll;{FBCBF2F7-38CE-42AC-84BA-8DEC2ED8FF24}|BodyArchitect.Logger.dll;{B0DEFC8A-B85B-4D7E-AAED-985FEF7733A3}|BodyArchitect.Porable.dll;"
		Debug.AspNetCompiler.VirtualPath = "/BodyArchitectWebSite"
		Debug.AspNetCompiler.PhysicalPath = "BodyArchitectWebSite\"
		Debug.AspNetCompiler.TargetPath = "PrecompiledWeb\BodyArchitectWebSite\"
		Debug.AspNetCompiler.Updateable = "true"
		Debug.AspNetCompiler.ForceOverwrite = "true"
		Debug.AspNetCompiler.FixedNames = "false"
		Debug.AspNetCompiler.Debug = "True"
		Release.AspNetCompiler.VirtualPath = "/BodyArchitectWebSite"
		Release.AspNetCompiler.PhysicalPath = "BodyArchitectWebSite\"
		Release.AspNetCompiler.TargetPath = "PrecompiledWeb\BodyArchitectWebSite\"
		Release.AspNetCompiler.Updateable = "true"
		Release.AspNetCompiler.ForceOverwrite = "true"
		Release.AspNetCompiler.FixedNames = "false"
		Release.AspNetCompiler.Debug = "False"
		SlnRelativePath = "BodyArchitectWebSite\"
	EndProjectSection
EndProject
Project("{FAE04EC0-301F-11D3-BF4B-00C04F79EFBC}") = "BodyArchitect.Logger", "BodyArchitect.Logger\BodyArchitect.Logger.csproj", "{FBCBF2F7-38CE-42AC-84BA-8DEC2ED8FF24}"
EndProject
Project("{FAE04EC0-301F-11D3-BF4B-00C04F79EFBC}") = "BodyArchitect.Settings", "BodyArchitect.Settings\BodyArchitect.Settings.csproj", "{769DFF6C-B952-40C4-B087-5C004E06D89C}"
EndProject
Project("{FAE04EC0-301F-11D3-BF4B-00C04F79EFBC}") = "BodyArchitect.WP7.Controls", "BodyArchitect.WP7.Controls\BodyArchitect.WP7.Controls.csproj", "{9C496FC3-7E27-4448-870E-890BAEBA6EB5}"
EndProject
Project("{FAE04EC0-301F-11D3-BF4B-00C04F79EFBC}") = "BodyArchitect.Service.Client.WP7", "BodyArchitect.Service.Client.WP7\BodyArchitect.Service.Client.WP7.csproj", "{666B5FC1-B286-485E-B8E3-6D2406F8ACFF}"
	ProjectSection(ProjectDependencies) = postProject
		{919DBAA0-082C-4625-AB10-D7067D91104D} = {919DBAA0-082C-4625-AB10-D7067D91104D}
	EndProjectSection
EndProject
Project("{FAE04EC0-301F-11D3-BF4B-00C04F79EFBC}") = "BodyArchitect.UnitTests.WP7", "BodyArchitect.UnitTests.WP7\BodyArchitect.UnitTests.WP7.csproj", "{A920EFB6-61ED-4514-88EB-A2E319C01A50}"
EndProject
Project("{FAE04EC0-301F-11D3-BF4B-00C04F79EFBC}") = "BodyArchitect.Service.V2", "BodyArchitect.Service.V2\BodyArchitect.Service.V2.csproj", "{2FD9DBF1-B96B-41E8-A637-FC3FEBD707F3}"
EndProject
Project("{FAE04EC0-301F-11D3-BF4B-00C04F79EFBC}") = "BodyArchitect.Service.V2.Model", "BodyArchitect.Service.V2.Model\BodyArchitect.Service.V2.Model.csproj", "{DCFCC632-2849-421F-BF34-054B8DF0F6E9}"
EndProject
Project("{FAE04EC0-301F-11D3-BF4B-00C04F79EFBC}") = "BodyArchitect.Portable", "BodyArchitect.Portable\BodyArchitect.Portable.csproj", "{B0DEFC8A-B85B-4D7E-AAED-985FEF7733A3}"
EndProject
Project("{2150E333-8FDC-42A3-9474-1A3956D46DE8}") = ".nuget", ".nuget", "{CE542D40-BC2C-46E6-8652-6DB63B00EEAB}"
	ProjectSection(SolutionItems) = preProject
		.nuget\NuGet.Config = .nuget\NuGet.Config
		.nuget\NuGet.exe = .nuget\NuGet.exe
		.nuget\NuGet.targets = .nuget\NuGet.targets
		.nuget\packages.config = .nuget\packages.config
	EndProjectSection
EndProject
Global
	GlobalSection(SolutionConfigurationPlatforms) = preSolution
		client_debug|Any CPU = client_debug|Any CPU
		client_debug|x86 = client_debug|x86
		Debug|Any CPU = Debug|Any CPU
		Debug|x86 = Debug|x86
		OnlyPhone|Any CPU = OnlyPhone|Any CPU
		OnlyPhone|x86 = OnlyPhone|x86
		Release|Any CPU = Release|Any CPU
		Release|x86 = Release|x86
		TrialDebug|Any CPU = TrialDebug|Any CPU
		TrialDebug|x86 = TrialDebug|x86
	EndGlobalSection
	GlobalSection(ProjectConfigurationPlatforms) = postSolution
		{8A5733C5-8790-4223-8516-1D7F33F0347E}.client_debug|Any CPU.ActiveCfg = client_debug|Any CPU
		{8A5733C5-8790-4223-8516-1D7F33F0347E}.client_debug|Any CPU.Build.0 = client_debug|Any CPU
		{8A5733C5-8790-4223-8516-1D7F33F0347E}.client_debug|Any CPU.Deploy.0 = client_debug|Any CPU
		{8A5733C5-8790-4223-8516-1D7F33F0347E}.client_debug|x86.ActiveCfg = client_debug|Any CPU
		{8A5733C5-8790-4223-8516-1D7F33F0347E}.Debug|Any CPU.ActiveCfg = Debug|Any CPU
		{8A5733C5-8790-4223-8516-1D7F33F0347E}.Debug|Any CPU.Build.0 = Debug|Any CPU
		{8A5733C5-8790-4223-8516-1D7F33F0347E}.Debug|Any CPU.Deploy.0 = Debug|Any CPU
		{8A5733C5-8790-4223-8516-1D7F33F0347E}.Debug|x86.ActiveCfg = Debug|Any CPU
		{8A5733C5-8790-4223-8516-1D7F33F0347E}.OnlyPhone|Any CPU.ActiveCfg = Debug|Any CPU
		{8A5733C5-8790-4223-8516-1D7F33F0347E}.OnlyPhone|Any CPU.Build.0 = Debug|Any CPU
		{8A5733C5-8790-4223-8516-1D7F33F0347E}.OnlyPhone|Any CPU.Deploy.0 = Debug|Any CPU
		{8A5733C5-8790-4223-8516-1D7F33F0347E}.OnlyPhone|x86.ActiveCfg = Debug|Any CPU
		{8A5733C5-8790-4223-8516-1D7F33F0347E}.Release|Any CPU.ActiveCfg = Release|Any CPU
		{8A5733C5-8790-4223-8516-1D7F33F0347E}.Release|Any CPU.Build.0 = Release|Any CPU
		{8A5733C5-8790-4223-8516-1D7F33F0347E}.Release|Any CPU.Deploy.0 = Release|Any CPU
		{8A5733C5-8790-4223-8516-1D7F33F0347E}.Release|x86.ActiveCfg = Release|Any CPU
		{8A5733C5-8790-4223-8516-1D7F33F0347E}.TrialDebug|Any CPU.ActiveCfg = Debug|Any CPU
		{8A5733C5-8790-4223-8516-1D7F33F0347E}.TrialDebug|Any CPU.Build.0 = Debug|Any CPU
		{8A5733C5-8790-4223-8516-1D7F33F0347E}.TrialDebug|Any CPU.Deploy.0 = Debug|Any CPU
		{8A5733C5-8790-4223-8516-1D7F33F0347E}.TrialDebug|x86.ActiveCfg = Debug|Any CPU
		{DC90B51D-4A42-4C72-B2FA-30A565EB72C1}.client_debug|Any CPU.ActiveCfg = client_debug|Any CPU
		{DC90B51D-4A42-4C72-B2FA-30A565EB72C1}.client_debug|Any CPU.Build.0 = client_debug|Any CPU
		{DC90B51D-4A42-4C72-B2FA-30A565EB72C1}.client_debug|x86.ActiveCfg = client_debug|x86
		{DC90B51D-4A42-4C72-B2FA-30A565EB72C1}.client_debug|x86.Build.0 = client_debug|x86
		{DC90B51D-4A42-4C72-B2FA-30A565EB72C1}.Debug|Any CPU.ActiveCfg = Debug|Any CPU
		{DC90B51D-4A42-4C72-B2FA-30A565EB72C1}.Debug|Any CPU.Build.0 = Debug|Any CPU
		{DC90B51D-4A42-4C72-B2FA-30A565EB72C1}.Debug|x86.ActiveCfg = Debug|x86
		{DC90B51D-4A42-4C72-B2FA-30A565EB72C1}.Debug|x86.Build.0 = Debug|x86
		{DC90B51D-4A42-4C72-B2FA-30A565EB72C1}.OnlyPhone|Any CPU.ActiveCfg = Debug|Any CPU
		{DC90B51D-4A42-4C72-B2FA-30A565EB72C1}.OnlyPhone|x86.ActiveCfg = Debug|x86
		{DC90B51D-4A42-4C72-B2FA-30A565EB72C1}.OnlyPhone|x86.Build.0 = Debug|x86
		{DC90B51D-4A42-4C72-B2FA-30A565EB72C1}.Release|Any CPU.ActiveCfg = Release|Any CPU
		{DC90B51D-4A42-4C72-B2FA-30A565EB72C1}.Release|Any CPU.Build.0 = Release|Any CPU
		{DC90B51D-4A42-4C72-B2FA-30A565EB72C1}.Release|x86.ActiveCfg = Release|x86
		{DC90B51D-4A42-4C72-B2FA-30A565EB72C1}.Release|x86.Build.0 = Release|x86
		{DC90B51D-4A42-4C72-B2FA-30A565EB72C1}.TrialDebug|Any CPU.ActiveCfg = Debug|Any CPU
		{DC90B51D-4A42-4C72-B2FA-30A565EB72C1}.TrialDebug|Any CPU.Build.0 = Debug|Any CPU
		{DC90B51D-4A42-4C72-B2FA-30A565EB72C1}.TrialDebug|x86.ActiveCfg = Debug|x86
		{DC90B51D-4A42-4C72-B2FA-30A565EB72C1}.TrialDebug|x86.Build.0 = Debug|x86
		{B9F150D5-EF9F-412E-B7D0-4A23373907D2}.client_debug|Any CPU.ActiveCfg = client_debug|Any CPU
		{B9F150D5-EF9F-412E-B7D0-4A23373907D2}.client_debug|Any CPU.Build.0 = client_debug|Any CPU
		{B9F150D5-EF9F-412E-B7D0-4A23373907D2}.client_debug|x86.ActiveCfg = client_debug|x86
		{B9F150D5-EF9F-412E-B7D0-4A23373907D2}.client_debug|x86.Build.0 = client_debug|x86
		{B9F150D5-EF9F-412E-B7D0-4A23373907D2}.Debug|Any CPU.ActiveCfg = Debug|Any CPU
		{B9F150D5-EF9F-412E-B7D0-4A23373907D2}.Debug|Any CPU.Build.0 = Debug|Any CPU
		{B9F150D5-EF9F-412E-B7D0-4A23373907D2}.Debug|x86.ActiveCfg = Debug|x86
		{B9F150D5-EF9F-412E-B7D0-4A23373907D2}.Debug|x86.Build.0 = Debug|x86
		{B9F150D5-EF9F-412E-B7D0-4A23373907D2}.OnlyPhone|Any CPU.ActiveCfg = Debug|Any CPU
		{B9F150D5-EF9F-412E-B7D0-4A23373907D2}.OnlyPhone|x86.ActiveCfg = Debug|x86
		{B9F150D5-EF9F-412E-B7D0-4A23373907D2}.OnlyPhone|x86.Build.0 = Debug|x86
		{B9F150D5-EF9F-412E-B7D0-4A23373907D2}.Release|Any CPU.ActiveCfg = Release|Any CPU
		{B9F150D5-EF9F-412E-B7D0-4A23373907D2}.Release|Any CPU.Build.0 = Release|Any CPU
		{B9F150D5-EF9F-412E-B7D0-4A23373907D2}.Release|x86.ActiveCfg = Release|x86
		{B9F150D5-EF9F-412E-B7D0-4A23373907D2}.Release|x86.Build.0 = Release|x86
		{B9F150D5-EF9F-412E-B7D0-4A23373907D2}.TrialDebug|Any CPU.ActiveCfg = Debug|Any CPU
		{B9F150D5-EF9F-412E-B7D0-4A23373907D2}.TrialDebug|Any CPU.Build.0 = Debug|Any CPU
		{B9F150D5-EF9F-412E-B7D0-4A23373907D2}.TrialDebug|x86.ActiveCfg = Debug|x86
		{B9F150D5-EF9F-412E-B7D0-4A23373907D2}.TrialDebug|x86.Build.0 = Debug|x86
		{2C7EDADC-5D8F-4424-A71F-2B8C3DC53DFF}.client_debug|Any CPU.ActiveCfg = client_debug|Any CPU
		{2C7EDADC-5D8F-4424-A71F-2B8C3DC53DFF}.client_debug|Any CPU.Build.0 = client_debug|Any CPU
		{2C7EDADC-5D8F-4424-A71F-2B8C3DC53DFF}.client_debug|x86.ActiveCfg = client_debug|x86
		{2C7EDADC-5D8F-4424-A71F-2B8C3DC53DFF}.client_debug|x86.Build.0 = client_debug|x86
		{2C7EDADC-5D8F-4424-A71F-2B8C3DC53DFF}.Debug|Any CPU.ActiveCfg = Debug|Any CPU
		{2C7EDADC-5D8F-4424-A71F-2B8C3DC53DFF}.Debug|Any CPU.Build.0 = Debug|Any CPU
		{2C7EDADC-5D8F-4424-A71F-2B8C3DC53DFF}.Debug|x86.ActiveCfg = Debug|x86
		{2C7EDADC-5D8F-4424-A71F-2B8C3DC53DFF}.Debug|x86.Build.0 = Debug|x86
		{2C7EDADC-5D8F-4424-A71F-2B8C3DC53DFF}.OnlyPhone|Any CPU.ActiveCfg = Debug|Any CPU
		{2C7EDADC-5D8F-4424-A71F-2B8C3DC53DFF}.OnlyPhone|x86.ActiveCfg = Debug|x86
		{2C7EDADC-5D8F-4424-A71F-2B8C3DC53DFF}.OnlyPhone|x86.Build.0 = Debug|x86
		{2C7EDADC-5D8F-4424-A71F-2B8C3DC53DFF}.Release|Any CPU.ActiveCfg = Release|Any CPU
		{2C7EDADC-5D8F-4424-A71F-2B8C3DC53DFF}.Release|Any CPU.Build.0 = Release|Any CPU
		{2C7EDADC-5D8F-4424-A71F-2B8C3DC53DFF}.Release|x86.ActiveCfg = Release|x86
		{2C7EDADC-5D8F-4424-A71F-2B8C3DC53DFF}.Release|x86.Build.0 = Release|x86
		{2C7EDADC-5D8F-4424-A71F-2B8C3DC53DFF}.TrialDebug|Any CPU.ActiveCfg = Debug|Any CPU
		{2C7EDADC-5D8F-4424-A71F-2B8C3DC53DFF}.TrialDebug|Any CPU.Build.0 = Debug|Any CPU
		{2C7EDADC-5D8F-4424-A71F-2B8C3DC53DFF}.TrialDebug|x86.ActiveCfg = Debug|x86
		{2C7EDADC-5D8F-4424-A71F-2B8C3DC53DFF}.TrialDebug|x86.Build.0 = Debug|x86
		{919DBAA0-082C-4625-AB10-D7067D91104D}.client_debug|Any CPU.ActiveCfg = Debug|Any CPU
		{919DBAA0-082C-4625-AB10-D7067D91104D}.client_debug|Any CPU.Build.0 = Debug|Any CPU
		{919DBAA0-082C-4625-AB10-D7067D91104D}.client_debug|x86.ActiveCfg = Debug|Any CPU
		{919DBAA0-082C-4625-AB10-D7067D91104D}.Debug|Any CPU.ActiveCfg = Debug|Any CPU
		{919DBAA0-082C-4625-AB10-D7067D91104D}.Debug|Any CPU.Build.0 = Debug|Any CPU
		{919DBAA0-082C-4625-AB10-D7067D91104D}.Debug|x86.ActiveCfg = Debug|Any CPU
		{919DBAA0-082C-4625-AB10-D7067D91104D}.OnlyPhone|Any CPU.ActiveCfg = Debug|Any CPU
		{919DBAA0-082C-4625-AB10-D7067D91104D}.OnlyPhone|x86.ActiveCfg = Debug|Any CPU
		{919DBAA0-082C-4625-AB10-D7067D91104D}.Release|Any CPU.ActiveCfg = Debug|Any CPU
		{919DBAA0-082C-4625-AB10-D7067D91104D}.Release|Any CPU.Build.0 = Debug|Any CPU
		{919DBAA0-082C-4625-AB10-D7067D91104D}.Release|x86.ActiveCfg = Debug|Any CPU
		{919DBAA0-082C-4625-AB10-D7067D91104D}.TrialDebug|Any CPU.ActiveCfg = Debug|Any CPU
		{919DBAA0-082C-4625-AB10-D7067D91104D}.TrialDebug|Any CPU.Build.0 = Debug|Any CPU
		{919DBAA0-082C-4625-AB10-D7067D91104D}.TrialDebug|x86.ActiveCfg = Debug|Any CPU
		{FBCBF2F7-38CE-42AC-84BA-8DEC2ED8FF24}.client_debug|Any CPU.ActiveCfg = client_debug|Any CPU
		{FBCBF2F7-38CE-42AC-84BA-8DEC2ED8FF24}.client_debug|Any CPU.Build.0 = client_debug|Any CPU
		{FBCBF2F7-38CE-42AC-84BA-8DEC2ED8FF24}.client_debug|x86.ActiveCfg = client_debug|x86
		{FBCBF2F7-38CE-42AC-84BA-8DEC2ED8FF24}.client_debug|x86.Build.0 = client_debug|x86
		{FBCBF2F7-38CE-42AC-84BA-8DEC2ED8FF24}.Debug|Any CPU.ActiveCfg = Debug|Any CPU
		{FBCBF2F7-38CE-42AC-84BA-8DEC2ED8FF24}.Debug|Any CPU.Build.0 = Debug|Any CPU
		{FBCBF2F7-38CE-42AC-84BA-8DEC2ED8FF24}.Debug|x86.ActiveCfg = Debug|x86
		{FBCBF2F7-38CE-42AC-84BA-8DEC2ED8FF24}.Debug|x86.Build.0 = Debug|x86
		{FBCBF2F7-38CE-42AC-84BA-8DEC2ED8FF24}.OnlyPhone|Any CPU.ActiveCfg = Debug|Any CPU
		{FBCBF2F7-38CE-42AC-84BA-8DEC2ED8FF24}.OnlyPhone|x86.ActiveCfg = Debug|x86
		{FBCBF2F7-38CE-42AC-84BA-8DEC2ED8FF24}.OnlyPhone|x86.Build.0 = Debug|x86
		{FBCBF2F7-38CE-42AC-84BA-8DEC2ED8FF24}.Release|Any CPU.ActiveCfg = Release|Any CPU
		{FBCBF2F7-38CE-42AC-84BA-8DEC2ED8FF24}.Release|Any CPU.Build.0 = Release|Any CPU
		{FBCBF2F7-38CE-42AC-84BA-8DEC2ED8FF24}.Release|x86.ActiveCfg = Release|x86
		{FBCBF2F7-38CE-42AC-84BA-8DEC2ED8FF24}.Release|x86.Build.0 = Release|x86
		{FBCBF2F7-38CE-42AC-84BA-8DEC2ED8FF24}.TrialDebug|Any CPU.ActiveCfg = Debug|Any CPU
		{FBCBF2F7-38CE-42AC-84BA-8DEC2ED8FF24}.TrialDebug|Any CPU.Build.0 = Debug|Any CPU
		{FBCBF2F7-38CE-42AC-84BA-8DEC2ED8FF24}.TrialDebug|x86.ActiveCfg = Debug|x86
		{FBCBF2F7-38CE-42AC-84BA-8DEC2ED8FF24}.TrialDebug|x86.Build.0 = Debug|x86
		{769DFF6C-B952-40C4-B087-5C004E06D89C}.client_debug|Any CPU.ActiveCfg = client_debug|Any CPU
		{769DFF6C-B952-40C4-B087-5C004E06D89C}.client_debug|Any CPU.Build.0 = client_debug|Any CPU
		{769DFF6C-B952-40C4-B087-5C004E06D89C}.client_debug|x86.ActiveCfg = client_debug|x86
		{769DFF6C-B952-40C4-B087-5C004E06D89C}.client_debug|x86.Build.0 = client_debug|x86
		{769DFF6C-B952-40C4-B087-5C004E06D89C}.Debug|Any CPU.ActiveCfg = Debug|Any CPU
		{769DFF6C-B952-40C4-B087-5C004E06D89C}.Debug|Any CPU.Build.0 = Debug|Any CPU
		{769DFF6C-B952-40C4-B087-5C004E06D89C}.Debug|x86.ActiveCfg = Debug|x86
		{769DFF6C-B952-40C4-B087-5C004E06D89C}.Debug|x86.Build.0 = Debug|x86
		{769DFF6C-B952-40C4-B087-5C004E06D89C}.OnlyPhone|Any CPU.ActiveCfg = Debug|Any CPU
		{769DFF6C-B952-40C4-B087-5C004E06D89C}.OnlyPhone|x86.ActiveCfg = Debug|x86
		{769DFF6C-B952-40C4-B087-5C004E06D89C}.OnlyPhone|x86.Build.0 = Debug|x86
		{769DFF6C-B952-40C4-B087-5C004E06D89C}.Release|Any CPU.ActiveCfg = Release|Any CPU
		{769DFF6C-B952-40C4-B087-5C004E06D89C}.Release|Any CPU.Build.0 = Release|Any CPU
		{769DFF6C-B952-40C4-B087-5C004E06D89C}.Release|x86.ActiveCfg = Release|x86
		{769DFF6C-B952-40C4-B087-5C004E06D89C}.Release|x86.Build.0 = Release|x86
		{769DFF6C-B952-40C4-B087-5C004E06D89C}.TrialDebug|Any CPU.ActiveCfg = Debug|Any CPU
		{769DFF6C-B952-40C4-B087-5C004E06D89C}.TrialDebug|Any CPU.Build.0 = Debug|Any CPU
		{769DFF6C-B952-40C4-B087-5C004E06D89C}.TrialDebug|x86.ActiveCfg = Debug|x86
		{769DFF6C-B952-40C4-B087-5C004E06D89C}.TrialDebug|x86.Build.0 = Debug|x86
		{9C496FC3-7E27-4448-870E-890BAEBA6EB5}.client_debug|Any CPU.ActiveCfg = client_debug|Any CPU
		{9C496FC3-7E27-4448-870E-890BAEBA6EB5}.client_debug|Any CPU.Build.0 = client_debug|Any CPU
		{9C496FC3-7E27-4448-870E-890BAEBA6EB5}.client_debug|x86.ActiveCfg = client_debug|Any CPU
		{9C496FC3-7E27-4448-870E-890BAEBA6EB5}.Debug|Any CPU.ActiveCfg = Debug|Any CPU
		{9C496FC3-7E27-4448-870E-890BAEBA6EB5}.Debug|Any CPU.Build.0 = Debug|Any CPU
		{9C496FC3-7E27-4448-870E-890BAEBA6EB5}.Debug|x86.ActiveCfg = Debug|Any CPU
		{9C496FC3-7E27-4448-870E-890BAEBA6EB5}.OnlyPhone|Any CPU.ActiveCfg = Debug|Any CPU
		{9C496FC3-7E27-4448-870E-890BAEBA6EB5}.OnlyPhone|Any CPU.Build.0 = Debug|Any CPU
		{9C496FC3-7E27-4448-870E-890BAEBA6EB5}.OnlyPhone|x86.ActiveCfg = Debug|Any CPU
		{9C496FC3-7E27-4448-870E-890BAEBA6EB5}.Release|Any CPU.ActiveCfg = Release|Any CPU
		{9C496FC3-7E27-4448-870E-890BAEBA6EB5}.Release|Any CPU.Build.0 = Release|Any CPU
		{9C496FC3-7E27-4448-870E-890BAEBA6EB5}.Release|x86.ActiveCfg = Release|Any CPU
		{9C496FC3-7E27-4448-870E-890BAEBA6EB5}.TrialDebug|Any CPU.ActiveCfg = Debug|Any CPU
		{9C496FC3-7E27-4448-870E-890BAEBA6EB5}.TrialDebug|Any CPU.Build.0 = Debug|Any CPU
		{9C496FC3-7E27-4448-870E-890BAEBA6EB5}.TrialDebug|x86.ActiveCfg = Debug|Any CPU
		{666B5FC1-B286-485E-B8E3-6D2406F8ACFF}.client_debug|Any CPU.ActiveCfg = Release|Any CPU
		{666B5FC1-B286-485E-B8E3-6D2406F8ACFF}.client_debug|Any CPU.Build.0 = Release|Any CPU
		{666B5FC1-B286-485E-B8E3-6D2406F8ACFF}.client_debug|x86.ActiveCfg = Release|Any CPU
		{666B5FC1-B286-485E-B8E3-6D2406F8ACFF}.Debug|Any CPU.ActiveCfg = Debug|Any CPU
		{666B5FC1-B286-485E-B8E3-6D2406F8ACFF}.Debug|Any CPU.Build.0 = Debug|Any CPU
		{666B5FC1-B286-485E-B8E3-6D2406F8ACFF}.Debug|x86.ActiveCfg = Debug|Any CPU
		{666B5FC1-B286-485E-B8E3-6D2406F8ACFF}.OnlyPhone|Any CPU.ActiveCfg = Debug|Any CPU
		{666B5FC1-B286-485E-B8E3-6D2406F8ACFF}.OnlyPhone|Any CPU.Build.0 = Debug|Any CPU
		{666B5FC1-B286-485E-B8E3-6D2406F8ACFF}.OnlyPhone|x86.ActiveCfg = Debug|Any CPU
		{666B5FC1-B286-485E-B8E3-6D2406F8ACFF}.Release|Any CPU.ActiveCfg = Release|Any CPU
		{666B5FC1-B286-485E-B8E3-6D2406F8ACFF}.Release|Any CPU.Build.0 = Release|Any CPU
		{666B5FC1-B286-485E-B8E3-6D2406F8ACFF}.Release|x86.ActiveCfg = Release|Any CPU
		{666B5FC1-B286-485E-B8E3-6D2406F8ACFF}.TrialDebug|Any CPU.ActiveCfg = Debug|Any CPU
		{666B5FC1-B286-485E-B8E3-6D2406F8ACFF}.TrialDebug|Any CPU.Build.0 = Debug|Any CPU
		{666B5FC1-B286-485E-B8E3-6D2406F8ACFF}.TrialDebug|x86.ActiveCfg = Debug|Any CPU
		{A920EFB6-61ED-4514-88EB-A2E319C01A50}.client_debug|Any CPU.ActiveCfg = Release|Any CPU
		{A920EFB6-61ED-4514-88EB-A2E319C01A50}.client_debug|Any CPU.Build.0 = Release|Any CPU
		{A920EFB6-61ED-4514-88EB-A2E319C01A50}.client_debug|Any CPU.Deploy.0 = Release|Any CPU
		{A920EFB6-61ED-4514-88EB-A2E319C01A50}.client_debug|x86.ActiveCfg = Release|Any CPU
		{A920EFB6-61ED-4514-88EB-A2E319C01A50}.Debug|Any CPU.ActiveCfg = Debug|Any CPU
		{A920EFB6-61ED-4514-88EB-A2E319C01A50}.Debug|Any CPU.Build.0 = Debug|Any CPU
		{A920EFB6-61ED-4514-88EB-A2E319C01A50}.Debug|Any CPU.Deploy.0 = Debug|Any CPU
		{A920EFB6-61ED-4514-88EB-A2E319C01A50}.Debug|x86.ActiveCfg = Debug|Any CPU
		{A920EFB6-61ED-4514-88EB-A2E319C01A50}.OnlyPhone|Any CPU.ActiveCfg = Debug|Any CPU
		{A920EFB6-61ED-4514-88EB-A2E319C01A50}.OnlyPhone|Any CPU.Build.0 = Debug|Any CPU
		{A920EFB6-61ED-4514-88EB-A2E319C01A50}.OnlyPhone|Any CPU.Deploy.0 = Debug|Any CPU
		{A920EFB6-61ED-4514-88EB-A2E319C01A50}.OnlyPhone|x86.ActiveCfg = Debug|Any CPU
		{A920EFB6-61ED-4514-88EB-A2E319C01A50}.Release|Any CPU.ActiveCfg = Release|Any CPU
		{A920EFB6-61ED-4514-88EB-A2E319C01A50}.Release|x86.ActiveCfg = Release|Any CPU
		{A920EFB6-61ED-4514-88EB-A2E319C01A50}.TrialDebug|Any CPU.ActiveCfg = Debug|Any CPU
		{A920EFB6-61ED-4514-88EB-A2E319C01A50}.TrialDebug|Any CPU.Build.0 = Debug|Any CPU
		{A920EFB6-61ED-4514-88EB-A2E319C01A50}.TrialDebug|Any CPU.Deploy.0 = Debug|Any CPU
		{A920EFB6-61ED-4514-88EB-A2E319C01A50}.TrialDebug|x86.ActiveCfg = Debug|Any CPU
		{2FD9DBF1-B96B-41E8-A637-FC3FEBD707F3}.client_debug|Any CPU.ActiveCfg = client_debug|Any CPU
		{2FD9DBF1-B96B-41E8-A637-FC3FEBD707F3}.client_debug|Any CPU.Build.0 = client_debug|Any CPU
		{2FD9DBF1-B96B-41E8-A637-FC3FEBD707F3}.client_debug|x86.ActiveCfg = client_debug|x86
		{2FD9DBF1-B96B-41E8-A637-FC3FEBD707F3}.client_debug|x86.Build.0 = client_debug|x86
		{2FD9DBF1-B96B-41E8-A637-FC3FEBD707F3}.Debug|Any CPU.ActiveCfg = Debug|Any CPU
		{2FD9DBF1-B96B-41E8-A637-FC3FEBD707F3}.Debug|Any CPU.Build.0 = Debug|Any CPU
		{2FD9DBF1-B96B-41E8-A637-FC3FEBD707F3}.Debug|x86.ActiveCfg = Debug|x86
		{2FD9DBF1-B96B-41E8-A637-FC3FEBD707F3}.Debug|x86.Build.0 = Debug|x86
		{2FD9DBF1-B96B-41E8-A637-FC3FEBD707F3}.OnlyPhone|Any CPU.ActiveCfg = Debug|Any CPU
		{2FD9DBF1-B96B-41E8-A637-FC3FEBD707F3}.OnlyPhone|x86.ActiveCfg = client_debug|x86
		{2FD9DBF1-B96B-41E8-A637-FC3FEBD707F3}.OnlyPhone|x86.Build.0 = client_debug|x86
		{2FD9DBF1-B96B-41E8-A637-FC3FEBD707F3}.Release|Any CPU.ActiveCfg = Release|Any CPU
		{2FD9DBF1-B96B-41E8-A637-FC3FEBD707F3}.Release|Any CPU.Build.0 = Release|Any CPU
		{2FD9DBF1-B96B-41E8-A637-FC3FEBD707F3}.Release|x86.ActiveCfg = Release|x86
		{2FD9DBF1-B96B-41E8-A637-FC3FEBD707F3}.Release|x86.Build.0 = Release|x86
		{2FD9DBF1-B96B-41E8-A637-FC3FEBD707F3}.TrialDebug|Any CPU.ActiveCfg = Debug|Any CPU
		{2FD9DBF1-B96B-41E8-A637-FC3FEBD707F3}.TrialDebug|Any CPU.Build.0 = Debug|Any CPU
		{2FD9DBF1-B96B-41E8-A637-FC3FEBD707F3}.TrialDebug|x86.ActiveCfg = Debug|x86
		{2FD9DBF1-B96B-41E8-A637-FC3FEBD707F3}.TrialDebug|x86.Build.0 = Debug|x86
		{DCFCC632-2849-421F-BF34-054B8DF0F6E9}.client_debug|Any CPU.ActiveCfg = client_debug|Any CPU
		{DCFCC632-2849-421F-BF34-054B8DF0F6E9}.client_debug|Any CPU.Build.0 = client_debug|Any CPU
		{DCFCC632-2849-421F-BF34-054B8DF0F6E9}.client_debug|x86.ActiveCfg = client_debug|x86
		{DCFCC632-2849-421F-BF34-054B8DF0F6E9}.client_debug|x86.Build.0 = client_debug|x86
		{DCFCC632-2849-421F-BF34-054B8DF0F6E9}.Debug|Any CPU.ActiveCfg = Debug|Any CPU
		{DCFCC632-2849-421F-BF34-054B8DF0F6E9}.Debug|Any CPU.Build.0 = Debug|Any CPU
		{DCFCC632-2849-421F-BF34-054B8DF0F6E9}.Debug|x86.ActiveCfg = Debug|x86
		{DCFCC632-2849-421F-BF34-054B8DF0F6E9}.Debug|x86.Build.0 = Debug|x86
		{DCFCC632-2849-421F-BF34-054B8DF0F6E9}.OnlyPhone|Any CPU.ActiveCfg = Debug|Any CPU
		{DCFCC632-2849-421F-BF34-054B8DF0F6E9}.OnlyPhone|x86.ActiveCfg = client_debug|x86
		{DCFCC632-2849-421F-BF34-054B8DF0F6E9}.OnlyPhone|x86.Build.0 = client_debug|x86
		{DCFCC632-2849-421F-BF34-054B8DF0F6E9}.Release|Any CPU.ActiveCfg = Release|Any CPU
		{DCFCC632-2849-421F-BF34-054B8DF0F6E9}.Release|Any CPU.Build.0 = Release|Any CPU
		{DCFCC632-2849-421F-BF34-054B8DF0F6E9}.Release|x86.ActiveCfg = Release|x86
		{DCFCC632-2849-421F-BF34-054B8DF0F6E9}.Release|x86.Build.0 = Release|x86
		{DCFCC632-2849-421F-BF34-054B8DF0F6E9}.TrialDebug|Any CPU.ActiveCfg = Debug|Any CPU
		{DCFCC632-2849-421F-BF34-054B8DF0F6E9}.TrialDebug|Any CPU.Build.0 = Debug|Any CPU
		{DCFCC632-2849-421F-BF34-054B8DF0F6E9}.TrialDebug|x86.ActiveCfg = Debug|x86
		{DCFCC632-2849-421F-BF34-054B8DF0F6E9}.TrialDebug|x86.Build.0 = Debug|x86
		{B0DEFC8A-B85B-4D7E-AAED-985FEF7733A3}.client_debug|Any CPU.ActiveCfg = Release|Any CPU
		{B0DEFC8A-B85B-4D7E-AAED-985FEF7733A3}.client_debug|Any CPU.Build.0 = Release|Any CPU
		{B0DEFC8A-B85B-4D7E-AAED-985FEF7733A3}.client_debug|x86.ActiveCfg = Release|Any CPU
		{B0DEFC8A-B85B-4D7E-AAED-985FEF7733A3}.Debug|Any CPU.ActiveCfg = Debug|Any CPU
		{B0DEFC8A-B85B-4D7E-AAED-985FEF7733A3}.Debug|Any CPU.Build.0 = Debug|Any CPU
		{B0DEFC8A-B85B-4D7E-AAED-985FEF7733A3}.Debug|x86.ActiveCfg = Debug|Any CPU
		{B0DEFC8A-B85B-4D7E-AAED-985FEF7733A3}.OnlyPhone|Any CPU.ActiveCfg = Release|Any CPU
		{B0DEFC8A-B85B-4D7E-AAED-985FEF7733A3}.OnlyPhone|Any CPU.Build.0 = Release|Any CPU
		{B0DEFC8A-B85B-4D7E-AAED-985FEF7733A3}.OnlyPhone|x86.ActiveCfg = Release|Any CPU
		{B0DEFC8A-B85B-4D7E-AAED-985FEF7733A3}.Release|Any CPU.ActiveCfg = Release|Any CPU
		{B0DEFC8A-B85B-4D7E-AAED-985FEF7733A3}.Release|Any CPU.Build.0 = Release|Any CPU
		{B0DEFC8A-B85B-4D7E-AAED-985FEF7733A3}.Release|x86.ActiveCfg = Release|Any CPU
		{B0DEFC8A-B85B-4D7E-AAED-985FEF7733A3}.TrialDebug|Any CPU.ActiveCfg = Debug|Any CPU
		{B0DEFC8A-B85B-4D7E-AAED-985FEF7733A3}.TrialDebug|Any CPU.Build.0 = Debug|Any CPU
		{B0DEFC8A-B85B-4D7E-AAED-985FEF7733A3}.TrialDebug|x86.ActiveCfg = Debug|Any CPU
	EndGlobalSection
	GlobalSection(SolutionProperties) = preSolution
		HideSolutionNode = FALSE
	EndGlobalSection
EndGlobal
