
Microsoft Visual Studio Solution File, Format Version 11.00
# Visual Studio 2010
Project("{FAE04EC0-301F-11D3-BF4B-00C04F79EFBC}") = "BodyArchitect", "BodyArchitect\BodyArchitect.csproj", "{3B6CDAF0-C619-42C1-842F-AB1789172425}"
EndProject
Project("{FAE04EC0-301F-11D3-BF4B-00C04F79EFBC}") = "BodyArchitect.Client.WCF", "BodyArchitect.Client.WCF\BodyArchitect.Client.WCF.csproj", "{E0C4293B-9D71-4415-8062-4C35ADD13640}"
EndProject
Project("{FAE04EC0-301F-11D3-BF4B-00C04F79EFBC}") = "BodyArchitect.Common", "BodyArchitect.Common\BodyArchitect.Common.csproj", "{F6D386CD-95D0-4377-A656-BB886A09CCE7}"
EndProject
Project("{FAE04EC0-301F-11D3-BF4B-00C04F79EFBC}") = "BodyArchitect.Controls", "BodyArchitect.Controls\BodyArchitect.Controls.csproj", "{2A2A4C94-F4AB-45CD-8EEC-0E37EC8B3EC0}"
EndProject
Project("{FAE04EC0-301F-11D3-BF4B-00C04F79EFBC}") = "BodyArchitect.DataAccess.NHibernate", "BodyArchitect.DataAccess.NHibernate\BodyArchitect.DataAccess.NHibernate.csproj", "{B9F150D5-EF9F-412E-B7D0-4A23373907D2}"
EndProject
Project("{FAE04EC0-301F-11D3-BF4B-00C04F79EFBC}") = "BodyArchitect.Logger", "BodyArchitect.Logger\BodyArchitect.Logger.csproj", "{FBCBF2F7-38CE-42AC-84BA-8DEC2ED8FF24}"
EndProject
Project("{FAE04EC0-301F-11D3-BF4B-00C04F79EFBC}") = "BodyArchitect.Model", "BodyArchitect.Model\BodyArchitect.Model.csproj", "{DC90B51D-4A42-4C72-B2FA-30A565EB72C1}"
EndProject
Project("{FAE04EC0-301F-11D3-BF4B-00C04F79EFBC}") = "BodyArchitect.Module.A6W", "BodyArchitect.Module.A6W\BodyArchitect.Module.A6W.csproj", "{40BDD4F4-D6EB-4C68-8916-6AED0E2C1361}"
EndProject
Project("{FAE04EC0-301F-11D3-BF4B-00C04F79EFBC}") = "BodyArchitect.Module.Blog", "BodyArchitect.Module.Blog\BodyArchitect.Module.Blog.csproj", "{03D00B0F-C1A7-41E0-ADD1-26147C9A0CFE}"
EndProject
Project("{FAE04EC0-301F-11D3-BF4B-00C04F79EFBC}") = "BodyArchitect.Module.Size", "BodyArchitect.Module.Size\BodyArchitect.Module.Size.csproj", "{4A8B679B-3FD5-481E-90E8-5424EDAFACF4}"
EndProject
Project("{FAE04EC0-301F-11D3-BF4B-00C04F79EFBC}") = "BodyArchitect.Module.StrengthTraining", "BodyArchitect.Module.StrengthTraining\BodyArchitect.Module.StrengthTraining.csproj", "{A2EB6787-0DBB-4590-AC7E-BAC3587B2B7C}"
EndProject
Project("{FAE04EC0-301F-11D3-BF4B-00C04F79EFBC}") = "BodyArchitect.Module.Suplements", "BodyArchitect.Module.Suplements\BodyArchitect.Module.Suplements.csproj", "{A0BE693E-699A-4CDC-B81C-B3FF1DD1D5AC}"
EndProject
Project("{FAE04EC0-301F-11D3-BF4B-00C04F79EFBC}") = "BodyArchitect.Service", "BodyArchitect.Service\BodyArchitect.Service.csproj", "{2FD9DBF1-B96B-41E8-A637-FC3FEBD707F3}"
EndProject
Project("{FAE04EC0-301F-11D3-BF4B-00C04F79EFBC}") = "BodyArchitect.Service.Model", "BodyArchitect.Service.Model\BodyArchitect.Service.Model.csproj", "{DCFCC632-2849-421F-BF34-054B8DF0F6E9}"
EndProject
Project("{FAE04EC0-301F-11D3-BF4B-00C04F79EFBC}") = "BodyArchitect.Settings", "BodyArchitect.Settings\BodyArchitect.Settings.csproj", "{769DFF6C-B952-40C4-B087-5C004E06D89C}"
EndProject
Project("{FAE04EC0-301F-11D3-BF4B-00C04F79EFBC}") = "BodyArchitect.Shared", "BodyArchitect.Shared\BodyArchitect.Shared.csproj", "{2C7EDADC-5D8F-4424-A71F-2B8C3DC53DFF}"
EndProject
Project("{FAE04EC0-301F-11D3-BF4B-00C04F79EFBC}") = "BodyArchitect.UnitTests", "BodyArchitect.UnitTests\BodyArchitect.UnitTests.csproj", "{3AE5D539-1251-4458-9B54-B201AAC29570}"
EndProject
Project("{FAE04EC0-301F-11D3-BF4B-00C04F79EFBC}") = "BodyArchitectTools", "BodyArchitectTools\BodyArchitectTools.csproj", "{3C1D38B8-C82C-4F68-8693-F58469EC4F04}"
EndProject
Project("{E24C65DC-7377-472B-9ABA-BC803B73C61A}") = "BodyArchitectWebSite", "http://localhost/BodyArchitectWebSite", "{41890715-179E-4940-85BC-FF5F72E32E8E}"
	ProjectSection(WebsiteProperties) = preProject
		UseIISExpress = "false"
		TargetFrameworkMoniker = ".NETFramework,Version%3Dv4.0"
		ProjectReferences = "{F6D386CD-95D0-4377-A656-BB886A09CCE7}|BodyArchitect.Common.dll;{DCFCC632-2849-421F-BF34-054B8DF0F6E9}|BodyArchitect.Service.Model.dll;{2C7EDADC-5D8F-4424-A71F-2B8C3DC53DFF}|BodyArchitect.Shared.dll;{769DFF6C-B952-40C4-B087-5C004E06D89C}|BodyArchitect.Settings.dll;{DC90B51D-4A42-4C72-B2FA-30A565EB72C1}|BodyArchitect.Model.dll;{B9F150D5-EF9F-412E-B7D0-4A23373907D2}|BodyArchitect.DataAccess.NHibernate.dll;{FBCBF2F7-38CE-42AC-84BA-8DEC2ED8FF24}|BodyArchitect.Logger.dll;{2FD9DBF1-B96B-41E8-A637-FC3FEBD707F3}|BodyArchitect.Service.dll;"
		Debug.AspNetCompiler.VirtualPath = "/BodyArchitectWebSite"
		Debug.AspNetCompiler.PhysicalPath = "BodyArchitectWebSite\"
		Debug.AspNetCompiler.TargetPath = "PrecompiledWeb\BodyArchitectWebSite\"
		Debug.AspNetCompiler.Updateable = "true"
		Debug.AspNetCompiler.ForceOverwrite = "true"
		Debug.AspNetCompiler.FixedNames = "false"
		Debug.AspNetCompiler.Debug = "True"
		Release.AspNetCompiler.VirtualPath = "/BodyArchitectWebSite"
		Release.AspNetCompiler.PhysicalPath = "BodyArchitectWebSite\"
		Release.AspNetCompiler.TargetPath = "PrecompiledWeb\BodyArchitectWebSite\"
		Release.AspNetCompiler.Updateable = "true"
		Release.AspNetCompiler.ForceOverwrite = "true"
		Release.AspNetCompiler.FixedNames = "false"
		Release.AspNetCompiler.Debug = "False"
		SlnRelativePath = "BodyArchitectWebSite\"
	EndProjectSection
EndProject
Global
	GlobalSection(SolutionConfigurationPlatforms) = preSolution
		client_debug|Any CPU = client_debug|Any CPU
		client_debug|Mixed Platforms = client_debug|Mixed Platforms
		client_debug|x86 = client_debug|x86
		Debug|Any CPU = Debug|Any CPU
		Debug|Mixed Platforms = Debug|Mixed Platforms
		Debug|x86 = Debug|x86
		Release|Any CPU = Release|Any CPU
		Release|Mixed Platforms = Release|Mixed Platforms
		Release|x86 = Release|x86
	EndGlobalSection
	GlobalSection(ProjectConfigurationPlatforms) = postSolution
		{3B6CDAF0-C619-42C1-842F-AB1789172425}.client_debug|Any CPU.ActiveCfg = client_debug|Any CPU
		{3B6CDAF0-C619-42C1-842F-AB1789172425}.client_debug|Any CPU.Build.0 = client_debug|Any CPU
		{3B6CDAF0-C619-42C1-842F-AB1789172425}.client_debug|Mixed Platforms.ActiveCfg = client_debug|x86
		{3B6CDAF0-C619-42C1-842F-AB1789172425}.client_debug|Mixed Platforms.Build.0 = client_debug|x86
		{3B6CDAF0-C619-42C1-842F-AB1789172425}.client_debug|x86.ActiveCfg = client_debug|x86
		{3B6CDAF0-C619-42C1-842F-AB1789172425}.client_debug|x86.Build.0 = client_debug|x86
		{3B6CDAF0-C619-42C1-842F-AB1789172425}.Debug|Any CPU.ActiveCfg = Debug|Any CPU
		{3B6CDAF0-C619-42C1-842F-AB1789172425}.Debug|Any CPU.Build.0 = Debug|Any CPU
		{3B6CDAF0-C619-42C1-842F-AB1789172425}.Debug|Mixed Platforms.ActiveCfg = Debug|x86
		{3B6CDAF0-C619-42C1-842F-AB1789172425}.Debug|Mixed Platforms.Build.0 = Debug|x86
		{3B6CDAF0-C619-42C1-842F-AB1789172425}.Debug|x86.ActiveCfg = Debug|x86
		{3B6CDAF0-C619-42C1-842F-AB1789172425}.Debug|x86.Build.0 = Debug|x86
		{3B6CDAF0-C619-42C1-842F-AB1789172425}.Release|Any CPU.ActiveCfg = Release|Any CPU
		{3B6CDAF0-C619-42C1-842F-AB1789172425}.Release|Any CPU.Build.0 = Release|Any CPU
		{3B6CDAF0-C619-42C1-842F-AB1789172425}.Release|Mixed Platforms.ActiveCfg = Release|x86
		{3B6CDAF0-C619-42C1-842F-AB1789172425}.Release|Mixed Platforms.Build.0 = Release|x86
		{3B6CDAF0-C619-42C1-842F-AB1789172425}.Release|x86.ActiveCfg = Release|x86
		{3B6CDAF0-C619-42C1-842F-AB1789172425}.Release|x86.Build.0 = Release|x86
		{E0C4293B-9D71-4415-8062-4C35ADD13640}.client_debug|Any CPU.ActiveCfg = client_debug|Any CPU
		{E0C4293B-9D71-4415-8062-4C35ADD13640}.client_debug|Any CPU.Build.0 = client_debug|Any CPU
		{E0C4293B-9D71-4415-8062-4C35ADD13640}.client_debug|Mixed Platforms.ActiveCfg = client_debug|x86
		{E0C4293B-9D71-4415-8062-4C35ADD13640}.client_debug|Mixed Platforms.Build.0 = client_debug|x86
		{E0C4293B-9D71-4415-8062-4C35ADD13640}.client_debug|x86.ActiveCfg = client_debug|x86
		{E0C4293B-9D71-4415-8062-4C35ADD13640}.client_debug|x86.Build.0 = client_debug|x86
		{E0C4293B-9D71-4415-8062-4C35ADD13640}.Debug|Any CPU.ActiveCfg = Debug|Any CPU
		{E0C4293B-9D71-4415-8062-4C35ADD13640}.Debug|Any CPU.Build.0 = Debug|Any CPU
		{E0C4293B-9D71-4415-8062-4C35ADD13640}.Debug|Mixed Platforms.ActiveCfg = Debug|x86
		{E0C4293B-9D71-4415-8062-4C35ADD13640}.Debug|Mixed Platforms.Build.0 = Debug|x86
		{E0C4293B-9D71-4415-8062-4C35ADD13640}.Debug|x86.ActiveCfg = Debug|x86
		{E0C4293B-9D71-4415-8062-4C35ADD13640}.Debug|x86.Build.0 = Debug|x86
		{E0C4293B-9D71-4415-8062-4C35ADD13640}.Release|Any CPU.ActiveCfg = Release|Any CPU
		{E0C4293B-9D71-4415-8062-4C35ADD13640}.Release|Any CPU.Build.0 = Release|Any CPU
		{E0C4293B-9D71-4415-8062-4C35ADD13640}.Release|Mixed Platforms.ActiveCfg = Release|x86
		{E0C4293B-9D71-4415-8062-4C35ADD13640}.Release|Mixed Platforms.Build.0 = Release|x86
		{E0C4293B-9D71-4415-8062-4C35ADD13640}.Release|x86.ActiveCfg = Release|x86
		{E0C4293B-9D71-4415-8062-4C35ADD13640}.Release|x86.Build.0 = Release|x86
		{F6D386CD-95D0-4377-A656-BB886A09CCE7}.client_debug|Any CPU.ActiveCfg = client_debug|Any CPU
		{F6D386CD-95D0-4377-A656-BB886A09CCE7}.client_debug|Any CPU.Build.0 = client_debug|Any CPU
		{F6D386CD-95D0-4377-A656-BB886A09CCE7}.client_debug|Mixed Platforms.ActiveCfg = client_debug|x86
		{F6D386CD-95D0-4377-A656-BB886A09CCE7}.client_debug|Mixed Platforms.Build.0 = client_debug|x86
		{F6D386CD-95D0-4377-A656-BB886A09CCE7}.client_debug|x86.ActiveCfg = client_debug|x86
		{F6D386CD-95D0-4377-A656-BB886A09CCE7}.client_debug|x86.Build.0 = client_debug|x86
		{F6D386CD-95D0-4377-A656-BB886A09CCE7}.Debug|Any CPU.ActiveCfg = Debug|Any CPU
		{F6D386CD-95D0-4377-A656-BB886A09CCE7}.Debug|Any CPU.Build.0 = Debug|Any CPU
		{F6D386CD-95D0-4377-A656-BB886A09CCE7}.Debug|Mixed Platforms.ActiveCfg = Debug|x86
		{F6D386CD-95D0-4377-A656-BB886A09CCE7}.Debug|Mixed Platforms.Build.0 = Debug|x86
		{F6D386CD-95D0-4377-A656-BB886A09CCE7}.Debug|x86.ActiveCfg = Debug|x86
		{F6D386CD-95D0-4377-A656-BB886A09CCE7}.Debug|x86.Build.0 = Debug|x86
		{F6D386CD-95D0-4377-A656-BB886A09CCE7}.Release|Any CPU.ActiveCfg = Release|Any CPU
		{F6D386CD-95D0-4377-A656-BB886A09CCE7}.Release|Any CPU.Build.0 = Release|Any CPU
		{F6D386CD-95D0-4377-A656-BB886A09CCE7}.Release|Mixed Platforms.ActiveCfg = Release|x86
		{F6D386CD-95D0-4377-A656-BB886A09CCE7}.Release|Mixed Platforms.Build.0 = Release|x86
		{F6D386CD-95D0-4377-A656-BB886A09CCE7}.Release|x86.ActiveCfg = Release|x86
		{F6D386CD-95D0-4377-A656-BB886A09CCE7}.Release|x86.Build.0 = Release|x86
		{2A2A4C94-F4AB-45CD-8EEC-0E37EC8B3EC0}.client_debug|Any CPU.ActiveCfg = client_debug|Any CPU
		{2A2A4C94-F4AB-45CD-8EEC-0E37EC8B3EC0}.client_debug|Any CPU.Build.0 = client_debug|Any CPU
		{2A2A4C94-F4AB-45CD-8EEC-0E37EC8B3EC0}.client_debug|Mixed Platforms.ActiveCfg = client_debug|x86
		{2A2A4C94-F4AB-45CD-8EEC-0E37EC8B3EC0}.client_debug|Mixed Platforms.Build.0 = client_debug|x86
		{2A2A4C94-F4AB-45CD-8EEC-0E37EC8B3EC0}.client_debug|x86.ActiveCfg = client_debug|x86
		{2A2A4C94-F4AB-45CD-8EEC-0E37EC8B3EC0}.client_debug|x86.Build.0 = client_debug|x86
		{2A2A4C94-F4AB-45CD-8EEC-0E37EC8B3EC0}.Debug|Any CPU.ActiveCfg = Debug|Any CPU
		{2A2A4C94-F4AB-45CD-8EEC-0E37EC8B3EC0}.Debug|Any CPU.Build.0 = Debug|Any CPU
		{2A2A4C94-F4AB-45CD-8EEC-0E37EC8B3EC0}.Debug|Mixed Platforms.ActiveCfg = Debug|x86
		{2A2A4C94-F4AB-45CD-8EEC-0E37EC8B3EC0}.Debug|Mixed Platforms.Build.0 = Debug|x86
		{2A2A4C94-F4AB-45CD-8EEC-0E37EC8B3EC0}.Debug|x86.ActiveCfg = Debug|x86
		{2A2A4C94-F4AB-45CD-8EEC-0E37EC8B3EC0}.Debug|x86.Build.0 = Debug|x86
		{2A2A4C94-F4AB-45CD-8EEC-0E37EC8B3EC0}.Release|Any CPU.ActiveCfg = Release|Any CPU
		{2A2A4C94-F4AB-45CD-8EEC-0E37EC8B3EC0}.Release|Any CPU.Build.0 = Release|Any CPU
		{2A2A4C94-F4AB-45CD-8EEC-0E37EC8B3EC0}.Release|Mixed Platforms.ActiveCfg = Release|x86
		{2A2A4C94-F4AB-45CD-8EEC-0E37EC8B3EC0}.Release|Mixed Platforms.Build.0 = Release|x86
		{2A2A4C94-F4AB-45CD-8EEC-0E37EC8B3EC0}.Release|x86.ActiveCfg = Release|x86
		{2A2A4C94-F4AB-45CD-8EEC-0E37EC8B3EC0}.Release|x86.Build.0 = Release|x86
		{B9F150D5-EF9F-412E-B7D0-4A23373907D2}.client_debug|Any CPU.ActiveCfg = client_debug|Any CPU
		{B9F150D5-EF9F-412E-B7D0-4A23373907D2}.client_debug|Any CPU.Build.0 = client_debug|Any CPU
		{B9F150D5-EF9F-412E-B7D0-4A23373907D2}.client_debug|Mixed Platforms.ActiveCfg = client_debug|x86
		{B9F150D5-EF9F-412E-B7D0-4A23373907D2}.client_debug|Mixed Platforms.Build.0 = client_debug|x86
		{B9F150D5-EF9F-412E-B7D0-4A23373907D2}.client_debug|x86.ActiveCfg = client_debug|x86
		{B9F150D5-EF9F-412E-B7D0-4A23373907D2}.client_debug|x86.Build.0 = client_debug|x86
		{B9F150D5-EF9F-412E-B7D0-4A23373907D2}.Debug|Any CPU.ActiveCfg = Debug|Any CPU
		{B9F150D5-EF9F-412E-B7D0-4A23373907D2}.Debug|Any CPU.Build.0 = Debug|Any CPU
		{B9F150D5-EF9F-412E-B7D0-4A23373907D2}.Debug|Mixed Platforms.ActiveCfg = Debug|x86
		{B9F150D5-EF9F-412E-B7D0-4A23373907D2}.Debug|Mixed Platforms.Build.0 = Debug|x86
		{B9F150D5-EF9F-412E-B7D0-4A23373907D2}.Debug|x86.ActiveCfg = Debug|x86
		{B9F150D5-EF9F-412E-B7D0-4A23373907D2}.Debug|x86.Build.0 = Debug|x86
		{B9F150D5-EF9F-412E-B7D0-4A23373907D2}.Release|Any CPU.ActiveCfg = Release|Any CPU
		{B9F150D5-EF9F-412E-B7D0-4A23373907D2}.Release|Any CPU.Build.0 = Release|Any CPU
		{B9F150D5-EF9F-412E-B7D0-4A23373907D2}.Release|Mixed Platforms.ActiveCfg = Release|x86
		{B9F150D5-EF9F-412E-B7D0-4A23373907D2}.Release|Mixed Platforms.Build.0 = Release|x86
		{B9F150D5-EF9F-412E-B7D0-4A23373907D2}.Release|x86.ActiveCfg = Release|x86
		{B9F150D5-EF9F-412E-B7D0-4A23373907D2}.Release|x86.Build.0 = Release|x86
		{FBCBF2F7-38CE-42AC-84BA-8DEC2ED8FF24}.client_debug|Any CPU.ActiveCfg = client_debug|Any CPU
		{FBCBF2F7-38CE-42AC-84BA-8DEC2ED8FF24}.client_debug|Any CPU.Build.0 = client_debug|Any CPU
		{FBCBF2F7-38CE-42AC-84BA-8DEC2ED8FF24}.client_debug|Mixed Platforms.ActiveCfg = client_debug|x86
		{FBCBF2F7-38CE-42AC-84BA-8DEC2ED8FF24}.client_debug|Mixed Platforms.Build.0 = client_debug|x86
		{FBCBF2F7-38CE-42AC-84BA-8DEC2ED8FF24}.client_debug|x86.ActiveCfg = client_debug|x86
		{FBCBF2F7-38CE-42AC-84BA-8DEC2ED8FF24}.client_debug|x86.Build.0 = client_debug|x86
		{FBCBF2F7-38CE-42AC-84BA-8DEC2ED8FF24}.Debug|Any CPU.ActiveCfg = Debug|Any CPU
		{FBCBF2F7-38CE-42AC-84BA-8DEC2ED8FF24}.Debug|Any CPU.Build.0 = Debug|Any CPU
		{FBCBF2F7-38CE-42AC-84BA-8DEC2ED8FF24}.Debug|Mixed Platforms.ActiveCfg = Debug|x86
		{FBCBF2F7-38CE-42AC-84BA-8DEC2ED8FF24}.Debug|Mixed Platforms.Build.0 = Debug|x86
		{FBCBF2F7-38CE-42AC-84BA-8DEC2ED8FF24}.Debug|x86.ActiveCfg = Debug|x86
		{FBCBF2F7-38CE-42AC-84BA-8DEC2ED8FF24}.Debug|x86.Build.0 = Debug|x86
		{FBCBF2F7-38CE-42AC-84BA-8DEC2ED8FF24}.Release|Any CPU.ActiveCfg = Release|Any CPU
		{FBCBF2F7-38CE-42AC-84BA-8DEC2ED8FF24}.Release|Any CPU.Build.0 = Release|Any CPU
		{FBCBF2F7-38CE-42AC-84BA-8DEC2ED8FF24}.Release|Mixed Platforms.ActiveCfg = Release|x86
		{FBCBF2F7-38CE-42AC-84BA-8DEC2ED8FF24}.Release|Mixed Platforms.Build.0 = Release|x86
		{FBCBF2F7-38CE-42AC-84BA-8DEC2ED8FF24}.Release|x86.ActiveCfg = Release|x86
		{FBCBF2F7-38CE-42AC-84BA-8DEC2ED8FF24}.Release|x86.Build.0 = Release|x86
		{DC90B51D-4A42-4C72-B2FA-30A565EB72C1}.client_debug|Any CPU.ActiveCfg = client_debug|Any CPU
		{DC90B51D-4A42-4C72-B2FA-30A565EB72C1}.client_debug|Any CPU.Build.0 = client_debug|Any CPU
		{DC90B51D-4A42-4C72-B2FA-30A565EB72C1}.client_debug|Mixed Platforms.ActiveCfg = client_debug|x86
		{DC90B51D-4A42-4C72-B2FA-30A565EB72C1}.client_debug|Mixed Platforms.Build.0 = client_debug|x86
		{DC90B51D-4A42-4C72-B2FA-30A565EB72C1}.client_debug|x86.ActiveCfg = client_debug|x86
		{DC90B51D-4A42-4C72-B2FA-30A565EB72C1}.client_debug|x86.Build.0 = client_debug|x86
		{DC90B51D-4A42-4C72-B2FA-30A565EB72C1}.Debug|Any CPU.ActiveCfg = Debug|Any CPU
		{DC90B51D-4A42-4C72-B2FA-30A565EB72C1}.Debug|Any CPU.Build.0 = Debug|Any CPU
		{DC90B51D-4A42-4C72-B2FA-30A565EB72C1}.Debug|Mixed Platforms.ActiveCfg = Debug|x86
		{DC90B51D-4A42-4C72-B2FA-30A565EB72C1}.Debug|Mixed Platforms.Build.0 = Debug|x86
		{DC90B51D-4A42-4C72-B2FA-30A565EB72C1}.Debug|x86.ActiveCfg = Debug|x86
		{DC90B51D-4A42-4C72-B2FA-30A565EB72C1}.Debug|x86.Build.0 = Debug|x86
		{DC90B51D-4A42-4C72-B2FA-30A565EB72C1}.Release|Any CPU.ActiveCfg = Release|Any CPU
		{DC90B51D-4A42-4C72-B2FA-30A565EB72C1}.Release|Any CPU.Build.0 = Release|Any CPU
		{DC90B51D-4A42-4C72-B2FA-30A565EB72C1}.Release|Mixed Platforms.ActiveCfg = Release|x86
		{DC90B51D-4A42-4C72-B2FA-30A565EB72C1}.Release|Mixed Platforms.Build.0 = Release|x86
		{DC90B51D-4A42-4C72-B2FA-30A565EB72C1}.Release|x86.ActiveCfg = Release|x86
		{DC90B51D-4A42-4C72-B2FA-30A565EB72C1}.Release|x86.Build.0 = Release|x86
		{40BDD4F4-D6EB-4C68-8916-6AED0E2C1361}.client_debug|Any CPU.ActiveCfg = client_debug|Any CPU
		{40BDD4F4-D6EB-4C68-8916-6AED0E2C1361}.client_debug|Any CPU.Build.0 = client_debug|Any CPU
		{40BDD4F4-D6EB-4C68-8916-6AED0E2C1361}.client_debug|Mixed Platforms.ActiveCfg = client_debug|x86
		{40BDD4F4-D6EB-4C68-8916-6AED0E2C1361}.client_debug|Mixed Platforms.Build.0 = client_debug|x86
		{40BDD4F4-D6EB-4C68-8916-6AED0E2C1361}.client_debug|x86.ActiveCfg = client_debug|x86
		{40BDD4F4-D6EB-4C68-8916-6AED0E2C1361}.client_debug|x86.Build.0 = client_debug|x86
		{40BDD4F4-D6EB-4C68-8916-6AED0E2C1361}.Debug|Any CPU.ActiveCfg = Debug|Any CPU
		{40BDD4F4-D6EB-4C68-8916-6AED0E2C1361}.Debug|Any CPU.Build.0 = Debug|Any CPU
		{40BDD4F4-D6EB-4C68-8916-6AED0E2C1361}.Debug|Mixed Platforms.ActiveCfg = Debug|x86
		{40BDD4F4-D6EB-4C68-8916-6AED0E2C1361}.Debug|Mixed Platforms.Build.0 = Debug|x86
		{40BDD4F4-D6EB-4C68-8916-6AED0E2C1361}.Debug|x86.ActiveCfg = Debug|x86
		{40BDD4F4-D6EB-4C68-8916-6AED0E2C1361}.Debug|x86.Build.0 = Debug|x86
		{40BDD4F4-D6EB-4C68-8916-6AED0E2C1361}.Release|Any CPU.ActiveCfg = Release|Any CPU
		{40BDD4F4-D6EB-4C68-8916-6AED0E2C1361}.Release|Any CPU.Build.0 = Release|Any CPU
		{40BDD4F4-D6EB-4C68-8916-6AED0E2C1361}.Release|Mixed Platforms.ActiveCfg = Release|x86
		{40BDD4F4-D6EB-4C68-8916-6AED0E2C1361}.Release|Mixed Platforms.Build.0 = Release|x86
		{40BDD4F4-D6EB-4C68-8916-6AED0E2C1361}.Release|x86.ActiveCfg = Release|x86
		{40BDD4F4-D6EB-4C68-8916-6AED0E2C1361}.Release|x86.Build.0 = Release|x86
		{03D00B0F-C1A7-41E0-ADD1-26147C9A0CFE}.client_debug|Any CPU.ActiveCfg = client_debug|Any CPU
		{03D00B0F-C1A7-41E0-ADD1-26147C9A0CFE}.client_debug|Any CPU.Build.0 = client_debug|Any CPU
		{03D00B0F-C1A7-41E0-ADD1-26147C9A0CFE}.client_debug|Mixed Platforms.ActiveCfg = client_debug|x86
		{03D00B0F-C1A7-41E0-ADD1-26147C9A0CFE}.client_debug|Mixed Platforms.Build.0 = client_debug|x86
		{03D00B0F-C1A7-41E0-ADD1-26147C9A0CFE}.client_debug|x86.ActiveCfg = client_debug|x86
		{03D00B0F-C1A7-41E0-ADD1-26147C9A0CFE}.client_debug|x86.Build.0 = client_debug|x86
		{03D00B0F-C1A7-41E0-ADD1-26147C9A0CFE}.Debug|Any CPU.ActiveCfg = Debug|Any CPU
		{03D00B0F-C1A7-41E0-ADD1-26147C9A0CFE}.Debug|Any CPU.Build.0 = Debug|Any CPU
		{03D00B0F-C1A7-41E0-ADD1-26147C9A0CFE}.Debug|Mixed Platforms.ActiveCfg = Debug|x86
		{03D00B0F-C1A7-41E0-ADD1-26147C9A0CFE}.Debug|Mixed Platforms.Build.0 = Debug|x86
		{03D00B0F-C1A7-41E0-ADD1-26147C9A0CFE}.Debug|x86.ActiveCfg = Debug|x86
		{03D00B0F-C1A7-41E0-ADD1-26147C9A0CFE}.Debug|x86.Build.0 = Debug|x86
		{03D00B0F-C1A7-41E0-ADD1-26147C9A0CFE}.Release|Any CPU.ActiveCfg = Release|Any CPU
		{03D00B0F-C1A7-41E0-ADD1-26147C9A0CFE}.Release|Any CPU.Build.0 = Release|Any CPU
		{03D00B0F-C1A7-41E0-ADD1-26147C9A0CFE}.Release|Mixed Platforms.ActiveCfg = Release|x86
		{03D00B0F-C1A7-41E0-ADD1-26147C9A0CFE}.Release|Mixed Platforms.Build.0 = Release|x86
		{03D00B0F-C1A7-41E0-ADD1-26147C9A0CFE}.Release|x86.ActiveCfg = Release|x86
		{03D00B0F-C1A7-41E0-ADD1-26147C9A0CFE}.Release|x86.Build.0 = Release|x86
		{4A8B679B-3FD5-481E-90E8-5424EDAFACF4}.client_debug|Any CPU.ActiveCfg = client_debug|Any CPU
		{4A8B679B-3FD5-481E-90E8-5424EDAFACF4}.client_debug|Any CPU.Build.0 = client_debug|Any CPU
		{4A8B679B-3FD5-481E-90E8-5424EDAFACF4}.client_debug|Mixed Platforms.ActiveCfg = client_debug|x86
		{4A8B679B-3FD5-481E-90E8-5424EDAFACF4}.client_debug|Mixed Platforms.Build.0 = client_debug|x86
		{4A8B679B-3FD5-481E-90E8-5424EDAFACF4}.client_debug|x86.ActiveCfg = client_debug|x86
		{4A8B679B-3FD5-481E-90E8-5424EDAFACF4}.client_debug|x86.Build.0 = client_debug|x86
		{4A8B679B-3FD5-481E-90E8-5424EDAFACF4}.Debug|Any CPU.ActiveCfg = Debug|Any CPU
		{4A8B679B-3FD5-481E-90E8-5424EDAFACF4}.Debug|Any CPU.Build.0 = Debug|Any CPU
		{4A8B679B-3FD5-481E-90E8-5424EDAFACF4}.Debug|Mixed Platforms.ActiveCfg = Debug|x86
		{4A8B679B-3FD5-481E-90E8-5424EDAFACF4}.Debug|Mixed Platforms.Build.0 = Debug|x86
		{4A8B679B-3FD5-481E-90E8-5424EDAFACF4}.Debug|x86.ActiveCfg = Debug|x86
		{4A8B679B-3FD5-481E-90E8-5424EDAFACF4}.Debug|x86.Build.0 = Debug|x86
		{4A8B679B-3FD5-481E-90E8-5424EDAFACF4}.Release|Any CPU.ActiveCfg = Release|Any CPU
		{4A8B679B-3FD5-481E-90E8-5424EDAFACF4}.Release|Any CPU.Build.0 = Release|Any CPU
		{4A8B679B-3FD5-481E-90E8-5424EDAFACF4}.Release|Mixed Platforms.ActiveCfg = Release|x86
		{4A8B679B-3FD5-481E-90E8-5424EDAFACF4}.Release|Mixed Platforms.Build.0 = Release|x86
		{4A8B679B-3FD5-481E-90E8-5424EDAFACF4}.Release|x86.ActiveCfg = Release|x86
		{4A8B679B-3FD5-481E-90E8-5424EDAFACF4}.Release|x86.Build.0 = Release|x86
		{A2EB6787-0DBB-4590-AC7E-BAC3587B2B7C}.client_debug|Any CPU.ActiveCfg = client_debug|Any CPU
		{A2EB6787-0DBB-4590-AC7E-BAC3587B2B7C}.client_debug|Any CPU.Build.0 = client_debug|Any CPU
		{A2EB6787-0DBB-4590-AC7E-BAC3587B2B7C}.client_debug|Mixed Platforms.ActiveCfg = client_debug|x86
		{A2EB6787-0DBB-4590-AC7E-BAC3587B2B7C}.client_debug|Mixed Platforms.Build.0 = client_debug|x86
		{A2EB6787-0DBB-4590-AC7E-BAC3587B2B7C}.client_debug|x86.ActiveCfg = client_debug|x86
		{A2EB6787-0DBB-4590-AC7E-BAC3587B2B7C}.client_debug|x86.Build.0 = client_debug|x86
		{A2EB6787-0DBB-4590-AC7E-BAC3587B2B7C}.Debug|Any CPU.ActiveCfg = Debug|Any CPU
		{A2EB6787-0DBB-4590-AC7E-BAC3587B2B7C}.Debug|Any CPU.Build.0 = Debug|Any CPU
		{A2EB6787-0DBB-4590-AC7E-BAC3587B2B7C}.Debug|Mixed Platforms.ActiveCfg = Debug|x86
		{A2EB6787-0DBB-4590-AC7E-BAC3587B2B7C}.Debug|Mixed Platforms.Build.0 = Debug|x86
		{A2EB6787-0DBB-4590-AC7E-BAC3587B2B7C}.Debug|x86.ActiveCfg = Debug|x86
		{A2EB6787-0DBB-4590-AC7E-BAC3587B2B7C}.Debug|x86.Build.0 = Debug|x86
		{A2EB6787-0DBB-4590-AC7E-BAC3587B2B7C}.Release|Any CPU.ActiveCfg = Release|Any CPU
		{A2EB6787-0DBB-4590-AC7E-BAC3587B2B7C}.Release|Any CPU.Build.0 = Release|Any CPU
		{A2EB6787-0DBB-4590-AC7E-BAC3587B2B7C}.Release|Mixed Platforms.ActiveCfg = Release|x86
		{A2EB6787-0DBB-4590-AC7E-BAC3587B2B7C}.Release|Mixed Platforms.Build.0 = Release|x86
		{A2EB6787-0DBB-4590-AC7E-BAC3587B2B7C}.Release|x86.ActiveCfg = Release|x86
		{A2EB6787-0DBB-4590-AC7E-BAC3587B2B7C}.Release|x86.Build.0 = Release|x86
		{A0BE693E-699A-4CDC-B81C-B3FF1DD1D5AC}.client_debug|Any CPU.ActiveCfg = client_debug|Any CPU
		{A0BE693E-699A-4CDC-B81C-B3FF1DD1D5AC}.client_debug|Any CPU.Build.0 = client_debug|Any CPU
		{A0BE693E-699A-4CDC-B81C-B3FF1DD1D5AC}.client_debug|Mixed Platforms.ActiveCfg = client_debug|x86
		{A0BE693E-699A-4CDC-B81C-B3FF1DD1D5AC}.client_debug|Mixed Platforms.Build.0 = client_debug|x86
		{A0BE693E-699A-4CDC-B81C-B3FF1DD1D5AC}.client_debug|x86.ActiveCfg = client_debug|x86
		{A0BE693E-699A-4CDC-B81C-B3FF1DD1D5AC}.client_debug|x86.Build.0 = client_debug|x86
		{A0BE693E-699A-4CDC-B81C-B3FF1DD1D5AC}.Debug|Any CPU.ActiveCfg = Debug|Any CPU
		{A0BE693E-699A-4CDC-B81C-B3FF1DD1D5AC}.Debug|Any CPU.Build.0 = Debug|Any CPU
		{A0BE693E-699A-4CDC-B81C-B3FF1DD1D5AC}.Debug|Mixed Platforms.ActiveCfg = Debug|x86
		{A0BE693E-699A-4CDC-B81C-B3FF1DD1D5AC}.Debug|Mixed Platforms.Build.0 = Debug|x86
		{A0BE693E-699A-4CDC-B81C-B3FF1DD1D5AC}.Debug|x86.ActiveCfg = Debug|x86
		{A0BE693E-699A-4CDC-B81C-B3FF1DD1D5AC}.Debug|x86.Build.0 = Debug|x86
		{A0BE693E-699A-4CDC-B81C-B3FF1DD1D5AC}.Release|Any CPU.ActiveCfg = Release|Any CPU
		{A0BE693E-699A-4CDC-B81C-B3FF1DD1D5AC}.Release|Any CPU.Build.0 = Release|Any CPU
		{A0BE693E-699A-4CDC-B81C-B3FF1DD1D5AC}.Release|Mixed Platforms.ActiveCfg = Release|x86
		{A0BE693E-699A-4CDC-B81C-B3FF1DD1D5AC}.Release|Mixed Platforms.Build.0 = Release|x86
		{A0BE693E-699A-4CDC-B81C-B3FF1DD1D5AC}.Release|x86.ActiveCfg = Release|x86
		{A0BE693E-699A-4CDC-B81C-B3FF1DD1D5AC}.Release|x86.Build.0 = Release|x86
		{2FD9DBF1-B96B-41E8-A637-FC3FEBD707F3}.client_debug|Any CPU.ActiveCfg = client_debug|Any CPU
		{2FD9DBF1-B96B-41E8-A637-FC3FEBD707F3}.client_debug|Any CPU.Build.0 = client_debug|Any CPU
		{2FD9DBF1-B96B-41E8-A637-FC3FEBD707F3}.client_debug|Mixed Platforms.ActiveCfg = client_debug|x86
		{2FD9DBF1-B96B-41E8-A637-FC3FEBD707F3}.client_debug|Mixed Platforms.Build.0 = client_debug|x86
		{2FD9DBF1-B96B-41E8-A637-FC3FEBD707F3}.client_debug|x86.ActiveCfg = client_debug|x86
		{2FD9DBF1-B96B-41E8-A637-FC3FEBD707F3}.client_debug|x86.Build.0 = client_debug|x86
		{2FD9DBF1-B96B-41E8-A637-FC3FEBD707F3}.Debug|Any CPU.ActiveCfg = Debug|Any CPU
		{2FD9DBF1-B96B-41E8-A637-FC3FEBD707F3}.Debug|Any CPU.Build.0 = Debug|Any CPU
		{2FD9DBF1-B96B-41E8-A637-FC3FEBD707F3}.Debug|Mixed Platforms.ActiveCfg = Debug|x86
		{2FD9DBF1-B96B-41E8-A637-FC3FEBD707F3}.Debug|Mixed Platforms.Build.0 = Debug|x86
		{2FD9DBF1-B96B-41E8-A637-FC3FEBD707F3}.Debug|x86.ActiveCfg = Debug|x86
		{2FD9DBF1-B96B-41E8-A637-FC3FEBD707F3}.Debug|x86.Build.0 = Debug|x86
		{2FD9DBF1-B96B-41E8-A637-FC3FEBD707F3}.Release|Any CPU.ActiveCfg = Release|Any CPU
		{2FD9DBF1-B96B-41E8-A637-FC3FEBD707F3}.Release|Any CPU.Build.0 = Release|Any CPU
		{2FD9DBF1-B96B-41E8-A637-FC3FEBD707F3}.Release|Mixed Platforms.ActiveCfg = Release|x86
		{2FD9DBF1-B96B-41E8-A637-FC3FEBD707F3}.Release|Mixed Platforms.Build.0 = Release|x86
		{2FD9DBF1-B96B-41E8-A637-FC3FEBD707F3}.Release|x86.ActiveCfg = Release|x86
		{2FD9DBF1-B96B-41E8-A637-FC3FEBD707F3}.Release|x86.Build.0 = Release|x86
		{DCFCC632-2849-421F-BF34-054B8DF0F6E9}.client_debug|Any CPU.ActiveCfg = client_debug|Any CPU
		{DCFCC632-2849-421F-BF34-054B8DF0F6E9}.client_debug|Any CPU.Build.0 = client_debug|Any CPU
		{DCFCC632-2849-421F-BF34-054B8DF0F6E9}.client_debug|Mixed Platforms.ActiveCfg = client_debug|x86
		{DCFCC632-2849-421F-BF34-054B8DF0F6E9}.client_debug|Mixed Platforms.Build.0 = client_debug|x86
		{DCFCC632-2849-421F-BF34-054B8DF0F6E9}.client_debug|x86.ActiveCfg = client_debug|x86
		{DCFCC632-2849-421F-BF34-054B8DF0F6E9}.client_debug|x86.Build.0 = client_debug|x86
		{DCFCC632-2849-421F-BF34-054B8DF0F6E9}.Debug|Any CPU.ActiveCfg = Debug|Any CPU
		{DCFCC632-2849-421F-BF34-054B8DF0F6E9}.Debug|Any CPU.Build.0 = Debug|Any CPU
		{DCFCC632-2849-421F-BF34-054B8DF0F6E9}.Debug|Mixed Platforms.ActiveCfg = Debug|x86
		{DCFCC632-2849-421F-BF34-054B8DF0F6E9}.Debug|Mixed Platforms.Build.0 = Debug|x86
		{DCFCC632-2849-421F-BF34-054B8DF0F6E9}.Debug|x86.ActiveCfg = Debug|x86
		{DCFCC632-2849-421F-BF34-054B8DF0F6E9}.Debug|x86.Build.0 = Debug|x86
		{DCFCC632-2849-421F-BF34-054B8DF0F6E9}.Release|Any CPU.ActiveCfg = Release|Any CPU
		{DCFCC632-2849-421F-BF34-054B8DF0F6E9}.Release|Any CPU.Build.0 = Release|Any CPU
		{DCFCC632-2849-421F-BF34-054B8DF0F6E9}.Release|Mixed Platforms.ActiveCfg = Release|x86
		{DCFCC632-2849-421F-BF34-054B8DF0F6E9}.Release|Mixed Platforms.Build.0 = Release|x86
		{DCFCC632-2849-421F-BF34-054B8DF0F6E9}.Release|x86.ActiveCfg = Release|x86
		{DCFCC632-2849-421F-BF34-054B8DF0F6E9}.Release|x86.Build.0 = Release|x86
		{769DFF6C-B952-40C4-B087-5C004E06D89C}.client_debug|Any CPU.ActiveCfg = client_debug|Any CPU
		{769DFF6C-B952-40C4-B087-5C004E06D89C}.client_debug|Any CPU.Build.0 = client_debug|Any CPU
		{769DFF6C-B952-40C4-B087-5C004E06D89C}.client_debug|Mixed Platforms.ActiveCfg = client_debug|x86
		{769DFF6C-B952-40C4-B087-5C004E06D89C}.client_debug|Mixed Platforms.Build.0 = client_debug|x86
		{769DFF6C-B952-40C4-B087-5C004E06D89C}.client_debug|x86.ActiveCfg = client_debug|x86
		{769DFF6C-B952-40C4-B087-5C004E06D89C}.client_debug|x86.Build.0 = client_debug|x86
		{769DFF6C-B952-40C4-B087-5C004E06D89C}.Debug|Any CPU.ActiveCfg = Debug|Any CPU
		{769DFF6C-B952-40C4-B087-5C004E06D89C}.Debug|Any CPU.Build.0 = Debug|Any CPU
		{769DFF6C-B952-40C4-B087-5C004E06D89C}.Debug|Mixed Platforms.ActiveCfg = Debug|x86
		{769DFF6C-B952-40C4-B087-5C004E06D89C}.Debug|Mixed Platforms.Build.0 = Debug|x86
		{769DFF6C-B952-40C4-B087-5C004E06D89C}.Debug|x86.ActiveCfg = Debug|x86
		{769DFF6C-B952-40C4-B087-5C004E06D89C}.Debug|x86.Build.0 = Debug|x86
		{769DFF6C-B952-40C4-B087-5C004E06D89C}.Release|Any CPU.ActiveCfg = Release|Any CPU
		{769DFF6C-B952-40C4-B087-5C004E06D89C}.Release|Any CPU.Build.0 = Release|Any CPU
		{769DFF6C-B952-40C4-B087-5C004E06D89C}.Release|Mixed Platforms.ActiveCfg = Release|x86
		{769DFF6C-B952-40C4-B087-5C004E06D89C}.Release|Mixed Platforms.Build.0 = Release|x86
		{769DFF6C-B952-40C4-B087-5C004E06D89C}.Release|x86.ActiveCfg = Release|x86
		{769DFF6C-B952-40C4-B087-5C004E06D89C}.Release|x86.Build.0 = Release|x86
		{2C7EDADC-5D8F-4424-A71F-2B8C3DC53DFF}.client_debug|Any CPU.ActiveCfg = client_debug|Any CPU
		{2C7EDADC-5D8F-4424-A71F-2B8C3DC53DFF}.client_debug|Any CPU.Build.0 = client_debug|Any CPU
		{2C7EDADC-5D8F-4424-A71F-2B8C3DC53DFF}.client_debug|Mixed Platforms.ActiveCfg = client_debug|x86
		{2C7EDADC-5D8F-4424-A71F-2B8C3DC53DFF}.client_debug|Mixed Platforms.Build.0 = client_debug|x86
		{2C7EDADC-5D8F-4424-A71F-2B8C3DC53DFF}.client_debug|x86.ActiveCfg = client_debug|x86
		{2C7EDADC-5D8F-4424-A71F-2B8C3DC53DFF}.client_debug|x86.Build.0 = client_debug|x86
		{2C7EDADC-5D8F-4424-A71F-2B8C3DC53DFF}.Debug|Any CPU.ActiveCfg = Debug|Any CPU
		{2C7EDADC-5D8F-4424-A71F-2B8C3DC53DFF}.Debug|Any CPU.Build.0 = Debug|Any CPU
		{2C7EDADC-5D8F-4424-A71F-2B8C3DC53DFF}.Debug|Mixed Platforms.ActiveCfg = Debug|x86
		{2C7EDADC-5D8F-4424-A71F-2B8C3DC53DFF}.Debug|Mixed Platforms.Build.0 = Debug|x86
		{2C7EDADC-5D8F-4424-A71F-2B8C3DC53DFF}.Debug|x86.ActiveCfg = Debug|x86
		{2C7EDADC-5D8F-4424-A71F-2B8C3DC53DFF}.Debug|x86.Build.0 = Debug|x86
		{2C7EDADC-5D8F-4424-A71F-2B8C3DC53DFF}.Release|Any CPU.ActiveCfg = Release|Any CPU
		{2C7EDADC-5D8F-4424-A71F-2B8C3DC53DFF}.Release|Any CPU.Build.0 = Release|Any CPU
		{2C7EDADC-5D8F-4424-A71F-2B8C3DC53DFF}.Release|Mixed Platforms.ActiveCfg = Release|x86
		{2C7EDADC-5D8F-4424-A71F-2B8C3DC53DFF}.Release|Mixed Platforms.Build.0 = Release|x86
		{2C7EDADC-5D8F-4424-A71F-2B8C3DC53DFF}.Release|x86.ActiveCfg = Release|x86
		{2C7EDADC-5D8F-4424-A71F-2B8C3DC53DFF}.Release|x86.Build.0 = Release|x86
		{3AE5D539-1251-4458-9B54-B201AAC29570}.client_debug|Any CPU.ActiveCfg = client_debug|Any CPU
		{3AE5D539-1251-4458-9B54-B201AAC29570}.client_debug|Any CPU.Build.0 = client_debug|Any CPU
		{3AE5D539-1251-4458-9B54-B201AAC29570}.client_debug|Mixed Platforms.ActiveCfg = client_debug|x86
		{3AE5D539-1251-4458-9B54-B201AAC29570}.client_debug|Mixed Platforms.Build.0 = client_debug|x86
		{3AE5D539-1251-4458-9B54-B201AAC29570}.client_debug|x86.ActiveCfg = client_debug|x86
		{3AE5D539-1251-4458-9B54-B201AAC29570}.client_debug|x86.Build.0 = client_debug|x86
		{3AE5D539-1251-4458-9B54-B201AAC29570}.Debug|Any CPU.ActiveCfg = Debug|Any CPU
		{3AE5D539-1251-4458-9B54-B201AAC29570}.Debug|Any CPU.Build.0 = Debug|Any CPU
		{3AE5D539-1251-4458-9B54-B201AAC29570}.Debug|Mixed Platforms.ActiveCfg = Debug|x86
		{3AE5D539-1251-4458-9B54-B201AAC29570}.Debug|Mixed Platforms.Build.0 = Debug|x86
		{3AE5D539-1251-4458-9B54-B201AAC29570}.Debug|x86.ActiveCfg = Debug|x86
		{3AE5D539-1251-4458-9B54-B201AAC29570}.Debug|x86.Build.0 = Debug|x86
		{3AE5D539-1251-4458-9B54-B201AAC29570}.Release|Any CPU.ActiveCfg = Release|Any CPU
		{3AE5D539-1251-4458-9B54-B201AAC29570}.Release|Any CPU.Build.0 = Release|Any CPU
		{3AE5D539-1251-4458-9B54-B201AAC29570}.Release|Mixed Platforms.ActiveCfg = Release|x86
		{3AE5D539-1251-4458-9B54-B201AAC29570}.Release|Mixed Platforms.Build.0 = Release|x86
		{3AE5D539-1251-4458-9B54-B201AAC29570}.Release|x86.ActiveCfg = Release|x86
		{3AE5D539-1251-4458-9B54-B201AAC29570}.Release|x86.Build.0 = Release|x86
		{3C1D38B8-C82C-4F68-8693-F58469EC4F04}.client_debug|Any CPU.ActiveCfg = client_debug|x86
		{3C1D38B8-C82C-4F68-8693-F58469EC4F04}.client_debug|Mixed Platforms.ActiveCfg = client_debug|x86
		{3C1D38B8-C82C-4F68-8693-F58469EC4F04}.client_debug|Mixed Platforms.Build.0 = client_debug|x86
		{3C1D38B8-C82C-4F68-8693-F58469EC4F04}.client_debug|x86.ActiveCfg = client_debug|x86
		{3C1D38B8-C82C-4F68-8693-F58469EC4F04}.client_debug|x86.Build.0 = client_debug|x86
		{3C1D38B8-C82C-4F68-8693-F58469EC4F04}.Debug|Any CPU.ActiveCfg = Debug|x86
		{3C1D38B8-C82C-4F68-8693-F58469EC4F04}.Debug|Mixed Platforms.ActiveCfg = Debug|x86
		{3C1D38B8-C82C-4F68-8693-F58469EC4F04}.Debug|Mixed Platforms.Build.0 = Debug|x86
		{3C1D38B8-C82C-4F68-8693-F58469EC4F04}.Debug|x86.ActiveCfg = Debug|x86
		{3C1D38B8-C82C-4F68-8693-F58469EC4F04}.Debug|x86.Build.0 = Debug|x86
		{3C1D38B8-C82C-4F68-8693-F58469EC4F04}.Release|Any CPU.ActiveCfg = Release|x86
		{3C1D38B8-C82C-4F68-8693-F58469EC4F04}.Release|Mixed Platforms.ActiveCfg = Release|x86
		{3C1D38B8-C82C-4F68-8693-F58469EC4F04}.Release|Mixed Platforms.Build.0 = Release|x86
		{3C1D38B8-C82C-4F68-8693-F58469EC4F04}.Release|x86.ActiveCfg = Release|x86
		{3C1D38B8-C82C-4F68-8693-F58469EC4F04}.Release|x86.Build.0 = Release|x86
		{41890715-179E-4940-85BC-FF5F72E32E8E}.client_debug|Any CPU.ActiveCfg = Debug|Any CPU
		{41890715-179E-4940-85BC-FF5F72E32E8E}.client_debug|Any CPU.Build.0 = Debug|Any CPU
		{41890715-179E-4940-85BC-FF5F72E32E8E}.client_debug|Mixed Platforms.ActiveCfg = Debug|Any CPU
		{41890715-179E-4940-85BC-FF5F72E32E8E}.client_debug|Mixed Platforms.Build.0 = Debug|Any CPU
		{41890715-179E-4940-85BC-FF5F72E32E8E}.client_debug|x86.ActiveCfg = Debug|Any CPU
		{41890715-179E-4940-85BC-FF5F72E32E8E}.Debug|Any CPU.ActiveCfg = Debug|Any CPU
		{41890715-179E-4940-85BC-FF5F72E32E8E}.Debug|Any CPU.Build.0 = Debug|Any CPU
		{41890715-179E-4940-85BC-FF5F72E32E8E}.Debug|Mixed Platforms.ActiveCfg = Debug|Any CPU
		{41890715-179E-4940-85BC-FF5F72E32E8E}.Debug|Mixed Platforms.Build.0 = Debug|Any CPU
		{41890715-179E-4940-85BC-FF5F72E32E8E}.Debug|x86.ActiveCfg = Debug|Any CPU
		{41890715-179E-4940-85BC-FF5F72E32E8E}.Release|Any CPU.ActiveCfg = Debug|Any CPU
		{41890715-179E-4940-85BC-FF5F72E32E8E}.Release|Any CPU.Build.0 = Debug|Any CPU
		{41890715-179E-4940-85BC-FF5F72E32E8E}.Release|Mixed Platforms.ActiveCfg = Debug|Any CPU
		{41890715-179E-4940-85BC-FF5F72E32E8E}.Release|Mixed Platforms.Build.0 = Debug|Any CPU
		{41890715-179E-4940-85BC-FF5F72E32E8E}.Release|x86.ActiveCfg = Debug|Any CPU
	EndGlobalSection
	GlobalSection(SolutionProperties) = preSolution
		HideSolutionNode = FALSE
	EndGlobalSection
EndGlobal
