
Microsoft Visual Studio Solution File, Format Version 12.00
# Visual Studio 2013
VisualStudioVersion = 12.0.30110.0
MinimumVisualStudioVersion = 10.0.40219.1
Project("{2150E333-8FDC-42A3-9474-1A3956D46DE8}") = "External", "External", "{A479913F-0D7A-4349-A5C5-AF26C918B3EE}"
EndProject
Project("{2150E333-8FDC-42A3-9474-1A3956D46DE8}") = "AvalonDock", "AvalonDock", "{7FDE3650-94C6-44E2-A48D-758837C25718}"
EndProject
Project("{FAE04EC0-301F-11D3-BF4B-00C04F79EFBC}") = "BodyArchitect.Model", "BodyArchitect.Model\BodyArchitect.Model.csproj", "{DC90B51D-4A42-4C72-B2FA-30A565EB72C1}"
EndProject
Project("{FAE04EC0-301F-11D3-BF4B-00C04F79EFBC}") = "BodyArchitect.Client.Common", "BodyArchitect.Client.Common\BodyArchitect.Client.Common.csproj", "{FB6880D6-08E2-4FB1-B308-8E0AD62B6BE2}"
EndProject
Project("{FAE04EC0-301F-11D3-BF4B-00C04F79EFBC}") = "BodyArchitect.Client.Module.A6W", "BodyArchitect.Client.Module.A6W\BodyArchitect.Client.Module.A6W.csproj", "{747566A9-A79A-4492-A0A0-0D1108D1D508}"
EndProject
Project("{FAE04EC0-301F-11D3-BF4B-00C04F79EFBC}") = "BodyArchitect.Client.Module.Blog", "BodyArchitect.Client.Module.Blog\BodyArchitect.Client.Module.Blog.csproj", "{229C7E61-5F0F-45A2-B02D-99E666B4B97A}"
EndProject
Project("{FAE04EC0-301F-11D3-BF4B-00C04F79EFBC}") = "BodyArchitect.Client.Module.Measurements", "BodyArchitect.Client.Module.Measurements\BodyArchitect.Client.Module.Measurements.csproj", "{B1299AA3-134F-42B3-A254-5ACEEDB56D2E}"
EndProject
Project("{FAE04EC0-301F-11D3-BF4B-00C04F79EFBC}") = "BodyArchitect.Client.Module.StrengthTraining", "BodyArchitect.Client.Module.StrengthTraining\BodyArchitect.Client.Module.StrengthTraining.csproj", "{E4814A24-197F-461A-8230-191D832C4140}"
EndProject
Project("{FAE04EC0-301F-11D3-BF4B-00C04F79EFBC}") = "BodyArchitect.Client.Module.Suplements", "BodyArchitect.Client.Module.Suplements\BodyArchitect.Client.Module.Suplements.csproj", "{2137E4BB-8353-4F94-A449-22AC99731AD8}"
EndProject
Project("{FAE04EC0-301F-11D3-BF4B-00C04F79EFBC}") = "BodyArchitect.Client.Resources", "BodyArchitect.Client.Resources\BodyArchitect.Client.Resources.csproj", "{06E5FC11-6938-4226-9567-ACD5B75619EE}"
EndProject
Project("{FAE04EC0-301F-11D3-BF4B-00C04F79EFBC}") = "BodyArchitect.Client.UI", "BodyArchitect.Client.UI\BodyArchitect.Client.UI.csproj", "{88EEC43D-7F8E-46DA-8734-94664C03E246}"
EndProject
Project("{FAE04EC0-301F-11D3-BF4B-00C04F79EFBC}") = "BodyArchitect.Client.WCF", "BodyArchitect.Client.WCF\BodyArchitect.Client.WCF.csproj", "{E0C4293B-9D71-4415-8062-4C35ADD13640}"
	ProjectSection(ProjectDependencies) = postProject
		{CC79D08E-C472-4B56-935D-50C4B664B771} = {CC79D08E-C472-4B56-935D-50C4B664B771}
	EndProjectSection
EndProject
Project("{FAE04EC0-301F-11D3-BF4B-00C04F79EFBC}") = "BodyArchitect.DataAccess.NHibernate", "BodyArchitect.DataAccess.NHibernate\BodyArchitect.DataAccess.NHibernate.csproj", "{B9F150D5-EF9F-412E-B7D0-4A23373907D2}"
EndProject
Project("{FAE04EC0-301F-11D3-BF4B-00C04F79EFBC}") = "BodyArchitect.Logger", "BodyArchitect.Logger\BodyArchitect.Logger.csproj", "{FBCBF2F7-38CE-42AC-84BA-8DEC2ED8FF24}"
EndProject
Project("{FAE04EC0-301F-11D3-BF4B-00C04F79EFBC}") = "BodyArchitect.Service.V2", "BodyArchitect.Service.V2\BodyArchitect.Service.V2.csproj", "{2FD9DBF1-B96B-41E8-A637-FC3FEBD707F3}"
EndProject
Project("{FAE04EC0-301F-11D3-BF4B-00C04F79EFBC}") = "BodyArchitect.Service.V2.Model", "BodyArchitect.Service.V2.Model\BodyArchitect.Service.V2.Model.csproj", "{DCFCC632-2849-421F-BF34-054B8DF0F6E9}"
EndProject
Project("{FAE04EC0-301F-11D3-BF4B-00C04F79EFBC}") = "BodyArchitect.Settings", "BodyArchitect.Settings\BodyArchitect.Settings.csproj", "{769DFF6C-B952-40C4-B087-5C004E06D89C}"
EndProject
Project("{FAE04EC0-301F-11D3-BF4B-00C04F79EFBC}") = "BodyArchitect.Shared", "BodyArchitect.Shared\BodyArchitect.Shared.csproj", "{2C7EDADC-5D8F-4424-A71F-2B8C3DC53DFF}"
EndProject
Project("{FAE04EC0-301F-11D3-BF4B-00C04F79EFBC}") = "BodyArchitect.UnitTests.V2", "BodyArchitect.UnitTests.V2\BodyArchitect.UnitTests.V2.csproj", "{3AE5D539-1251-4458-9B54-B201AAC29570}"
EndProject
Project("{E24C65DC-7377-472B-9ABA-BC803B73C61A}") = "BodyArchitectWebSite", "http://localhost/BodyArchitectWebSite", "{CC79D08E-C472-4B56-935D-50C4B664B771}"
	ProjectSection(WebsiteProperties) = preProject
		SccProjectName = "SAK"
		SccAuxPath = "SAK"
		SccLocalPath = "SAK"
		SccProvider = "SAK"
		UseIISExpress = "false"
		TargetFrameworkMoniker = ".NETFramework,Version%3Dv4.0"
		ProjectReferences = "{B9F150D5-EF9F-412E-B7D0-4A23373907D2}|BodyArchitect.DataAccess.NHibernate.dll;{FBCBF2F7-38CE-42AC-84BA-8DEC2ED8FF24}|BodyArchitect.Logger.dll;{769DFF6C-B952-40C4-B087-5C004E06D89C}|BodyArchitect.Settings.dll;{DC90B51D-4A42-4C72-B2FA-30A565EB72C1}|BodyArchitect.Model.dll;{2C7EDADC-5D8F-4424-A71F-2B8C3DC53DFF}|BodyArchitect.Shared.dll;{2FD9DBF1-B96B-41E8-A637-FC3FEBD707F3}|BodyArchitect.Service.V2.dll;{DCFCC632-2849-421F-BF34-054B8DF0F6E9}|BodyArchitect.Service.V2.Model.dll;{B0DEFC8A-B85B-4D7E-AAED-985FEF7733A3}|BodyArchitect.Portable.dll;"
		Debug.AspNetCompiler.VirtualPath = "/BodyArchitectWebSite"
		Debug.AspNetCompiler.PhysicalPath = "BodyArchitectWebSite\"
		Debug.AspNetCompiler.TargetPath = "PrecompiledWeb\BodyArchitectWebSite\"
		Debug.AspNetCompiler.Updateable = "true"
		Debug.AspNetCompiler.ForceOverwrite = "true"
		Debug.AspNetCompiler.FixedNames = "false"
		Debug.AspNetCompiler.Debug = "True"
		Release.AspNetCompiler.VirtualPath = "/BodyArchitectWebSite"
		Release.AspNetCompiler.PhysicalPath = "BodyArchitectWebSite\"
		Release.AspNetCompiler.TargetPath = "PrecompiledWeb\BodyArchitectWebSite\"
		Release.AspNetCompiler.Updateable = "true"
		Release.AspNetCompiler.ForceOverwrite = "true"
		Release.AspNetCompiler.FixedNames = "false"
		Release.AspNetCompiler.Debug = "False"
		SlnRelativePath = "BodyArchitectWebSite\"
	EndProjectSection
	ProjectSection(WebsiteProperties) = preProject
		SccProjectName = "SAK"
		SccAuxPath = "SAK"
		SccLocalPath = "SAK"
		SccProvider = "SAK"
		UseIISExpress = "false"
		TargetFrameworkMoniker = ".NETFramework,Version%3Dv4.0"
		ProjectReferences = "{B9F150D5-EF9F-412E-B7D0-4A23373907D2}|BodyArchitect.DataAccess.NHibernate.dll;{FBCBF2F7-38CE-42AC-84BA-8DEC2ED8FF24}|BodyArchitect.Logger.dll;{769DFF6C-B952-40C4-B087-5C004E06D89C}|BodyArchitect.Settings.dll;{DC90B51D-4A42-4C72-B2FA-30A565EB72C1}|BodyArchitect.Model.dll;{2C7EDADC-5D8F-4424-A71F-2B8C3DC53DFF}|BodyArchitect.Shared.dll;{2FD9DBF1-B96B-41E8-A637-FC3FEBD707F3}|BodyArchitect.Service.V2.dll;{DCFCC632-2849-421F-BF34-054B8DF0F6E9}|BodyArchitect.Service.V2.Model.dll;{B0DEFC8A-B85B-4D7E-AAED-985FEF7733A3}|BodyArchitect.Portable.dll;"
		Debug.AspNetCompiler.VirtualPath = "/BodyArchitectWebSite"
		Debug.AspNetCompiler.PhysicalPath = "BodyArchitectWebSite\"
		Debug.AspNetCompiler.TargetPath = "PrecompiledWeb\BodyArchitectWebSite\"
		Debug.AspNetCompiler.Updateable = "true"
		Debug.AspNetCompiler.ForceOverwrite = "true"
		Debug.AspNetCompiler.FixedNames = "false"
		Debug.AspNetCompiler.Debug = "True"
		Release.AspNetCompiler.VirtualPath = "/BodyArchitectWebSite"
		Release.AspNetCompiler.PhysicalPath = "BodyArchitectWebSite\"
		Release.AspNetCompiler.TargetPath = "PrecompiledWeb\BodyArchitectWebSite\"
		Release.AspNetCompiler.Updateable = "true"
		Release.AspNetCompiler.ForceOverwrite = "true"
		Release.AspNetCompiler.FixedNames = "false"
		Release.AspNetCompiler.Debug = "False"
		SlnRelativePath = "BodyArchitectWebSite\"
	EndProjectSection
EndProject
Project("{FAE04EC0-301F-11D3-BF4B-00C04F79EFBC}") = "BodyInstructor", "BodyInstructor\BodyInstructor.csproj", "{2732CE77-812B-4BA3-82C3-7684019E8C58}"
EndProject
Project("{FAE04EC0-301F-11D3-BF4B-00C04F79EFBC}") = "BodyArchitect.Client.Module.Instructor", "BodyArchitect.Client.Module.Instructor\BodyArchitect.Client.Module.Instructor.csproj", "{ABAA332D-F12A-42F5-B889-11995EC79F67}"
EndProject
Project("{FAE04EC0-301F-11D3-BF4B-00C04F79EFBC}") = "BodyArchitectTools", "BodyArchitectTools\BodyArchitectTools.csproj", "{3C1D38B8-C82C-4F68-8693-F58469EC4F04}"
EndProject
Project("{FAE04EC0-301F-11D3-BF4B-00C04F79EFBC}") = "AvalonDock", "External\AvalonDock\AvalonDock\AvalonDock.csproj", "{DB81988F-E0F2-45A0-A1FD-8C37F3D35244}"
EndProject
Project("{FAE04EC0-301F-11D3-BF4B-00C04F79EFBC}") = "AvalonDock.Themes.Expression", "External\AvalonDock\AvalonDock.Themes.Expression\AvalonDock.Themes.Expression.csproj", "{488DD8F7-9D3C-4F53-BD1F-84A095D9BC10}"
EndProject
Project("{FAE04EC0-301F-11D3-BF4B-00C04F79EFBC}") = "DsxGridCtrl", "External\DsxGridCtrl\DsxGridCtrl.csproj", "{32C07B1C-0A43-4AC9-BB5D-06F20042D5EE}"
EndProject
Project("{FAE04EC0-301F-11D3-BF4B-00C04F79EFBC}") = "BodyArchitect.Portable", "BodyArchitect.Portable\BodyArchitect.Portable.csproj", "{B0DEFC8A-B85B-4D7E-AAED-985FEF7733A3}"
EndProject
Project("{FAE04EC0-301F-11D3-BF4B-00C04F79EFBC}") = "BodyArchitect.Client.Module.GPSTracker", "BodyArchitect.Client.Module.GPSTracker\BodyArchitect.Client.Module.GPSTracker.csproj", "{F362CA38-729B-42E7-A0DF-3A89F33EB29E}"
EndProject
Project("{2150E333-8FDC-42A3-9474-1A3956D46DE8}") = ".nuget", ".nuget", "{6140CD00-5136-4AF1-844B-88B0402CB08F}"
	ProjectSection(SolutionItems) = preProject
		.nuget\NuGet.Config = .nuget\NuGet.Config
		.nuget\NuGet.exe = .nuget\NuGet.exe
		.nuget\NuGet.targets = .nuget\NuGet.targets
		.nuget\packages.config = .nuget\packages.config
	EndProjectSection
EndProject
Global
	GlobalSection(SolutionConfigurationPlatforms) = preSolution
		client_debug|Any CPU = client_debug|Any CPU
		client_debug|Mixed Platforms = client_debug|Mixed Platforms
		client_debug|x86 = client_debug|x86
		Debug|Any CPU = Debug|Any CPU
		Debug|Mixed Platforms = Debug|Mixed Platforms
		Debug|x86 = Debug|x86
		Release|Any CPU = Release|Any CPU
		Release|Mixed Platforms = Release|Mixed Platforms
		Release|x86 = Release|x86
	EndGlobalSection
	GlobalSection(ProjectConfigurationPlatforms) = postSolution
		{DC90B51D-4A42-4C72-B2FA-30A565EB72C1}.client_debug|Any CPU.ActiveCfg = client_debug|Any CPU
		{DC90B51D-4A42-4C72-B2FA-30A565EB72C1}.client_debug|Any CPU.Build.0 = client_debug|Any CPU
		{DC90B51D-4A42-4C72-B2FA-30A565EB72C1}.client_debug|Mixed Platforms.ActiveCfg = client_debug|x86
		{DC90B51D-4A42-4C72-B2FA-30A565EB72C1}.client_debug|Mixed Platforms.Build.0 = client_debug|x86
		{DC90B51D-4A42-4C72-B2FA-30A565EB72C1}.client_debug|x86.ActiveCfg = client_debug|x86
		{DC90B51D-4A42-4C72-B2FA-30A565EB72C1}.client_debug|x86.Build.0 = client_debug|x86
		{DC90B51D-4A42-4C72-B2FA-30A565EB72C1}.Debug|Any CPU.ActiveCfg = Debug|Any CPU
		{DC90B51D-4A42-4C72-B2FA-30A565EB72C1}.Debug|Any CPU.Build.0 = Debug|Any CPU
		{DC90B51D-4A42-4C72-B2FA-30A565EB72C1}.Debug|Mixed Platforms.ActiveCfg = Debug|Any CPU
		{DC90B51D-4A42-4C72-B2FA-30A565EB72C1}.Debug|Mixed Platforms.Build.0 = Debug|Any CPU
		{DC90B51D-4A42-4C72-B2FA-30A565EB72C1}.Debug|x86.ActiveCfg = Debug|x86
		{DC90B51D-4A42-4C72-B2FA-30A565EB72C1}.Debug|x86.Build.0 = Debug|x86
		{DC90B51D-4A42-4C72-B2FA-30A565EB72C1}.Release|Any CPU.ActiveCfg = Release|Any CPU
		{DC90B51D-4A42-4C72-B2FA-30A565EB72C1}.Release|Any CPU.Build.0 = Release|Any CPU
		{DC90B51D-4A42-4C72-B2FA-30A565EB72C1}.Release|Mixed Platforms.ActiveCfg = Release|x86
		{DC90B51D-4A42-4C72-B2FA-30A565EB72C1}.Release|Mixed Platforms.Build.0 = Release|x86
		{DC90B51D-4A42-4C72-B2FA-30A565EB72C1}.Release|x86.ActiveCfg = Release|x86
		{DC90B51D-4A42-4C72-B2FA-30A565EB72C1}.Release|x86.Build.0 = Release|x86
		{FB6880D6-08E2-4FB1-B308-8E0AD62B6BE2}.client_debug|Any CPU.ActiveCfg = client_debug|Any CPU
		{FB6880D6-08E2-4FB1-B308-8E0AD62B6BE2}.client_debug|Any CPU.Build.0 = client_debug|Any CPU
		{FB6880D6-08E2-4FB1-B308-8E0AD62B6BE2}.client_debug|Mixed Platforms.ActiveCfg = client_debug|x86
		{FB6880D6-08E2-4FB1-B308-8E0AD62B6BE2}.client_debug|Mixed Platforms.Build.0 = client_debug|x86
		{FB6880D6-08E2-4FB1-B308-8E0AD62B6BE2}.client_debug|x86.ActiveCfg = client_debug|x86
		{FB6880D6-08E2-4FB1-B308-8E0AD62B6BE2}.client_debug|x86.Build.0 = client_debug|x86
		{FB6880D6-08E2-4FB1-B308-8E0AD62B6BE2}.Debug|Any CPU.ActiveCfg = Debug|Any CPU
		{FB6880D6-08E2-4FB1-B308-8E0AD62B6BE2}.Debug|Any CPU.Build.0 = Debug|Any CPU
		{FB6880D6-08E2-4FB1-B308-8E0AD62B6BE2}.Debug|Mixed Platforms.ActiveCfg = Debug|x86
		{FB6880D6-08E2-4FB1-B308-8E0AD62B6BE2}.Debug|Mixed Platforms.Build.0 = Debug|x86
		{FB6880D6-08E2-4FB1-B308-8E0AD62B6BE2}.Debug|x86.ActiveCfg = Debug|x86
		{FB6880D6-08E2-4FB1-B308-8E0AD62B6BE2}.Debug|x86.Build.0 = Debug|x86
		{FB6880D6-08E2-4FB1-B308-8E0AD62B6BE2}.Release|Any CPU.ActiveCfg = Release|Any CPU
		{FB6880D6-08E2-4FB1-B308-8E0AD62B6BE2}.Release|Any CPU.Build.0 = Release|Any CPU
		{FB6880D6-08E2-4FB1-B308-8E0AD62B6BE2}.Release|Mixed Platforms.ActiveCfg = Release|x86
		{FB6880D6-08E2-4FB1-B308-8E0AD62B6BE2}.Release|Mixed Platforms.Build.0 = Release|x86
		{FB6880D6-08E2-4FB1-B308-8E0AD62B6BE2}.Release|x86.ActiveCfg = Release|x86
		{FB6880D6-08E2-4FB1-B308-8E0AD62B6BE2}.Release|x86.Build.0 = Release|x86
		{747566A9-A79A-4492-A0A0-0D1108D1D508}.client_debug|Any CPU.ActiveCfg = client_debug|Any CPU
		{747566A9-A79A-4492-A0A0-0D1108D1D508}.client_debug|Any CPU.Build.0 = client_debug|Any CPU
		{747566A9-A79A-4492-A0A0-0D1108D1D508}.client_debug|Mixed Platforms.ActiveCfg = client_debug|x86
		{747566A9-A79A-4492-A0A0-0D1108D1D508}.client_debug|Mixed Platforms.Build.0 = client_debug|x86
		{747566A9-A79A-4492-A0A0-0D1108D1D508}.client_debug|x86.ActiveCfg = client_debug|x86
		{747566A9-A79A-4492-A0A0-0D1108D1D508}.client_debug|x86.Build.0 = client_debug|x86
		{747566A9-A79A-4492-A0A0-0D1108D1D508}.Debug|Any CPU.ActiveCfg = Debug|Any CPU
		{747566A9-A79A-4492-A0A0-0D1108D1D508}.Debug|Any CPU.Build.0 = Debug|Any CPU
		{747566A9-A79A-4492-A0A0-0D1108D1D508}.Debug|Mixed Platforms.ActiveCfg = Debug|x86
		{747566A9-A79A-4492-A0A0-0D1108D1D508}.Debug|Mixed Platforms.Build.0 = Debug|x86
		{747566A9-A79A-4492-A0A0-0D1108D1D508}.Debug|x86.ActiveCfg = Debug|x86
		{747566A9-A79A-4492-A0A0-0D1108D1D508}.Debug|x86.Build.0 = Debug|x86
		{747566A9-A79A-4492-A0A0-0D1108D1D508}.Release|Any CPU.ActiveCfg = Release|Any CPU
		{747566A9-A79A-4492-A0A0-0D1108D1D508}.Release|Any CPU.Build.0 = Release|Any CPU
		{747566A9-A79A-4492-A0A0-0D1108D1D508}.Release|Mixed Platforms.ActiveCfg = Release|x86
		{747566A9-A79A-4492-A0A0-0D1108D1D508}.Release|Mixed Platforms.Build.0 = Release|x86
		{747566A9-A79A-4492-A0A0-0D1108D1D508}.Release|x86.ActiveCfg = Release|x86
		{747566A9-A79A-4492-A0A0-0D1108D1D508}.Release|x86.Build.0 = Release|x86
		{229C7E61-5F0F-45A2-B02D-99E666B4B97A}.client_debug|Any CPU.ActiveCfg = client_debug|Any CPU
		{229C7E61-5F0F-45A2-B02D-99E666B4B97A}.client_debug|Any CPU.Build.0 = client_debug|Any CPU
		{229C7E61-5F0F-45A2-B02D-99E666B4B97A}.client_debug|Mixed Platforms.ActiveCfg = client_debug|x86
		{229C7E61-5F0F-45A2-B02D-99E666B4B97A}.client_debug|Mixed Platforms.Build.0 = client_debug|x86
		{229C7E61-5F0F-45A2-B02D-99E666B4B97A}.client_debug|x86.ActiveCfg = client_debug|x86
		{229C7E61-5F0F-45A2-B02D-99E666B4B97A}.client_debug|x86.Build.0 = client_debug|x86
		{229C7E61-5F0F-45A2-B02D-99E666B4B97A}.Debug|Any CPU.ActiveCfg = Debug|Any CPU
		{229C7E61-5F0F-45A2-B02D-99E666B4B97A}.Debug|Any CPU.Build.0 = Debug|Any CPU
		{229C7E61-5F0F-45A2-B02D-99E666B4B97A}.Debug|Mixed Platforms.ActiveCfg = Debug|x86
		{229C7E61-5F0F-45A2-B02D-99E666B4B97A}.Debug|Mixed Platforms.Build.0 = Debug|x86
		{229C7E61-5F0F-45A2-B02D-99E666B4B97A}.Debug|x86.ActiveCfg = Debug|x86
		{229C7E61-5F0F-45A2-B02D-99E666B4B97A}.Debug|x86.Build.0 = Debug|x86
		{229C7E61-5F0F-45A2-B02D-99E666B4B97A}.Release|Any CPU.ActiveCfg = Release|Any CPU
		{229C7E61-5F0F-45A2-B02D-99E666B4B97A}.Release|Any CPU.Build.0 = Release|Any CPU
		{229C7E61-5F0F-45A2-B02D-99E666B4B97A}.Release|Mixed Platforms.ActiveCfg = Release|x86
		{229C7E61-5F0F-45A2-B02D-99E666B4B97A}.Release|Mixed Platforms.Build.0 = Release|x86
		{229C7E61-5F0F-45A2-B02D-99E666B4B97A}.Release|x86.ActiveCfg = Release|x86
		{229C7E61-5F0F-45A2-B02D-99E666B4B97A}.Release|x86.Build.0 = Release|x86
		{B1299AA3-134F-42B3-A254-5ACEEDB56D2E}.client_debug|Any CPU.ActiveCfg = client_debug|Any CPU
		{B1299AA3-134F-42B3-A254-5ACEEDB56D2E}.client_debug|Any CPU.Build.0 = client_debug|Any CPU
		{B1299AA3-134F-42B3-A254-5ACEEDB56D2E}.client_debug|Mixed Platforms.ActiveCfg = client_debug|x86
		{B1299AA3-134F-42B3-A254-5ACEEDB56D2E}.client_debug|Mixed Platforms.Build.0 = client_debug|x86
		{B1299AA3-134F-42B3-A254-5ACEEDB56D2E}.client_debug|x86.ActiveCfg = client_debug|x86
		{B1299AA3-134F-42B3-A254-5ACEEDB56D2E}.client_debug|x86.Build.0 = client_debug|x86
		{B1299AA3-134F-42B3-A254-5ACEEDB56D2E}.Debug|Any CPU.ActiveCfg = Debug|Any CPU
		{B1299AA3-134F-42B3-A254-5ACEEDB56D2E}.Debug|Any CPU.Build.0 = Debug|Any CPU
		{B1299AA3-134F-42B3-A254-5ACEEDB56D2E}.Debug|Mixed Platforms.ActiveCfg = Debug|x86
		{B1299AA3-134F-42B3-A254-5ACEEDB56D2E}.Debug|Mixed Platforms.Build.0 = Debug|x86
		{B1299AA3-134F-42B3-A254-5ACEEDB56D2E}.Debug|x86.ActiveCfg = Debug|x86
		{B1299AA3-134F-42B3-A254-5ACEEDB56D2E}.Debug|x86.Build.0 = Debug|x86
		{B1299AA3-134F-42B3-A254-5ACEEDB56D2E}.Release|Any CPU.ActiveCfg = Release|Any CPU
		{B1299AA3-134F-42B3-A254-5ACEEDB56D2E}.Release|Any CPU.Build.0 = Release|Any CPU
		{B1299AA3-134F-42B3-A254-5ACEEDB56D2E}.Release|Mixed Platforms.ActiveCfg = Release|x86
		{B1299AA3-134F-42B3-A254-5ACEEDB56D2E}.Release|Mixed Platforms.Build.0 = Release|x86
		{B1299AA3-134F-42B3-A254-5ACEEDB56D2E}.Release|x86.ActiveCfg = Release|x86
		{B1299AA3-134F-42B3-A254-5ACEEDB56D2E}.Release|x86.Build.0 = Release|x86
		{E4814A24-197F-461A-8230-191D832C4140}.client_debug|Any CPU.ActiveCfg = client_debug|Any CPU
		{E4814A24-197F-461A-8230-191D832C4140}.client_debug|Any CPU.Build.0 = client_debug|Any CPU
		{E4814A24-197F-461A-8230-191D832C4140}.client_debug|Mixed Platforms.ActiveCfg = client_debug|x86
		{E4814A24-197F-461A-8230-191D832C4140}.client_debug|Mixed Platforms.Build.0 = client_debug|x86
		{E4814A24-197F-461A-8230-191D832C4140}.client_debug|x86.ActiveCfg = client_debug|x86
		{E4814A24-197F-461A-8230-191D832C4140}.client_debug|x86.Build.0 = client_debug|x86
		{E4814A24-197F-461A-8230-191D832C4140}.Debug|Any CPU.ActiveCfg = Debug|Any CPU
		{E4814A24-197F-461A-8230-191D832C4140}.Debug|Any CPU.Build.0 = Debug|Any CPU
		{E4814A24-197F-461A-8230-191D832C4140}.Debug|Mixed Platforms.ActiveCfg = Debug|x86
		{E4814A24-197F-461A-8230-191D832C4140}.Debug|Mixed Platforms.Build.0 = Debug|x86
		{E4814A24-197F-461A-8230-191D832C4140}.Debug|x86.ActiveCfg = Debug|x86
		{E4814A24-197F-461A-8230-191D832C4140}.Debug|x86.Build.0 = Debug|x86
		{E4814A24-197F-461A-8230-191D832C4140}.Release|Any CPU.ActiveCfg = Release|Any CPU
		{E4814A24-197F-461A-8230-191D832C4140}.Release|Any CPU.Build.0 = Release|Any CPU
		{E4814A24-197F-461A-8230-191D832C4140}.Release|Mixed Platforms.ActiveCfg = Release|x86
		{E4814A24-197F-461A-8230-191D832C4140}.Release|Mixed Platforms.Build.0 = Release|x86
		{E4814A24-197F-461A-8230-191D832C4140}.Release|x86.ActiveCfg = Release|x86
		{E4814A24-197F-461A-8230-191D832C4140}.Release|x86.Build.0 = Release|x86
		{2137E4BB-8353-4F94-A449-22AC99731AD8}.client_debug|Any CPU.ActiveCfg = client_debug|Any CPU
		{2137E4BB-8353-4F94-A449-22AC99731AD8}.client_debug|Any CPU.Build.0 = client_debug|Any CPU
		{2137E4BB-8353-4F94-A449-22AC99731AD8}.client_debug|Mixed Platforms.ActiveCfg = client_debug|x86
		{2137E4BB-8353-4F94-A449-22AC99731AD8}.client_debug|Mixed Platforms.Build.0 = client_debug|x86
		{2137E4BB-8353-4F94-A449-22AC99731AD8}.client_debug|x86.ActiveCfg = client_debug|x86
		{2137E4BB-8353-4F94-A449-22AC99731AD8}.client_debug|x86.Build.0 = client_debug|x86
		{2137E4BB-8353-4F94-A449-22AC99731AD8}.Debug|Any CPU.ActiveCfg = Debug|Any CPU
		{2137E4BB-8353-4F94-A449-22AC99731AD8}.Debug|Any CPU.Build.0 = Debug|Any CPU
		{2137E4BB-8353-4F94-A449-22AC99731AD8}.Debug|Mixed Platforms.ActiveCfg = Debug|x86
		{2137E4BB-8353-4F94-A449-22AC99731AD8}.Debug|Mixed Platforms.Build.0 = Debug|x86
		{2137E4BB-8353-4F94-A449-22AC99731AD8}.Debug|x86.ActiveCfg = Debug|x86
		{2137E4BB-8353-4F94-A449-22AC99731AD8}.Debug|x86.Build.0 = Debug|x86
		{2137E4BB-8353-4F94-A449-22AC99731AD8}.Release|Any CPU.ActiveCfg = Release|Any CPU
		{2137E4BB-8353-4F94-A449-22AC99731AD8}.Release|Any CPU.Build.0 = Release|Any CPU
		{2137E4BB-8353-4F94-A449-22AC99731AD8}.Release|Mixed Platforms.ActiveCfg = Release|x86
		{2137E4BB-8353-4F94-A449-22AC99731AD8}.Release|Mixed Platforms.Build.0 = Release|x86
		{2137E4BB-8353-4F94-A449-22AC99731AD8}.Release|x86.ActiveCfg = Release|x86
		{2137E4BB-8353-4F94-A449-22AC99731AD8}.Release|x86.Build.0 = Release|x86
		{06E5FC11-6938-4226-9567-ACD5B75619EE}.client_debug|Any CPU.ActiveCfg = client_debug|Any CPU
		{06E5FC11-6938-4226-9567-ACD5B75619EE}.client_debug|Any CPU.Build.0 = client_debug|Any CPU
		{06E5FC11-6938-4226-9567-ACD5B75619EE}.client_debug|Mixed Platforms.ActiveCfg = client_debug|x86
		{06E5FC11-6938-4226-9567-ACD5B75619EE}.client_debug|Mixed Platforms.Build.0 = client_debug|x86
		{06E5FC11-6938-4226-9567-ACD5B75619EE}.client_debug|x86.ActiveCfg = client_debug|x86
		{06E5FC11-6938-4226-9567-ACD5B75619EE}.client_debug|x86.Build.0 = client_debug|x86
		{06E5FC11-6938-4226-9567-ACD5B75619EE}.Debug|Any CPU.ActiveCfg = Debug|Any CPU
		{06E5FC11-6938-4226-9567-ACD5B75619EE}.Debug|Any CPU.Build.0 = Debug|Any CPU
		{06E5FC11-6938-4226-9567-ACD5B75619EE}.Debug|Mixed Platforms.ActiveCfg = Debug|x86
		{06E5FC11-6938-4226-9567-ACD5B75619EE}.Debug|Mixed Platforms.Build.0 = Debug|x86
		{06E5FC11-6938-4226-9567-ACD5B75619EE}.Debug|x86.ActiveCfg = Debug|x86
		{06E5FC11-6938-4226-9567-ACD5B75619EE}.Debug|x86.Build.0 = Debug|x86
		{06E5FC11-6938-4226-9567-ACD5B75619EE}.Release|Any CPU.ActiveCfg = Release|Any CPU
		{06E5FC11-6938-4226-9567-ACD5B75619EE}.Release|Any CPU.Build.0 = Release|Any CPU
		{06E5FC11-6938-4226-9567-ACD5B75619EE}.Release|Mixed Platforms.ActiveCfg = Release|x86
		{06E5FC11-6938-4226-9567-ACD5B75619EE}.Release|Mixed Platforms.Build.0 = Release|x86
		{06E5FC11-6938-4226-9567-ACD5B75619EE}.Release|x86.ActiveCfg = Release|x86
		{06E5FC11-6938-4226-9567-ACD5B75619EE}.Release|x86.Build.0 = Release|x86
		{88EEC43D-7F8E-46DA-8734-94664C03E246}.client_debug|Any CPU.ActiveCfg = client_debug|Any CPU
		{88EEC43D-7F8E-46DA-8734-94664C03E246}.client_debug|Any CPU.Build.0 = client_debug|Any CPU
		{88EEC43D-7F8E-46DA-8734-94664C03E246}.client_debug|Mixed Platforms.ActiveCfg = client_debug|x86
		{88EEC43D-7F8E-46DA-8734-94664C03E246}.client_debug|Mixed Platforms.Build.0 = client_debug|x86
		{88EEC43D-7F8E-46DA-8734-94664C03E246}.client_debug|x86.ActiveCfg = client_debug|x86
		{88EEC43D-7F8E-46DA-8734-94664C03E246}.client_debug|x86.Build.0 = client_debug|x86
		{88EEC43D-7F8E-46DA-8734-94664C03E246}.Debug|Any CPU.ActiveCfg = Debug|Any CPU
		{88EEC43D-7F8E-46DA-8734-94664C03E246}.Debug|Any CPU.Build.0 = Debug|Any CPU
		{88EEC43D-7F8E-46DA-8734-94664C03E246}.Debug|Mixed Platforms.ActiveCfg = Debug|x86
		{88EEC43D-7F8E-46DA-8734-94664C03E246}.Debug|Mixed Platforms.Build.0 = Debug|x86
		{88EEC43D-7F8E-46DA-8734-94664C03E246}.Debug|x86.ActiveCfg = Debug|x86
		{88EEC43D-7F8E-46DA-8734-94664C03E246}.Debug|x86.Build.0 = Debug|x86
		{88EEC43D-7F8E-46DA-8734-94664C03E246}.Release|Any CPU.ActiveCfg = Release|Any CPU
		{88EEC43D-7F8E-46DA-8734-94664C03E246}.Release|Any CPU.Build.0 = Release|Any CPU
		{88EEC43D-7F8E-46DA-8734-94664C03E246}.Release|Mixed Platforms.ActiveCfg = Release|x86
		{88EEC43D-7F8E-46DA-8734-94664C03E246}.Release|Mixed Platforms.Build.0 = Release|x86
		{88EEC43D-7F8E-46DA-8734-94664C03E246}.Release|x86.ActiveCfg = Release|x86
		{88EEC43D-7F8E-46DA-8734-94664C03E246}.Release|x86.Build.0 = Release|x86
		{E0C4293B-9D71-4415-8062-4C35ADD13640}.client_debug|Any CPU.ActiveCfg = client_debug|Any CPU
		{E0C4293B-9D71-4415-8062-4C35ADD13640}.client_debug|Any CPU.Build.0 = client_debug|Any CPU
		{E0C4293B-9D71-4415-8062-4C35ADD13640}.client_debug|Mixed Platforms.ActiveCfg = client_debug|x86
		{E0C4293B-9D71-4415-8062-4C35ADD13640}.client_debug|Mixed Platforms.Build.0 = client_debug|x86
		{E0C4293B-9D71-4415-8062-4C35ADD13640}.client_debug|x86.ActiveCfg = client_debug|x86
		{E0C4293B-9D71-4415-8062-4C35ADD13640}.client_debug|x86.Build.0 = client_debug|x86
		{E0C4293B-9D71-4415-8062-4C35ADD13640}.Debug|Any CPU.ActiveCfg = Debug|Any CPU
		{E0C4293B-9D71-4415-8062-4C35ADD13640}.Debug|Any CPU.Build.0 = Debug|Any CPU
		{E0C4293B-9D71-4415-8062-4C35ADD13640}.Debug|Mixed Platforms.ActiveCfg = Debug|x86
		{E0C4293B-9D71-4415-8062-4C35ADD13640}.Debug|Mixed Platforms.Build.0 = Debug|x86
		{E0C4293B-9D71-4415-8062-4C35ADD13640}.Debug|x86.ActiveCfg = Debug|x86
		{E0C4293B-9D71-4415-8062-4C35ADD13640}.Debug|x86.Build.0 = Debug|x86
		{E0C4293B-9D71-4415-8062-4C35ADD13640}.Release|Any CPU.ActiveCfg = Release|Any CPU
		{E0C4293B-9D71-4415-8062-4C35ADD13640}.Release|Any CPU.Build.0 = Release|Any CPU
		{E0C4293B-9D71-4415-8062-4C35ADD13640}.Release|Mixed Platforms.ActiveCfg = Release|x86
		{E0C4293B-9D71-4415-8062-4C35ADD13640}.Release|Mixed Platforms.Build.0 = Release|x86
		{E0C4293B-9D71-4415-8062-4C35ADD13640}.Release|x86.ActiveCfg = Release|x86
		{E0C4293B-9D71-4415-8062-4C35ADD13640}.Release|x86.Build.0 = Release|x86
		{B9F150D5-EF9F-412E-B7D0-4A23373907D2}.client_debug|Any CPU.ActiveCfg = client_debug|Any CPU
		{B9F150D5-EF9F-412E-B7D0-4A23373907D2}.client_debug|Any CPU.Build.0 = client_debug|Any CPU
		{B9F150D5-EF9F-412E-B7D0-4A23373907D2}.client_debug|Mixed Platforms.ActiveCfg = client_debug|x86
		{B9F150D5-EF9F-412E-B7D0-4A23373907D2}.client_debug|Mixed Platforms.Build.0 = client_debug|x86
		{B9F150D5-EF9F-412E-B7D0-4A23373907D2}.client_debug|x86.ActiveCfg = client_debug|x86
		{B9F150D5-EF9F-412E-B7D0-4A23373907D2}.client_debug|x86.Build.0 = client_debug|x86
		{B9F150D5-EF9F-412E-B7D0-4A23373907D2}.Debug|Any CPU.ActiveCfg = Debug|Any CPU
		{B9F150D5-EF9F-412E-B7D0-4A23373907D2}.Debug|Any CPU.Build.0 = Debug|Any CPU
		{B9F150D5-EF9F-412E-B7D0-4A23373907D2}.Debug|Mixed Platforms.ActiveCfg = Debug|Any CPU
		{B9F150D5-EF9F-412E-B7D0-4A23373907D2}.Debug|Mixed Platforms.Build.0 = Debug|Any CPU
		{B9F150D5-EF9F-412E-B7D0-4A23373907D2}.Debug|x86.ActiveCfg = Debug|x86
		{B9F150D5-EF9F-412E-B7D0-4A23373907D2}.Debug|x86.Build.0 = Debug|x86
		{B9F150D5-EF9F-412E-B7D0-4A23373907D2}.Release|Any CPU.ActiveCfg = Release|Any CPU
		{B9F150D5-EF9F-412E-B7D0-4A23373907D2}.Release|Any CPU.Build.0 = Release|Any CPU
		{B9F150D5-EF9F-412E-B7D0-4A23373907D2}.Release|Mixed Platforms.ActiveCfg = Release|x86
		{B9F150D5-EF9F-412E-B7D0-4A23373907D2}.Release|Mixed Platforms.Build.0 = Release|x86
		{B9F150D5-EF9F-412E-B7D0-4A23373907D2}.Release|x86.ActiveCfg = Release|x86
		{B9F150D5-EF9F-412E-B7D0-4A23373907D2}.Release|x86.Build.0 = Release|x86
		{FBCBF2F7-38CE-42AC-84BA-8DEC2ED8FF24}.client_debug|Any CPU.ActiveCfg = client_debug|Any CPU
		{FBCBF2F7-38CE-42AC-84BA-8DEC2ED8FF24}.client_debug|Any CPU.Build.0 = client_debug|Any CPU
		{FBCBF2F7-38CE-42AC-84BA-8DEC2ED8FF24}.client_debug|Mixed Platforms.ActiveCfg = client_debug|x86
		{FBCBF2F7-38CE-42AC-84BA-8DEC2ED8FF24}.client_debug|Mixed Platforms.Build.0 = client_debug|x86
		{FBCBF2F7-38CE-42AC-84BA-8DEC2ED8FF24}.client_debug|x86.ActiveCfg = client_debug|x86
		{FBCBF2F7-38CE-42AC-84BA-8DEC2ED8FF24}.client_debug|x86.Build.0 = client_debug|x86
		{FBCBF2F7-38CE-42AC-84BA-8DEC2ED8FF24}.Debug|Any CPU.ActiveCfg = Debug|Any CPU
		{FBCBF2F7-38CE-42AC-84BA-8DEC2ED8FF24}.Debug|Any CPU.Build.0 = Debug|Any CPU
		{FBCBF2F7-38CE-42AC-84BA-8DEC2ED8FF24}.Debug|Mixed Platforms.ActiveCfg = Debug|Any CPU
		{FBCBF2F7-38CE-42AC-84BA-8DEC2ED8FF24}.Debug|Mixed Platforms.Build.0 = Debug|Any CPU
		{FBCBF2F7-38CE-42AC-84BA-8DEC2ED8FF24}.Debug|x86.ActiveCfg = Debug|x86
		{FBCBF2F7-38CE-42AC-84BA-8DEC2ED8FF24}.Debug|x86.Build.0 = Debug|x86
		{FBCBF2F7-38CE-42AC-84BA-8DEC2ED8FF24}.Release|Any CPU.ActiveCfg = Release|Any CPU
		{FBCBF2F7-38CE-42AC-84BA-8DEC2ED8FF24}.Release|Any CPU.Build.0 = Release|Any CPU
		{FBCBF2F7-38CE-42AC-84BA-8DEC2ED8FF24}.Release|Mixed Platforms.ActiveCfg = Release|x86
		{FBCBF2F7-38CE-42AC-84BA-8DEC2ED8FF24}.Release|Mixed Platforms.Build.0 = Release|x86
		{FBCBF2F7-38CE-42AC-84BA-8DEC2ED8FF24}.Release|x86.ActiveCfg = Release|x86
		{FBCBF2F7-38CE-42AC-84BA-8DEC2ED8FF24}.Release|x86.Build.0 = Release|x86
		{2FD9DBF1-B96B-41E8-A637-FC3FEBD707F3}.client_debug|Any CPU.ActiveCfg = client_debug|Any CPU
		{2FD9DBF1-B96B-41E8-A637-FC3FEBD707F3}.client_debug|Any CPU.Build.0 = client_debug|Any CPU
		{2FD9DBF1-B96B-41E8-A637-FC3FEBD707F3}.client_debug|Mixed Platforms.ActiveCfg = client_debug|x86
		{2FD9DBF1-B96B-41E8-A637-FC3FEBD707F3}.client_debug|Mixed Platforms.Build.0 = client_debug|x86
		{2FD9DBF1-B96B-41E8-A637-FC3FEBD707F3}.client_debug|x86.ActiveCfg = client_debug|x86
		{2FD9DBF1-B96B-41E8-A637-FC3FEBD707F3}.client_debug|x86.Build.0 = client_debug|x86
		{2FD9DBF1-B96B-41E8-A637-FC3FEBD707F3}.Debug|Any CPU.ActiveCfg = Debug|Any CPU
		{2FD9DBF1-B96B-41E8-A637-FC3FEBD707F3}.Debug|Any CPU.Build.0 = Debug|Any CPU
		{2FD9DBF1-B96B-41E8-A637-FC3FEBD707F3}.Debug|Mixed Platforms.ActiveCfg = Debug|Any CPU
		{2FD9DBF1-B96B-41E8-A637-FC3FEBD707F3}.Debug|Mixed Platforms.Build.0 = Debug|Any CPU
		{2FD9DBF1-B96B-41E8-A637-FC3FEBD707F3}.Debug|x86.ActiveCfg = Debug|x86
		{2FD9DBF1-B96B-41E8-A637-FC3FEBD707F3}.Debug|x86.Build.0 = Debug|x86
		{2FD9DBF1-B96B-41E8-A637-FC3FEBD707F3}.Release|Any CPU.ActiveCfg = Release|Any CPU
		{2FD9DBF1-B96B-41E8-A637-FC3FEBD707F3}.Release|Any CPU.Build.0 = Release|Any CPU
		{2FD9DBF1-B96B-41E8-A637-FC3FEBD707F3}.Release|Mixed Platforms.ActiveCfg = Release|x86
		{2FD9DBF1-B96B-41E8-A637-FC3FEBD707F3}.Release|Mixed Platforms.Build.0 = Release|x86
		{2FD9DBF1-B96B-41E8-A637-FC3FEBD707F3}.Release|x86.ActiveCfg = Release|x86
		{2FD9DBF1-B96B-41E8-A637-FC3FEBD707F3}.Release|x86.Build.0 = Release|x86
		{DCFCC632-2849-421F-BF34-054B8DF0F6E9}.client_debug|Any CPU.ActiveCfg = client_debug|Any CPU
		{DCFCC632-2849-421F-BF34-054B8DF0F6E9}.client_debug|Any CPU.Build.0 = client_debug|Any CPU
		{DCFCC632-2849-421F-BF34-054B8DF0F6E9}.client_debug|Mixed Platforms.ActiveCfg = client_debug|x86
		{DCFCC632-2849-421F-BF34-054B8DF0F6E9}.client_debug|Mixed Platforms.Build.0 = client_debug|x86
		{DCFCC632-2849-421F-BF34-054B8DF0F6E9}.client_debug|x86.ActiveCfg = client_debug|x86
		{DCFCC632-2849-421F-BF34-054B8DF0F6E9}.client_debug|x86.Build.0 = client_debug|x86
		{DCFCC632-2849-421F-BF34-054B8DF0F6E9}.Debug|Any CPU.ActiveCfg = Debug|Any CPU
		{DCFCC632-2849-421F-BF34-054B8DF0F6E9}.Debug|Any CPU.Build.0 = Debug|Any CPU
		{DCFCC632-2849-421F-BF34-054B8DF0F6E9}.Debug|Mixed Platforms.ActiveCfg = Debug|Any CPU
		{DCFCC632-2849-421F-BF34-054B8DF0F6E9}.Debug|Mixed Platforms.Build.0 = Debug|Any CPU
		{DCFCC632-2849-421F-BF34-054B8DF0F6E9}.Debug|x86.ActiveCfg = Debug|x86
		{DCFCC632-2849-421F-BF34-054B8DF0F6E9}.Debug|x86.Build.0 = Debug|x86
		{DCFCC632-2849-421F-BF34-054B8DF0F6E9}.Release|Any CPU.ActiveCfg = Release|Any CPU
		{DCFCC632-2849-421F-BF34-054B8DF0F6E9}.Release|Any CPU.Build.0 = Release|Any CPU
		{DCFCC632-2849-421F-BF34-054B8DF0F6E9}.Release|Mixed Platforms.ActiveCfg = Release|x86
		{DCFCC632-2849-421F-BF34-054B8DF0F6E9}.Release|Mixed Platforms.Build.0 = Release|x86
		{DCFCC632-2849-421F-BF34-054B8DF0F6E9}.Release|x86.ActiveCfg = Release|x86
		{DCFCC632-2849-421F-BF34-054B8DF0F6E9}.Release|x86.Build.0 = Release|x86
		{769DFF6C-B952-40C4-B087-5C004E06D89C}.client_debug|Any CPU.ActiveCfg = client_debug|Any CPU
		{769DFF6C-B952-40C4-B087-5C004E06D89C}.client_debug|Any CPU.Build.0 = client_debug|Any CPU
		{769DFF6C-B952-40C4-B087-5C004E06D89C}.client_debug|Mixed Platforms.ActiveCfg = client_debug|x86
		{769DFF6C-B952-40C4-B087-5C004E06D89C}.client_debug|Mixed Platforms.Build.0 = client_debug|x86
		{769DFF6C-B952-40C4-B087-5C004E06D89C}.client_debug|x86.ActiveCfg = client_debug|x86
		{769DFF6C-B952-40C4-B087-5C004E06D89C}.client_debug|x86.Build.0 = client_debug|x86
		{769DFF6C-B952-40C4-B087-5C004E06D89C}.Debug|Any CPU.ActiveCfg = Debug|Any CPU
		{769DFF6C-B952-40C4-B087-5C004E06D89C}.Debug|Any CPU.Build.0 = Debug|Any CPU
		{769DFF6C-B952-40C4-B087-5C004E06D89C}.Debug|Mixed Platforms.ActiveCfg = Debug|Any CPU
		{769DFF6C-B952-40C4-B087-5C004E06D89C}.Debug|Mixed Platforms.Build.0 = Debug|Any CPU
		{769DFF6C-B952-40C4-B087-5C004E06D89C}.Debug|x86.ActiveCfg = Debug|x86
		{769DFF6C-B952-40C4-B087-5C004E06D89C}.Debug|x86.Build.0 = Debug|x86
		{769DFF6C-B952-40C4-B087-5C004E06D89C}.Release|Any CPU.ActiveCfg = Release|Any CPU
		{769DFF6C-B952-40C4-B087-5C004E06D89C}.Release|Any CPU.Build.0 = Release|Any CPU
		{769DFF6C-B952-40C4-B087-5C004E06D89C}.Release|Mixed Platforms.ActiveCfg = Release|x86
		{769DFF6C-B952-40C4-B087-5C004E06D89C}.Release|Mixed Platforms.Build.0 = Release|x86
		{769DFF6C-B952-40C4-B087-5C004E06D89C}.Release|x86.ActiveCfg = Release|x86
		{769DFF6C-B952-40C4-B087-5C004E06D89C}.Release|x86.Build.0 = Release|x86
		{2C7EDADC-5D8F-4424-A71F-2B8C3DC53DFF}.client_debug|Any CPU.ActiveCfg = client_debug|Any CPU
		{2C7EDADC-5D8F-4424-A71F-2B8C3DC53DFF}.client_debug|Any CPU.Build.0 = client_debug|Any CPU
		{2C7EDADC-5D8F-4424-A71F-2B8C3DC53DFF}.client_debug|Mixed Platforms.ActiveCfg = client_debug|x86
		{2C7EDADC-5D8F-4424-A71F-2B8C3DC53DFF}.client_debug|Mixed Platforms.Build.0 = client_debug|x86
		{2C7EDADC-5D8F-4424-A71F-2B8C3DC53DFF}.client_debug|x86.ActiveCfg = client_debug|x86
		{2C7EDADC-5D8F-4424-A71F-2B8C3DC53DFF}.client_debug|x86.Build.0 = client_debug|x86
		{2C7EDADC-5D8F-4424-A71F-2B8C3DC53DFF}.Debug|Any CPU.ActiveCfg = Debug|Any CPU
		{2C7EDADC-5D8F-4424-A71F-2B8C3DC53DFF}.Debug|Any CPU.Build.0 = Debug|Any CPU
		{2C7EDADC-5D8F-4424-A71F-2B8C3DC53DFF}.Debug|Mixed Platforms.ActiveCfg = Debug|Any CPU
		{2C7EDADC-5D8F-4424-A71F-2B8C3DC53DFF}.Debug|Mixed Platforms.Build.0 = Debug|Any CPU
		{2C7EDADC-5D8F-4424-A71F-2B8C3DC53DFF}.Debug|x86.ActiveCfg = Debug|x86
		{2C7EDADC-5D8F-4424-A71F-2B8C3DC53DFF}.Debug|x86.Build.0 = Debug|x86
		{2C7EDADC-5D8F-4424-A71F-2B8C3DC53DFF}.Release|Any CPU.ActiveCfg = Release|Any CPU
		{2C7EDADC-5D8F-4424-A71F-2B8C3DC53DFF}.Release|Any CPU.Build.0 = Release|Any CPU
		{2C7EDADC-5D8F-4424-A71F-2B8C3DC53DFF}.Release|Mixed Platforms.ActiveCfg = Release|x86
		{2C7EDADC-5D8F-4424-A71F-2B8C3DC53DFF}.Release|Mixed Platforms.Build.0 = Release|x86
		{2C7EDADC-5D8F-4424-A71F-2B8C3DC53DFF}.Release|x86.ActiveCfg = Release|x86
		{2C7EDADC-5D8F-4424-A71F-2B8C3DC53DFF}.Release|x86.Build.0 = Release|x86
		{3AE5D539-1251-4458-9B54-B201AAC29570}.client_debug|Any CPU.ActiveCfg = client_debug|Any CPU
		{3AE5D539-1251-4458-9B54-B201AAC29570}.client_debug|Any CPU.Build.0 = client_debug|Any CPU
		{3AE5D539-1251-4458-9B54-B201AAC29570}.client_debug|Mixed Platforms.ActiveCfg = client_debug|x86
		{3AE5D539-1251-4458-9B54-B201AAC29570}.client_debug|Mixed Platforms.Build.0 = client_debug|x86
		{3AE5D539-1251-4458-9B54-B201AAC29570}.client_debug|x86.ActiveCfg = client_debug|x86
		{3AE5D539-1251-4458-9B54-B201AAC29570}.client_debug|x86.Build.0 = client_debug|x86
		{3AE5D539-1251-4458-9B54-B201AAC29570}.Debug|Any CPU.ActiveCfg = Debug|Any CPU
		{3AE5D539-1251-4458-9B54-B201AAC29570}.Debug|Any CPU.Build.0 = Debug|Any CPU
		{3AE5D539-1251-4458-9B54-B201AAC29570}.Debug|Mixed Platforms.ActiveCfg = Debug|x86
		{3AE5D539-1251-4458-9B54-B201AAC29570}.Debug|Mixed Platforms.Build.0 = Debug|x86
		{3AE5D539-1251-4458-9B54-B201AAC29570}.Debug|x86.ActiveCfg = Debug|x86
		{3AE5D539-1251-4458-9B54-B201AAC29570}.Debug|x86.Build.0 = Debug|x86
		{3AE5D539-1251-4458-9B54-B201AAC29570}.Release|Any CPU.ActiveCfg = Release|Any CPU
		{3AE5D539-1251-4458-9B54-B201AAC29570}.Release|Any CPU.Build.0 = Release|Any CPU
		{3AE5D539-1251-4458-9B54-B201AAC29570}.Release|Mixed Platforms.ActiveCfg = Release|x86
		{3AE5D539-1251-4458-9B54-B201AAC29570}.Release|Mixed Platforms.Build.0 = Release|x86
		{3AE5D539-1251-4458-9B54-B201AAC29570}.Release|x86.ActiveCfg = Release|x86
		{3AE5D539-1251-4458-9B54-B201AAC29570}.Release|x86.Build.0 = Release|x86
		{CC79D08E-C472-4B56-935D-50C4B664B771}.client_debug|Any CPU.ActiveCfg = Debug|Any CPU
		{CC79D08E-C472-4B56-935D-50C4B664B771}.client_debug|Any CPU.Build.0 = Debug|Any CPU
		{CC79D08E-C472-4B56-935D-50C4B664B771}.client_debug|Mixed Platforms.ActiveCfg = Debug|Any CPU
		{CC79D08E-C472-4B56-935D-50C4B664B771}.client_debug|Mixed Platforms.Build.0 = Debug|Any CPU
		{CC79D08E-C472-4B56-935D-50C4B664B771}.client_debug|x86.ActiveCfg = Debug|Any CPU
		{CC79D08E-C472-4B56-935D-50C4B664B771}.Debug|Any CPU.ActiveCfg = Debug|Any CPU
		{CC79D08E-C472-4B56-935D-50C4B664B771}.Debug|Any CPU.Build.0 = Debug|Any CPU
		{CC79D08E-C472-4B56-935D-50C4B664B771}.Debug|Mixed Platforms.ActiveCfg = Debug|Any CPU
		{CC79D08E-C472-4B56-935D-50C4B664B771}.Debug|Mixed Platforms.Build.0 = Debug|Any CPU
		{CC79D08E-C472-4B56-935D-50C4B664B771}.Debug|x86.ActiveCfg = Debug|Any CPU
		{CC79D08E-C472-4B56-935D-50C4B664B771}.Release|Any CPU.ActiveCfg = Debug|Any CPU
		{CC79D08E-C472-4B56-935D-50C4B664B771}.Release|Any CPU.Build.0 = Debug|Any CPU
		{CC79D08E-C472-4B56-935D-50C4B664B771}.Release|Mixed Platforms.ActiveCfg = Debug|Any CPU
		{CC79D08E-C472-4B56-935D-50C4B664B771}.Release|Mixed Platforms.Build.0 = Debug|Any CPU
		{CC79D08E-C472-4B56-935D-50C4B664B771}.Release|x86.ActiveCfg = Debug|Any CPU
		{2732CE77-812B-4BA3-82C3-7684019E8C58}.client_debug|Any CPU.ActiveCfg = Release|x86
		{2732CE77-812B-4BA3-82C3-7684019E8C58}.client_debug|Mixed Platforms.ActiveCfg = client_debug|x86
		{2732CE77-812B-4BA3-82C3-7684019E8C58}.client_debug|Mixed Platforms.Build.0 = client_debug|x86
		{2732CE77-812B-4BA3-82C3-7684019E8C58}.client_debug|x86.ActiveCfg = Release|x86
		{2732CE77-812B-4BA3-82C3-7684019E8C58}.client_debug|x86.Build.0 = Release|x86
		{2732CE77-812B-4BA3-82C3-7684019E8C58}.Debug|Any CPU.ActiveCfg = Debug|x86
		{2732CE77-812B-4BA3-82C3-7684019E8C58}.Debug|Mixed Platforms.ActiveCfg = Debug|x86
		{2732CE77-812B-4BA3-82C3-7684019E8C58}.Debug|Mixed Platforms.Build.0 = Debug|x86
		{2732CE77-812B-4BA3-82C3-7684019E8C58}.Debug|x86.ActiveCfg = Debug|x86
		{2732CE77-812B-4BA3-82C3-7684019E8C58}.Debug|x86.Build.0 = Debug|x86
		{2732CE77-812B-4BA3-82C3-7684019E8C58}.Release|Any CPU.ActiveCfg = Release|x86
		{2732CE77-812B-4BA3-82C3-7684019E8C58}.Release|Mixed Platforms.ActiveCfg = Release|x86
		{2732CE77-812B-4BA3-82C3-7684019E8C58}.Release|Mixed Platforms.Build.0 = Release|x86
		{2732CE77-812B-4BA3-82C3-7684019E8C58}.Release|x86.ActiveCfg = Release|x86
		{2732CE77-812B-4BA3-82C3-7684019E8C58}.Release|x86.Build.0 = Release|x86
		{ABAA332D-F12A-42F5-B889-11995EC79F67}.client_debug|Any CPU.ActiveCfg = Release|Any CPU
		{ABAA332D-F12A-42F5-B889-11995EC79F67}.client_debug|Any CPU.Build.0 = Release|Any CPU
		{ABAA332D-F12A-42F5-B889-11995EC79F67}.client_debug|Mixed Platforms.ActiveCfg = client_debug|x86
		{ABAA332D-F12A-42F5-B889-11995EC79F67}.client_debug|Mixed Platforms.Build.0 = client_debug|x86
		{ABAA332D-F12A-42F5-B889-11995EC79F67}.client_debug|x86.ActiveCfg = Release|Any CPU
		{ABAA332D-F12A-42F5-B889-11995EC79F67}.Debug|Any CPU.ActiveCfg = Debug|Any CPU
		{ABAA332D-F12A-42F5-B889-11995EC79F67}.Debug|Any CPU.Build.0 = Debug|Any CPU
		{ABAA332D-F12A-42F5-B889-11995EC79F67}.Debug|Mixed Platforms.ActiveCfg = Debug|x86
		{ABAA332D-F12A-42F5-B889-11995EC79F67}.Debug|Mixed Platforms.Build.0 = Debug|x86
		{ABAA332D-F12A-42F5-B889-11995EC79F67}.Debug|x86.ActiveCfg = Debug|Any CPU
		{ABAA332D-F12A-42F5-B889-11995EC79F67}.Release|Any CPU.ActiveCfg = Release|Any CPU
		{ABAA332D-F12A-42F5-B889-11995EC79F67}.Release|Any CPU.Build.0 = Release|Any CPU
		{ABAA332D-F12A-42F5-B889-11995EC79F67}.Release|Mixed Platforms.ActiveCfg = Release|x86
		{ABAA332D-F12A-42F5-B889-11995EC79F67}.Release|Mixed Platforms.Build.0 = Release|x86
		{ABAA332D-F12A-42F5-B889-11995EC79F67}.Release|x86.ActiveCfg = Release|Any CPU
		{3C1D38B8-C82C-4F68-8693-F58469EC4F04}.client_debug|Any CPU.ActiveCfg = client_debug|x86
		{3C1D38B8-C82C-4F68-8693-F58469EC4F04}.client_debug|Mixed Platforms.ActiveCfg = client_debug|x86
		{3C1D38B8-C82C-4F68-8693-F58469EC4F04}.client_debug|Mixed Platforms.Build.0 = client_debug|x86
		{3C1D38B8-C82C-4F68-8693-F58469EC4F04}.client_debug|x86.ActiveCfg = client_debug|x86
		{3C1D38B8-C82C-4F68-8693-F58469EC4F04}.client_debug|x86.Build.0 = client_debug|x86
		{3C1D38B8-C82C-4F68-8693-F58469EC4F04}.Debug|Any CPU.ActiveCfg = Debug|x86
		{3C1D38B8-C82C-4F68-8693-F58469EC4F04}.Debug|Mixed Platforms.ActiveCfg = Debug|x86
		{3C1D38B8-C82C-4F68-8693-F58469EC4F04}.Debug|Mixed Platforms.Build.0 = Debug|x86
		{3C1D38B8-C82C-4F68-8693-F58469EC4F04}.Debug|x86.ActiveCfg = Debug|x86
		{3C1D38B8-C82C-4F68-8693-F58469EC4F04}.Debug|x86.Build.0 = Debug|x86
		{3C1D38B8-C82C-4F68-8693-F58469EC4F04}.Release|Any CPU.ActiveCfg = Release|x86
		{3C1D38B8-C82C-4F68-8693-F58469EC4F04}.Release|Mixed Platforms.ActiveCfg = Release|x86
		{3C1D38B8-C82C-4F68-8693-F58469EC4F04}.Release|Mixed Platforms.Build.0 = Release|x86
		{3C1D38B8-C82C-4F68-8693-F58469EC4F04}.Release|x86.ActiveCfg = Release|x86
		{3C1D38B8-C82C-4F68-8693-F58469EC4F04}.Release|x86.Build.0 = Release|x86
		{DB81988F-E0F2-45A0-A1FD-8C37F3D35244}.client_debug|Any CPU.ActiveCfg = Release|Any CPU
		{DB81988F-E0F2-45A0-A1FD-8C37F3D35244}.client_debug|Any CPU.Build.0 = Release|Any CPU
		{DB81988F-E0F2-45A0-A1FD-8C37F3D35244}.client_debug|Mixed Platforms.ActiveCfg = Release|Any CPU
		{DB81988F-E0F2-45A0-A1FD-8C37F3D35244}.client_debug|Mixed Platforms.Build.0 = Release|Any CPU
		{DB81988F-E0F2-45A0-A1FD-8C37F3D35244}.client_debug|x86.ActiveCfg = Release|Any CPU
		{DB81988F-E0F2-45A0-A1FD-8C37F3D35244}.Debug|Any CPU.ActiveCfg = Debug|Any CPU
		{DB81988F-E0F2-45A0-A1FD-8C37F3D35244}.Debug|Any CPU.Build.0 = Debug|Any CPU
		{DB81988F-E0F2-45A0-A1FD-8C37F3D35244}.Debug|Mixed Platforms.ActiveCfg = Debug|x86
		{DB81988F-E0F2-45A0-A1FD-8C37F3D35244}.Debug|Mixed Platforms.Build.0 = Debug|x86
		{DB81988F-E0F2-45A0-A1FD-8C37F3D35244}.Debug|x86.ActiveCfg = Debug|Any CPU
		{DB81988F-E0F2-45A0-A1FD-8C37F3D35244}.Release|Any CPU.ActiveCfg = Release|Any CPU
		{DB81988F-E0F2-45A0-A1FD-8C37F3D35244}.Release|Any CPU.Build.0 = Release|Any CPU
		{DB81988F-E0F2-45A0-A1FD-8C37F3D35244}.Release|Mixed Platforms.ActiveCfg = Release|x86
		{DB81988F-E0F2-45A0-A1FD-8C37F3D35244}.Release|Mixed Platforms.Build.0 = Release|x86
		{DB81988F-E0F2-45A0-A1FD-8C37F3D35244}.Release|x86.ActiveCfg = Release|Any CPU
		{488DD8F7-9D3C-4F53-BD1F-84A095D9BC10}.client_debug|Any CPU.ActiveCfg = Release|Any CPU
		{488DD8F7-9D3C-4F53-BD1F-84A095D9BC10}.client_debug|Any CPU.Build.0 = Release|Any CPU
		{488DD8F7-9D3C-4F53-BD1F-84A095D9BC10}.client_debug|Mixed Platforms.ActiveCfg = Release|Any CPU
		{488DD8F7-9D3C-4F53-BD1F-84A095D9BC10}.client_debug|Mixed Platforms.Build.0 = Release|Any CPU
		{488DD8F7-9D3C-4F53-BD1F-84A095D9BC10}.client_debug|x86.ActiveCfg = Release|Any CPU
		{488DD8F7-9D3C-4F53-BD1F-84A095D9BC10}.Debug|Any CPU.ActiveCfg = Debug|Any CPU
		{488DD8F7-9D3C-4F53-BD1F-84A095D9BC10}.Debug|Any CPU.Build.0 = Debug|Any CPU
		{488DD8F7-9D3C-4F53-BD1F-84A095D9BC10}.Debug|Mixed Platforms.ActiveCfg = Debug|x86
		{488DD8F7-9D3C-4F53-BD1F-84A095D9BC10}.Debug|Mixed Platforms.Build.0 = Debug|x86
		{488DD8F7-9D3C-4F53-BD1F-84A095D9BC10}.Debug|x86.ActiveCfg = Debug|Any CPU
		{488DD8F7-9D3C-4F53-BD1F-84A095D9BC10}.Release|Any CPU.ActiveCfg = Release|Any CPU
		{488DD8F7-9D3C-4F53-BD1F-84A095D9BC10}.Release|Any CPU.Build.0 = Release|Any CPU
		{488DD8F7-9D3C-4F53-BD1F-84A095D9BC10}.Release|Mixed Platforms.ActiveCfg = Release|x86
		{488DD8F7-9D3C-4F53-BD1F-84A095D9BC10}.Release|Mixed Platforms.Build.0 = Release|x86
		{488DD8F7-9D3C-4F53-BD1F-84A095D9BC10}.Release|x86.ActiveCfg = Release|Any CPU
		{32C07B1C-0A43-4AC9-BB5D-06F20042D5EE}.client_debug|Any CPU.ActiveCfg = client_debug|Any CPU
		{32C07B1C-0A43-4AC9-BB5D-06F20042D5EE}.client_debug|Any CPU.Build.0 = client_debug|Any CPU
		{32C07B1C-0A43-4AC9-BB5D-06F20042D5EE}.client_debug|Mixed Platforms.ActiveCfg = client_debug|x86
		{32C07B1C-0A43-4AC9-BB5D-06F20042D5EE}.client_debug|Mixed Platforms.Build.0 = client_debug|x86
		{32C07B1C-0A43-4AC9-BB5D-06F20042D5EE}.client_debug|x86.ActiveCfg = client_debug|x86
		{32C07B1C-0A43-4AC9-BB5D-06F20042D5EE}.client_debug|x86.Build.0 = client_debug|x86
		{32C07B1C-0A43-4AC9-BB5D-06F20042D5EE}.Debug|Any CPU.ActiveCfg = Debug|Any CPU
		{32C07B1C-0A43-4AC9-BB5D-06F20042D5EE}.Debug|Any CPU.Build.0 = Debug|Any CPU
		{32C07B1C-0A43-4AC9-BB5D-06F20042D5EE}.Debug|Mixed Platforms.ActiveCfg = Debug|x86
		{32C07B1C-0A43-4AC9-BB5D-06F20042D5EE}.Debug|Mixed Platforms.Build.0 = Debug|x86
		{32C07B1C-0A43-4AC9-BB5D-06F20042D5EE}.Debug|x86.ActiveCfg = Debug|x86
		{32C07B1C-0A43-4AC9-BB5D-06F20042D5EE}.Debug|x86.Build.0 = Debug|x86
		{32C07B1C-0A43-4AC9-BB5D-06F20042D5EE}.Release|Any CPU.ActiveCfg = Release|Any CPU
		{32C07B1C-0A43-4AC9-BB5D-06F20042D5EE}.Release|Any CPU.Build.0 = Release|Any CPU
		{32C07B1C-0A43-4AC9-BB5D-06F20042D5EE}.Release|Mixed Platforms.ActiveCfg = Release|x86
		{32C07B1C-0A43-4AC9-BB5D-06F20042D5EE}.Release|Mixed Platforms.Build.0 = Release|x86
		{32C07B1C-0A43-4AC9-BB5D-06F20042D5EE}.Release|x86.ActiveCfg = Release|x86
		{32C07B1C-0A43-4AC9-BB5D-06F20042D5EE}.Release|x86.Build.0 = Release|x86
		{B0DEFC8A-B85B-4D7E-AAED-985FEF7733A3}.client_debug|Any CPU.ActiveCfg = Release|Any CPU
		{B0DEFC8A-B85B-4D7E-AAED-985FEF7733A3}.client_debug|Any CPU.Build.0 = Release|Any CPU
		{B0DEFC8A-B85B-4D7E-AAED-985FEF7733A3}.client_debug|Mixed Platforms.ActiveCfg = Release|Any CPU
		{B0DEFC8A-B85B-4D7E-AAED-985FEF7733A3}.client_debug|Mixed Platforms.Build.0 = Release|Any CPU
		{B0DEFC8A-B85B-4D7E-AAED-985FEF7733A3}.client_debug|x86.ActiveCfg = Release|Any CPU
		{B0DEFC8A-B85B-4D7E-AAED-985FEF7733A3}.Debug|Any CPU.ActiveCfg = Debug|Any CPU
		{B0DEFC8A-B85B-4D7E-AAED-985FEF7733A3}.Debug|Any CPU.Build.0 = Debug|Any CPU
		{B0DEFC8A-B85B-4D7E-AAED-985FEF7733A3}.Debug|Mixed Platforms.ActiveCfg = Debug|Any CPU
		{B0DEFC8A-B85B-4D7E-AAED-985FEF7733A3}.Debug|Mixed Platforms.Build.0 = Debug|Any CPU
		{B0DEFC8A-B85B-4D7E-AAED-985FEF7733A3}.Debug|x86.ActiveCfg = Debug|Any CPU
		{B0DEFC8A-B85B-4D7E-AAED-985FEF7733A3}.Release|Any CPU.ActiveCfg = Release|Any CPU
		{B0DEFC8A-B85B-4D7E-AAED-985FEF7733A3}.Release|Any CPU.Build.0 = Release|Any CPU
		{B0DEFC8A-B85B-4D7E-AAED-985FEF7733A3}.Release|Mixed Platforms.ActiveCfg = Release|Any CPU
		{B0DEFC8A-B85B-4D7E-AAED-985FEF7733A3}.Release|Mixed Platforms.Build.0 = Release|Any CPU
		{B0DEFC8A-B85B-4D7E-AAED-985FEF7733A3}.Release|x86.ActiveCfg = Release|Any CPU
		{F362CA38-729B-42E7-A0DF-3A89F33EB29E}.client_debug|Any CPU.ActiveCfg = Release|Any CPU
		{F362CA38-729B-42E7-A0DF-3A89F33EB29E}.client_debug|Any CPU.Build.0 = Release|Any CPU
		{F362CA38-729B-42E7-A0DF-3A89F33EB29E}.client_debug|Mixed Platforms.ActiveCfg = Release|Any CPU
		{F362CA38-729B-42E7-A0DF-3A89F33EB29E}.client_debug|Mixed Platforms.Build.0 = Release|Any CPU
		{F362CA38-729B-42E7-A0DF-3A89F33EB29E}.client_debug|x86.ActiveCfg = Release|Any CPU
		{F362CA38-729B-42E7-A0DF-3A89F33EB29E}.Debug|Any CPU.ActiveCfg = Debug|Any CPU
		{F362CA38-729B-42E7-A0DF-3A89F33EB29E}.Debug|Any CPU.Build.0 = Debug|Any CPU
		{F362CA38-729B-42E7-A0DF-3A89F33EB29E}.Debug|Mixed Platforms.ActiveCfg = Debug|x86
		{F362CA38-729B-42E7-A0DF-3A89F33EB29E}.Debug|Mixed Platforms.Build.0 = Debug|x86
		{F362CA38-729B-42E7-A0DF-3A89F33EB29E}.Debug|x86.ActiveCfg = Debug|Any CPU
		{F362CA38-729B-42E7-A0DF-3A89F33EB29E}.Release|Any CPU.ActiveCfg = Release|Any CPU
		{F362CA38-729B-42E7-A0DF-3A89F33EB29E}.Release|Any CPU.Build.0 = Release|Any CPU
		{F362CA38-729B-42E7-A0DF-3A89F33EB29E}.Release|Mixed Platforms.ActiveCfg = Release|x86
		{F362CA38-729B-42E7-A0DF-3A89F33EB29E}.Release|Mixed Platforms.Build.0 = Release|x86
		{F362CA38-729B-42E7-A0DF-3A89F33EB29E}.Release|x86.ActiveCfg = Release|Any CPU
	EndGlobalSection
	GlobalSection(SolutionProperties) = preSolution
		HideSolutionNode = FALSE
	EndGlobalSection
	GlobalSection(NestedProjects) = preSolution
		{7FDE3650-94C6-44E2-A48D-758837C25718} = {A479913F-0D7A-4349-A5C5-AF26C918B3EE}
		{32C07B1C-0A43-4AC9-BB5D-06F20042D5EE} = {A479913F-0D7A-4349-A5C5-AF26C918B3EE}
		{DB81988F-E0F2-45A0-A1FD-8C37F3D35244} = {7FDE3650-94C6-44E2-A48D-758837C25718}
		{488DD8F7-9D3C-4F53-BD1F-84A095D9BC10} = {7FDE3650-94C6-44E2-A48D-758837C25718}
	EndGlobalSection
	GlobalSection(ExtensibilityGlobals) = postSolution
		EnterpriseLibraryConfigurationToolBinariesPath = packages\Unity.2.1.505.0\lib\NET35;packages\Unity.Interception.2.1.505.0\lib\NET35;packages\EnterpriseLibrary.Common.5.0.505.0\lib\NET35;packages\EnterpriseLibrary.Validation.5.0.505.0\lib\NET35;packages\EnterpriseLibrary.Logging.5.0.505.1\lib\NET35;packages\Unity.2.1.505.2\lib\NET35;packages\Unity.Interception.2.1.505.2\lib\NET35
	EndGlobalSection
EndGlobal
